
Microsoft Visual Studio Solution File, Format Version 12.00
# Visual Studio 2012
Project("{FAE04EC0-301F-11D3-BF4B-00C04F79EFBC}") = "MigrateRouting", "MigrateRouting\MigrateRouting.csproj", "{880A2F39-5B65-42BA-A65D-E4426C4CEB87}"
EndProject
Global
	GlobalSection(SolutionConfigurationPlatforms) = preSolution
		Debug|Any CPU = Debug|Any CPU
		dev|Any CPU = dev|Any CPU
		Kemsa|Any CPU = Kemsa|Any CPU
		Release|Any CPU = Release|Any CPU
	EndGlobalSection
	GlobalSection(ProjectConfigurationPlatforms) = postSolution
		{880A2F39-5B65-42BA-A65D-E4426C4CEB87}.Debug|Any CPU.ActiveCfg = Debug|Any CPU
		{880A2F39-5B65-42BA-A65D-E4426C4CEB87}.Debug|Any CPU.Build.0 = Debug|Any CPU
		{880A2F39-5B65-42BA-A65D-E4426C4CEB87}.dev|Any CPU.ActiveCfg = Debug|Any CPU
		{880A2F39-5B65-42BA-A65D-E4426C4CEB87}.dev|Any CPU.Build.0 = Debug|Any CPU
		{880A2F39-5B65-42BA-A65D-E4426C4CEB87}.Kemsa|Any CPU.ActiveCfg = Release|Any CPU
		{880A2F39-5B65-42BA-A65D-E4426C4CEB87}.Kemsa|Any CPU.Build.0 = Release|Any CPU
		{880A2F39-5B65-42BA-A65D-E4426C4CEB87}.Release|Any CPU.ActiveCfg = Release|Any CPU
		{880A2F39-5B65-42BA-A65D-E4426C4CEB87}.Release|Any CPU.Build.0 = Release|Any CPU
	EndGlobalSection
	GlobalSection(SolutionProperties) = preSolution
		HideSolutionNode = FALSE
	EndGlobalSection
EndGlobal
