
Microsoft Visual Studio Solution File, Format Version 12.00
# Visual Studio 2013
VisualStudioVersion = 12.0.30723.0
MinimumVisualStudioVersion = 10.0.40219.1
Project("{2150E333-8FDC-42A3-9474-1A3956D46DE8}") = "Domain", "Domain", "{BF77221F-092B-4A87-89BE-215CE0962F9F}"
EndProject
Project("{2150E333-8FDC-42A3-9474-1A3956D46DE8}") = "Data", "Data", "{FE106BD1-A972-440C-A264-8617DB818807}"
EndProject
Project("{2150E333-8FDC-42A3-9474-1A3956D46DE8}") = "HQ", "HQ", "{8292B68A-707A-41B7-9283-CC261AB1F5A4}"
EndProject
Project("{2150E333-8FDC-42A3-9474-1A3956D46DE8}") = "WSApi", "WSApi", "{10487F6D-B3F8-43FD-81B2-C4D5F5DC4E19}"
EndProject
Project("{2150E333-8FDC-42A3-9474-1A3956D46DE8}") = "_Test", "_Test", "{04AC5BAF-B6A6-417D-AEE5-3E4EBFA5D7F9}"
EndProject
Project("{2150E333-8FDC-42A3-9474-1A3956D46DE8}") = "PaymentGateway", "PaymentGateway", "{014BD65F-CAB6-4270-917D-7007A82DD306}"
EndProject
Project("{2150E333-8FDC-42A3-9474-1A3956D46DE8}") = "Mongo", "Mongo", "{BDC7080F-29F6-4623-AA83-7AFF46E89AE8}"
EndProject
Project("{2150E333-8FDC-42A3-9474-1A3956D46DE8}") = "CustomerSupport", "CustomerSupport", "{CAE48B90-FD6F-4333-BE8D-F71B8714F5DC}"
EndProject
Project("{2150E333-8FDC-42A3-9474-1A3956D46DE8}") = "WPF", "WPF", "{9C7FA93A-8C68-468B-9888-AB1F7ADBA4FB}"
EndProject
Project("{FAE04EC0-301F-11D3-BF4B-00C04F79EFBC}") = "Distributr.Core", "Distributor.Core\Distributr.Core.csproj", "{900F434E-7D81-422B-B567-1564C79CEAB3}"
EndProject
Project("{FAE04EC0-301F-11D3-BF4B-00C04F79EFBC}") = "Distributr.Core.Tests", "Distributor.Core.Tests\Distributr.Core.Tests.csproj", "{79177CFC-0183-4C6C-8BBC-85D599D02F57}"
EndProject
Project("{FAE04EC0-301F-11D3-BF4B-00C04F79EFBC}") = "Distributr.Core.Data", "Distributor.Core.Data\Distributr.Core.Data.csproj", "{B9EE272B-6D02-47A5-B6F6-D96CB102404E}"
EndProject
Project("{FAE04EC0-301F-11D3-BF4B-00C04F79EFBC}") = "Distributr.HQ.Lib", "Distributor.HQ.Lib\Distributr.HQ.Lib.csproj", "{D2999A44-EAC9-4F84-BB28-F268E254536D}"
EndProject
Project("{FAE04EC0-301F-11D3-BF4B-00C04F79EFBC}") = "Distributr.HQ.Web", "Distributor.HQ.Web\Distributr.HQ.Web.csproj", "{5E3F9446-B4DF-4D2E-B014-C79524C03F88}"
EndProject
Project("{FAE04EC0-301F-11D3-BF4B-00C04F79EFBC}") = "Distributr.WSAPI.Lib", "Distributr.WSAPI.Lib\Distributr.WSAPI.Lib.csproj", "{7271F6B1-35F0-4C0A-A4CB-3F10D426E37F}"
EndProject
Project("{FAE04EC0-301F-11D3-BF4B-00C04F79EFBC}") = "Distributr.DatabaseSetup", "Testing\Distributr.DatabaseSetup\Distributr.DatabaseSetup.csproj", "{BD174F35-5450-49AC-9E93-97DC957A1B63}"
EndProject
Project("{FAE04EC0-301F-11D3-BF4B-00C04F79EFBC}") = "RebuildDB", "RebuildDB\RebuildDB.csproj", "{32622929-C3AA-4459-9734-0E70E8E628F5}"
EndProject
Project("{FAE04EC0-301F-11D3-BF4B-00C04F79EFBC}") = "PaymentGateway.WSApi", "PGWSAPI\PaymentGateway.WSApi\PaymentGateway.WSApi.csproj", "{132F8997-3048-4C25-923E-2DA2E044C00B}"
EndProject
Project("{FAE04EC0-301F-11D3-BF4B-00C04F79EFBC}") = "PaymentGateway.WSApi.Lib", "PGWSAPI\PaymentGateway.WSApi.Lib\PaymentGateway.WSApi.Lib.csproj", "{93BFFFFD-89AB-49CC-9233-B313C0733D2A}"
EndProject
Project("{FAE04EC0-301F-11D3-BF4B-00C04F79EFBC}") = "PaymentGateway.WSApi.Lib.Data", "PGWSAPI\PaymentGateway.WSApi.Lib.Data\PaymentGateway.WSApi.Lib.Data.csproj", "{7B0AECCF-2068-4B8D-AAA0-6EA557967C2D}"
EndProject
Project("{FAE04EC0-301F-11D3-BF4B-00C04F79EFBC}") = "Distributr.BusSubscriber", "Distributr.BusSubscriber\Distributr.BusSubscriber.csproj", "{8F5643BA-D356-4D74-BA07-D4476AB12101}"
EndProject
Project("{FAE04EC0-301F-11D3-BF4B-00C04F79EFBC}") = "Distributr.MongoDB", "Distributr.MongoDB\Distributr.MongoDB.csproj", "{8267BAA6-73D1-4DBB-B70A-6C7BFFCD66AC}"
EndProject
Project("{FAE04EC0-301F-11D3-BF4B-00C04F79EFBC}") = "Distributr.CustomerSupport", "Distributr.CustomerSupport\Distributr.CustomerSupport.csproj", "{6B58CA8C-B396-4C8D-922E-D3E7A9FA296D}"
EndProject
Project("{FAE04EC0-301F-11D3-BF4B-00C04F79EFBC}") = "Distributr.WPF.Lib", "Distributr.WPF.Lib\Distributr.WPF.Lib.csproj", "{D3D60175-1436-487B-98F0-1671FB5C37DC}"
EndProject
Project("{FAE04EC0-301F-11D3-BF4B-00C04F79EFBC}") = "System.Windows.Data", "System.Windows.Data\System.Windows.Data.csproj", "{C6BECE74-FF43-40A8-B80A-F820E5AF7985}"
EndProject
Project("{FAE04EC0-301F-11D3-BF4B-00C04F79EFBC}") = "Distributr.WPF.Lib.Impl", "Distributr.WPF.Lib.Impl\Distributr.WPF.Lib.Impl.csproj", "{7FAFA880-4E65-4D41-9229-493372AF7188}"
EndProject
Project("{FAE04EC0-301F-11D3-BF4B-00C04F79EFBC}") = "Distributr.WPF.Lib.Data", "Distributr.WPF.Lib.Data\Distributr.WPF.Lib.Data.csproj", "{8707481D-6E93-4F11-B778-68B5F55CF541}"
EndProject
Project("{FAE04EC0-301F-11D3-BF4B-00C04F79EFBC}") = "Distributr.WPF.UI", "Distributr.WPF\Distributr.WPF.UI.csproj", "{B538FE07-98D3-487A-8596-D57BB69BB72D}"
	ProjectSection(ProjectDependencies) = postProject
		{5B973130-C655-462B-8B76-01AA03792645} = {5B973130-C655-462B-8B76-01AA03792645}
	EndProjectSection
EndProject
Project("{FAE04EC0-301F-11D3-BF4B-00C04F79EFBC}") = "Distributr.WSAPI.Server", "Distributr.WSAPI.Server\Distributr.WSAPI.Server.csproj", "{40FF958B-EE1D-42BA-8678-02B6BD61AE41}"
EndProject
Project("{2150E333-8FDC-42A3-9474-1A3956D46DE8}") = ".nuget", ".nuget", "{05025A66-7046-4E19-A397-D845CC286A34}"
	ProjectSection(SolutionItems) = preProject
		.nuget\NuGet.Config = .nuget\NuGet.Config
		.nuget\NuGet.exe = .nuget\NuGet.exe
		.nuget\NuGet.targets = .nuget\NuGet.targets
	EndProjectSection
EndProject
Project("{FAE04EC0-301F-11D3-BF4B-00C04F79EFBC}") = "Distributr.WebApi", "Distributr.WebApi\Distributr.WebApi.csproj", "{5B973130-C655-462B-8B76-01AA03792645}"
EndProject
Project("{FAE04EC0-301F-11D3-BF4B-00C04F79EFBC}") = "Distributr.WPF.Lib.Services", "Distributr.WPF.Lib.Services\Distributr.WPF.Lib.Services.csproj", "{C29F45A4-3A5B-41E4-9918-A0C1EBE926CC}"
EndProject
Project("{FAE04EC0-301F-11D3-BF4B-00C04F79EFBC}") = "Agrimanagr.HQ", "Agrimanagr.HQ\Agrimanagr.HQ.csproj", "{D6832D16-16B4-457B-824E-0E3B2910CD3F}"
EndProject
Project("{2150E333-8FDC-42A3-9474-1A3956D46DE8}") = "Setup", "Setup", "{58379CB4-EA9B-4632-AAEA-24B2C1397F5B}"
EndProject
Project("{2150E333-8FDC-42A3-9474-1A3956D46DE8}") = "Integration", "Integration", "{9728067B-B1D9-4CB9-8C86-AB88B30E210C}"
EndProject
Project("{FAE04EC0-301F-11D3-BF4B-00C04F79EFBC}") = "Agrimanagr.WPF.UI", "Agrimanagr.WPF.UI\Agrimanagr.WPF.UI.csproj", "{A9294876-9535-4BDF-9A34-71F68EA45508}"
EndProject
Project("{FAE04EC0-301F-11D3-BF4B-00C04F79EFBC}") = "Distrbutor.ReportsServerReports", "Distrbutor.ReportsServerReports\Distrbutor.ReportsServerReports.csproj", "{F3E2D2BD-B5FD-4F28-8850-6E835DF9FE5A}"
EndProject
Project("{FAE04EC0-301F-11D3-BF4B-00C04F79EFBC}") = "PaymentGateway.WebAPI", "PGWSAPI\PaymentGateway.WebAPI\PaymentGateway.WebAPI.csproj", "{9BDBD38D-37F0-4A5B-97DB-A0B13C616ECD}"
EndProject
Project("{FAE04EC0-301F-11D3-BF4B-00C04F79EFBC}") = "Distributr.WebApi.Common", "Distributr.WebApi.Common\Distributr.WebApi.Common.csproj", "{4179EC92-F163-4031-A8E5-DDFD8CDAC878}"
EndProject
Project("{FAE04EC0-301F-11D3-BF4B-00C04F79EFBC}") = "MongoEnvelopeMigrate", "MongoEnvelopeMigrate\MongoEnvelopeMigrate.csproj", "{61BECB17-F0AD-4A63-A85E-BB970136898C}"
EndProject
Project("{D954291E-2A0B-460D-934E-DC6B0785DB48}") = "Distributr.Core.Shared", "Distributr.Core.Shared\Distributr.Core.Shared.shproj", "{79CA1BE8-F046-4A25-BD76-61E90FAE5D39}"
EndProject
Project("{FAE04EC0-301F-11D3-BF4B-00C04F79EFBC}") = "DistributrAgrimanagrFeatures", "DistributrAgrimanagrFeatures\DistributrAgrimanagrFeatures.csproj", "{DC098509-A863-43FF-851E-0223359B0976}"
EndProject
Project("{2150E333-8FDC-42A3-9474-1A3956D46DE8}") = "Unit tests", "Unit tests", "{7335D163-482E-474E-B820-C1FDB7B8B57B}"
EndProject
Global
	GlobalSection(SharedMSBuildProjectFiles) = preSolution
		Distributr.Core.Shared\Distributr.Core.Shared.projitems*{79ca1be8-f046-4a25-bd76-61e90fae5d39}*SharedItemsImports = 13
		Distributr.Core.Shared\Distributr.Core.Shared.projitems*{900f434e-7d81-422b-b567-1564c79ceab3}*SharedItemsImports = 4
	EndGlobalSection
	GlobalSection(SolutionConfigurationPlatforms) = preSolution
		Debug|Any CPU = Debug|Any CPU
		Debug|Mixed Platforms = Debug|Mixed Platforms
		Debug|x86 = Debug|x86
		dev|Any CPU = dev|Any CPU
		dev|Mixed Platforms = dev|Mixed Platforms
		dev|x86 = dev|x86
		Kemsa|Any CPU = Kemsa|Any CPU
		Kemsa|Mixed Platforms = Kemsa|Mixed Platforms
		Kemsa|x86 = Kemsa|x86
		Release|Any CPU = Release|Any CPU
		Release|Mixed Platforms = Release|Mixed Platforms
		Release|x86 = Release|x86
	EndGlobalSection
	GlobalSection(ProjectConfigurationPlatforms) = postSolution
		{900F434E-7D81-422B-B567-1564C79CEAB3}.Debug|Any CPU.ActiveCfg = Debug|Any CPU
		{900F434E-7D81-422B-B567-1564C79CEAB3}.Debug|Any CPU.Build.0 = Debug|Any CPU
		{900F434E-7D81-422B-B567-1564C79CEAB3}.Debug|Mixed Platforms.ActiveCfg = Debug|Any CPU
		{900F434E-7D81-422B-B567-1564C79CEAB3}.Debug|Mixed Platforms.Build.0 = Debug|Any CPU
		{900F434E-7D81-422B-B567-1564C79CEAB3}.Debug|x86.ActiveCfg = Debug|Any CPU
		{900F434E-7D81-422B-B567-1564C79CEAB3}.dev|Any CPU.ActiveCfg = dev|Any CPU
		{900F434E-7D81-422B-B567-1564C79CEAB3}.dev|Any CPU.Build.0 = dev|Any CPU
		{900F434E-7D81-422B-B567-1564C79CEAB3}.dev|Mixed Platforms.ActiveCfg = dev|Any CPU
		{900F434E-7D81-422B-B567-1564C79CEAB3}.dev|Mixed Platforms.Build.0 = dev|Any CPU
		{900F434E-7D81-422B-B567-1564C79CEAB3}.dev|x86.ActiveCfg = dev|Any CPU
		{900F434E-7D81-422B-B567-1564C79CEAB3}.Kemsa|Any CPU.ActiveCfg = Kemsa|Any CPU
		{900F434E-7D81-422B-B567-1564C79CEAB3}.Kemsa|Any CPU.Build.0 = Kemsa|Any CPU
		{900F434E-7D81-422B-B567-1564C79CEAB3}.Kemsa|Mixed Platforms.ActiveCfg = Kemsa|Any CPU
		{900F434E-7D81-422B-B567-1564C79CEAB3}.Kemsa|Mixed Platforms.Build.0 = Kemsa|Any CPU
		{900F434E-7D81-422B-B567-1564C79CEAB3}.Kemsa|x86.ActiveCfg = Kemsa|Any CPU
		{900F434E-7D81-422B-B567-1564C79CEAB3}.Release|Any CPU.ActiveCfg = Release|Any CPU
		{900F434E-7D81-422B-B567-1564C79CEAB3}.Release|Any CPU.Build.0 = Release|Any CPU
		{900F434E-7D81-422B-B567-1564C79CEAB3}.Release|Mixed Platforms.ActiveCfg = Release|Any CPU
		{900F434E-7D81-422B-B567-1564C79CEAB3}.Release|Mixed Platforms.Build.0 = Release|Any CPU
		{900F434E-7D81-422B-B567-1564C79CEAB3}.Release|x86.ActiveCfg = Release|Any CPU
		{79177CFC-0183-4C6C-8BBC-85D599D02F57}.Debug|Any CPU.ActiveCfg = Debug|Any CPU
		{79177CFC-0183-4C6C-8BBC-85D599D02F57}.Debug|Any CPU.Build.0 = Debug|Any CPU
		{79177CFC-0183-4C6C-8BBC-85D599D02F57}.Debug|Mixed Platforms.ActiveCfg = Debug|Any CPU
		{79177CFC-0183-4C6C-8BBC-85D599D02F57}.Debug|Mixed Platforms.Build.0 = Debug|Any CPU
		{79177CFC-0183-4C6C-8BBC-85D599D02F57}.Debug|x86.ActiveCfg = Debug|Any CPU
		{79177CFC-0183-4C6C-8BBC-85D599D02F57}.dev|Any CPU.ActiveCfg = dev|Any CPU
		{79177CFC-0183-4C6C-8BBC-85D599D02F57}.dev|Any CPU.Build.0 = dev|Any CPU
		{79177CFC-0183-4C6C-8BBC-85D599D02F57}.dev|Mixed Platforms.ActiveCfg = dev|Any CPU
		{79177CFC-0183-4C6C-8BBC-85D599D02F57}.dev|Mixed Platforms.Build.0 = dev|Any CPU
		{79177CFC-0183-4C6C-8BBC-85D599D02F57}.dev|x86.ActiveCfg = dev|Any CPU
		{79177CFC-0183-4C6C-8BBC-85D599D02F57}.Kemsa|Any CPU.ActiveCfg = Kemsa|Any CPU
		{79177CFC-0183-4C6C-8BBC-85D599D02F57}.Kemsa|Any CPU.Build.0 = Kemsa|Any CPU
		{79177CFC-0183-4C6C-8BBC-85D599D02F57}.Kemsa|Mixed Platforms.ActiveCfg = Kemsa|Any CPU
		{79177CFC-0183-4C6C-8BBC-85D599D02F57}.Kemsa|Mixed Platforms.Build.0 = Kemsa|Any CPU
		{79177CFC-0183-4C6C-8BBC-85D599D02F57}.Kemsa|x86.ActiveCfg = Kemsa|Any CPU
		{79177CFC-0183-4C6C-8BBC-85D599D02F57}.Release|Any CPU.ActiveCfg = Release|Any CPU
		{79177CFC-0183-4C6C-8BBC-85D599D02F57}.Release|Any CPU.Build.0 = Release|Any CPU
		{79177CFC-0183-4C6C-8BBC-85D599D02F57}.Release|Mixed Platforms.ActiveCfg = Release|Any CPU
		{79177CFC-0183-4C6C-8BBC-85D599D02F57}.Release|Mixed Platforms.Build.0 = Release|Any CPU
		{79177CFC-0183-4C6C-8BBC-85D599D02F57}.Release|x86.ActiveCfg = Release|Any CPU
		{B9EE272B-6D02-47A5-B6F6-D96CB102404E}.Debug|Any CPU.ActiveCfg = Debug|Any CPU
		{B9EE272B-6D02-47A5-B6F6-D96CB102404E}.Debug|Any CPU.Build.0 = Debug|Any CPU
		{B9EE272B-6D02-47A5-B6F6-D96CB102404E}.Debug|Mixed Platforms.ActiveCfg = Debug|Any CPU
		{B9EE272B-6D02-47A5-B6F6-D96CB102404E}.Debug|Mixed Platforms.Build.0 = Debug|Any CPU
		{B9EE272B-6D02-47A5-B6F6-D96CB102404E}.Debug|x86.ActiveCfg = Debug|Any CPU
		{B9EE272B-6D02-47A5-B6F6-D96CB102404E}.dev|Any CPU.ActiveCfg = dev|Any CPU
		{B9EE272B-6D02-47A5-B6F6-D96CB102404E}.dev|Any CPU.Build.0 = dev|Any CPU
		{B9EE272B-6D02-47A5-B6F6-D96CB102404E}.dev|Mixed Platforms.ActiveCfg = dev|Any CPU
		{B9EE272B-6D02-47A5-B6F6-D96CB102404E}.dev|Mixed Platforms.Build.0 = dev|Any CPU
		{B9EE272B-6D02-47A5-B6F6-D96CB102404E}.dev|x86.ActiveCfg = dev|Any CPU
		{B9EE272B-6D02-47A5-B6F6-D96CB102404E}.Kemsa|Any CPU.ActiveCfg = Kemsa|Any CPU
		{B9EE272B-6D02-47A5-B6F6-D96CB102404E}.Kemsa|Any CPU.Build.0 = Kemsa|Any CPU
		{B9EE272B-6D02-47A5-B6F6-D96CB102404E}.Kemsa|Mixed Platforms.ActiveCfg = Kemsa|Any CPU
		{B9EE272B-6D02-47A5-B6F6-D96CB102404E}.Kemsa|Mixed Platforms.Build.0 = Kemsa|Any CPU
		{B9EE272B-6D02-47A5-B6F6-D96CB102404E}.Kemsa|x86.ActiveCfg = Kemsa|Any CPU
		{B9EE272B-6D02-47A5-B6F6-D96CB102404E}.Release|Any CPU.ActiveCfg = Release|Any CPU
		{B9EE272B-6D02-47A5-B6F6-D96CB102404E}.Release|Any CPU.Build.0 = Release|Any CPU
		{B9EE272B-6D02-47A5-B6F6-D96CB102404E}.Release|Mixed Platforms.ActiveCfg = Release|Any CPU
		{B9EE272B-6D02-47A5-B6F6-D96CB102404E}.Release|Mixed Platforms.Build.0 = Release|Any CPU
		{B9EE272B-6D02-47A5-B6F6-D96CB102404E}.Release|x86.ActiveCfg = Release|Any CPU
		{D2999A44-EAC9-4F84-BB28-F268E254536D}.Debug|Any CPU.ActiveCfg = Debug|Any CPU
		{D2999A44-EAC9-4F84-BB28-F268E254536D}.Debug|Any CPU.Build.0 = Debug|Any CPU
		{D2999A44-EAC9-4F84-BB28-F268E254536D}.Debug|Mixed Platforms.ActiveCfg = Debug|Any CPU
		{D2999A44-EAC9-4F84-BB28-F268E254536D}.Debug|Mixed Platforms.Build.0 = Debug|Any CPU
		{D2999A44-EAC9-4F84-BB28-F268E254536D}.Debug|x86.ActiveCfg = Debug|Any CPU
		{D2999A44-EAC9-4F84-BB28-F268E254536D}.dev|Any CPU.ActiveCfg = dev|Any CPU
		{D2999A44-EAC9-4F84-BB28-F268E254536D}.dev|Any CPU.Build.0 = dev|Any CPU
		{D2999A44-EAC9-4F84-BB28-F268E254536D}.dev|Mixed Platforms.ActiveCfg = dev|Any CPU
		{D2999A44-EAC9-4F84-BB28-F268E254536D}.dev|Mixed Platforms.Build.0 = dev|Any CPU
		{D2999A44-EAC9-4F84-BB28-F268E254536D}.dev|x86.ActiveCfg = dev|Any CPU
		{D2999A44-EAC9-4F84-BB28-F268E254536D}.Kemsa|Any CPU.ActiveCfg = Kemsa|Any CPU
		{D2999A44-EAC9-4F84-BB28-F268E254536D}.Kemsa|Any CPU.Build.0 = Kemsa|Any CPU
		{D2999A44-EAC9-4F84-BB28-F268E254536D}.Kemsa|Mixed Platforms.ActiveCfg = Kemsa|Any CPU
		{D2999A44-EAC9-4F84-BB28-F268E254536D}.Kemsa|Mixed Platforms.Build.0 = Kemsa|Any CPU
		{D2999A44-EAC9-4F84-BB28-F268E254536D}.Kemsa|x86.ActiveCfg = Kemsa|Any CPU
		{D2999A44-EAC9-4F84-BB28-F268E254536D}.Release|Any CPU.ActiveCfg = Release|Any CPU
		{D2999A44-EAC9-4F84-BB28-F268E254536D}.Release|Any CPU.Build.0 = Release|Any CPU
		{D2999A44-EAC9-4F84-BB28-F268E254536D}.Release|Mixed Platforms.ActiveCfg = Release|Any CPU
		{D2999A44-EAC9-4F84-BB28-F268E254536D}.Release|Mixed Platforms.Build.0 = Release|Any CPU
		{D2999A44-EAC9-4F84-BB28-F268E254536D}.Release|x86.ActiveCfg = Release|Any CPU
		{5E3F9446-B4DF-4D2E-B014-C79524C03F88}.Debug|Any CPU.ActiveCfg = Debug|Any CPU
		{5E3F9446-B4DF-4D2E-B014-C79524C03F88}.Debug|Any CPU.Build.0 = Debug|Any CPU
		{5E3F9446-B4DF-4D2E-B014-C79524C03F88}.Debug|Mixed Platforms.ActiveCfg = Debug|Any CPU
		{5E3F9446-B4DF-4D2E-B014-C79524C03F88}.Debug|Mixed Platforms.Build.0 = Debug|Any CPU
		{5E3F9446-B4DF-4D2E-B014-C79524C03F88}.Debug|x86.ActiveCfg = Debug|Any CPU
		{5E3F9446-B4DF-4D2E-B014-C79524C03F88}.dev|Any CPU.ActiveCfg = dev|Any CPU
		{5E3F9446-B4DF-4D2E-B014-C79524C03F88}.dev|Any CPU.Build.0 = dev|Any CPU
		{5E3F9446-B4DF-4D2E-B014-C79524C03F88}.dev|Mixed Platforms.ActiveCfg = dev|Any CPU
		{5E3F9446-B4DF-4D2E-B014-C79524C03F88}.dev|Mixed Platforms.Build.0 = dev|Any CPU
		{5E3F9446-B4DF-4D2E-B014-C79524C03F88}.dev|x86.ActiveCfg = dev|Any CPU
		{5E3F9446-B4DF-4D2E-B014-C79524C03F88}.Kemsa|Any CPU.ActiveCfg = Kemsa|Any CPU
		{5E3F9446-B4DF-4D2E-B014-C79524C03F88}.Kemsa|Any CPU.Build.0 = Kemsa|Any CPU
		{5E3F9446-B4DF-4D2E-B014-C79524C03F88}.Kemsa|Mixed Platforms.ActiveCfg = Kemsa|Any CPU
		{5E3F9446-B4DF-4D2E-B014-C79524C03F88}.Kemsa|Mixed Platforms.Build.0 = Kemsa|Any CPU
		{5E3F9446-B4DF-4D2E-B014-C79524C03F88}.Kemsa|x86.ActiveCfg = Kemsa|Any CPU
		{5E3F9446-B4DF-4D2E-B014-C79524C03F88}.Release|Any CPU.ActiveCfg = Release|Any CPU
		{5E3F9446-B4DF-4D2E-B014-C79524C03F88}.Release|Any CPU.Build.0 = Release|Any CPU
		{5E3F9446-B4DF-4D2E-B014-C79524C03F88}.Release|Mixed Platforms.ActiveCfg = Release|Any CPU
		{5E3F9446-B4DF-4D2E-B014-C79524C03F88}.Release|Mixed Platforms.Build.0 = Release|Any CPU
		{5E3F9446-B4DF-4D2E-B014-C79524C03F88}.Release|x86.ActiveCfg = Release|Any CPU
		{7271F6B1-35F0-4C0A-A4CB-3F10D426E37F}.Debug|Any CPU.ActiveCfg = Debug|Any CPU
		{7271F6B1-35F0-4C0A-A4CB-3F10D426E37F}.Debug|Any CPU.Build.0 = Debug|Any CPU
		{7271F6B1-35F0-4C0A-A4CB-3F10D426E37F}.Debug|Mixed Platforms.ActiveCfg = Debug|Any CPU
		{7271F6B1-35F0-4C0A-A4CB-3F10D426E37F}.Debug|Mixed Platforms.Build.0 = Debug|Any CPU
		{7271F6B1-35F0-4C0A-A4CB-3F10D426E37F}.Debug|x86.ActiveCfg = Debug|Any CPU
		{7271F6B1-35F0-4C0A-A4CB-3F10D426E37F}.dev|Any CPU.ActiveCfg = dev|Any CPU
		{7271F6B1-35F0-4C0A-A4CB-3F10D426E37F}.dev|Any CPU.Build.0 = dev|Any CPU
		{7271F6B1-35F0-4C0A-A4CB-3F10D426E37F}.dev|Mixed Platforms.ActiveCfg = dev|Any CPU
		{7271F6B1-35F0-4C0A-A4CB-3F10D426E37F}.dev|Mixed Platforms.Build.0 = dev|Any CPU
		{7271F6B1-35F0-4C0A-A4CB-3F10D426E37F}.dev|x86.ActiveCfg = dev|Any CPU
		{7271F6B1-35F0-4C0A-A4CB-3F10D426E37F}.Kemsa|Any CPU.ActiveCfg = Kemsa|Any CPU
		{7271F6B1-35F0-4C0A-A4CB-3F10D426E37F}.Kemsa|Any CPU.Build.0 = Kemsa|Any CPU
		{7271F6B1-35F0-4C0A-A4CB-3F10D426E37F}.Kemsa|Mixed Platforms.ActiveCfg = Kemsa|Any CPU
		{7271F6B1-35F0-4C0A-A4CB-3F10D426E37F}.Kemsa|Mixed Platforms.Build.0 = Kemsa|Any CPU
		{7271F6B1-35F0-4C0A-A4CB-3F10D426E37F}.Kemsa|x86.ActiveCfg = Kemsa|Any CPU
		{7271F6B1-35F0-4C0A-A4CB-3F10D426E37F}.Release|Any CPU.ActiveCfg = Release|Any CPU
		{7271F6B1-35F0-4C0A-A4CB-3F10D426E37F}.Release|Any CPU.Build.0 = Release|Any CPU
		{7271F6B1-35F0-4C0A-A4CB-3F10D426E37F}.Release|Mixed Platforms.ActiveCfg = Release|Any CPU
		{7271F6B1-35F0-4C0A-A4CB-3F10D426E37F}.Release|Mixed Platforms.Build.0 = Release|Any CPU
		{7271F6B1-35F0-4C0A-A4CB-3F10D426E37F}.Release|x86.ActiveCfg = Release|Any CPU
		{BD174F35-5450-49AC-9E93-97DC957A1B63}.Debug|Any CPU.ActiveCfg = Debug|Any CPU
		{BD174F35-5450-49AC-9E93-97DC957A1B63}.Debug|Any CPU.Build.0 = Debug|Any CPU
		{BD174F35-5450-49AC-9E93-97DC957A1B63}.Debug|Mixed Platforms.ActiveCfg = Debug|Any CPU
		{BD174F35-5450-49AC-9E93-97DC957A1B63}.Debug|Mixed Platforms.Build.0 = Debug|Any CPU
		{BD174F35-5450-49AC-9E93-97DC957A1B63}.Debug|x86.ActiveCfg = Debug|Any CPU
		{BD174F35-5450-49AC-9E93-97DC957A1B63}.dev|Any CPU.ActiveCfg = dev|Any CPU
		{BD174F35-5450-49AC-9E93-97DC957A1B63}.dev|Any CPU.Build.0 = dev|Any CPU
		{BD174F35-5450-49AC-9E93-97DC957A1B63}.dev|Mixed Platforms.ActiveCfg = dev|Any CPU
		{BD174F35-5450-49AC-9E93-97DC957A1B63}.dev|Mixed Platforms.Build.0 = dev|Any CPU
		{BD174F35-5450-49AC-9E93-97DC957A1B63}.dev|x86.ActiveCfg = dev|Any CPU
		{BD174F35-5450-49AC-9E93-97DC957A1B63}.Kemsa|Any CPU.ActiveCfg = Kemsa|Any CPU
		{BD174F35-5450-49AC-9E93-97DC957A1B63}.Kemsa|Any CPU.Build.0 = Kemsa|Any CPU
		{BD174F35-5450-49AC-9E93-97DC957A1B63}.Kemsa|Mixed Platforms.ActiveCfg = Kemsa|Any CPU
		{BD174F35-5450-49AC-9E93-97DC957A1B63}.Kemsa|Mixed Platforms.Build.0 = Kemsa|Any CPU
		{BD174F35-5450-49AC-9E93-97DC957A1B63}.Kemsa|x86.ActiveCfg = Kemsa|Any CPU
		{BD174F35-5450-49AC-9E93-97DC957A1B63}.Release|Any CPU.ActiveCfg = Release|Any CPU
		{BD174F35-5450-49AC-9E93-97DC957A1B63}.Release|Any CPU.Build.0 = Release|Any CPU
		{BD174F35-5450-49AC-9E93-97DC957A1B63}.Release|Mixed Platforms.ActiveCfg = Release|Any CPU
		{BD174F35-5450-49AC-9E93-97DC957A1B63}.Release|Mixed Platforms.Build.0 = Release|Any CPU
		{BD174F35-5450-49AC-9E93-97DC957A1B63}.Release|x86.ActiveCfg = Release|Any CPU
		{32622929-C3AA-4459-9734-0E70E8E628F5}.Debug|Any CPU.ActiveCfg = Debug|x86
		{32622929-C3AA-4459-9734-0E70E8E628F5}.Debug|Mixed Platforms.ActiveCfg = Debug|x86
		{32622929-C3AA-4459-9734-0E70E8E628F5}.Debug|Mixed Platforms.Build.0 = Debug|x86
		{32622929-C3AA-4459-9734-0E70E8E628F5}.Debug|x86.ActiveCfg = Debug|x86
		{32622929-C3AA-4459-9734-0E70E8E628F5}.Debug|x86.Build.0 = Debug|x86
		{32622929-C3AA-4459-9734-0E70E8E628F5}.dev|Any CPU.ActiveCfg = dev|x86
		{32622929-C3AA-4459-9734-0E70E8E628F5}.dev|Mixed Platforms.ActiveCfg = dev|x86
		{32622929-C3AA-4459-9734-0E70E8E628F5}.dev|Mixed Platforms.Build.0 = dev|x86
		{32622929-C3AA-4459-9734-0E70E8E628F5}.dev|x86.ActiveCfg = dev|x86
		{32622929-C3AA-4459-9734-0E70E8E628F5}.dev|x86.Build.0 = dev|x86
		{32622929-C3AA-4459-9734-0E70E8E628F5}.Kemsa|Any CPU.ActiveCfg = Kemsa|x86
		{32622929-C3AA-4459-9734-0E70E8E628F5}.Kemsa|Mixed Platforms.ActiveCfg = Kemsa|x86
		{32622929-C3AA-4459-9734-0E70E8E628F5}.Kemsa|Mixed Platforms.Build.0 = Kemsa|x86
		{32622929-C3AA-4459-9734-0E70E8E628F5}.Kemsa|x86.ActiveCfg = Kemsa|x86
		{32622929-C3AA-4459-9734-0E70E8E628F5}.Kemsa|x86.Build.0 = Kemsa|x86
		{32622929-C3AA-4459-9734-0E70E8E628F5}.Release|Any CPU.ActiveCfg = Release|x86
		{32622929-C3AA-4459-9734-0E70E8E628F5}.Release|Mixed Platforms.ActiveCfg = Release|x86
		{32622929-C3AA-4459-9734-0E70E8E628F5}.Release|Mixed Platforms.Build.0 = Release|x86
		{32622929-C3AA-4459-9734-0E70E8E628F5}.Release|x86.ActiveCfg = Release|x86
		{32622929-C3AA-4459-9734-0E70E8E628F5}.Release|x86.Build.0 = Release|x86
		{132F8997-3048-4C25-923E-2DA2E044C00B}.Debug|Any CPU.ActiveCfg = Debug|Any CPU
		{132F8997-3048-4C25-923E-2DA2E044C00B}.Debug|Any CPU.Build.0 = Debug|Any CPU
		{132F8997-3048-4C25-923E-2DA2E044C00B}.Debug|Mixed Platforms.ActiveCfg = Debug|Any CPU
		{132F8997-3048-4C25-923E-2DA2E044C00B}.Debug|Mixed Platforms.Build.0 = Debug|Any CPU
		{132F8997-3048-4C25-923E-2DA2E044C00B}.Debug|x86.ActiveCfg = Debug|Any CPU
		{132F8997-3048-4C25-923E-2DA2E044C00B}.dev|Any CPU.ActiveCfg = Debug|Any CPU
		{132F8997-3048-4C25-923E-2DA2E044C00B}.dev|Any CPU.Build.0 = Debug|Any CPU
		{132F8997-3048-4C25-923E-2DA2E044C00B}.dev|Mixed Platforms.ActiveCfg = Debug|Any CPU
		{132F8997-3048-4C25-923E-2DA2E044C00B}.dev|Mixed Platforms.Build.0 = Debug|Any CPU
		{132F8997-3048-4C25-923E-2DA2E044C00B}.dev|x86.ActiveCfg = Debug|Any CPU
		{132F8997-3048-4C25-923E-2DA2E044C00B}.Kemsa|Any CPU.ActiveCfg = Kemsa|Any CPU
		{132F8997-3048-4C25-923E-2DA2E044C00B}.Kemsa|Any CPU.Build.0 = Kemsa|Any CPU
		{132F8997-3048-4C25-923E-2DA2E044C00B}.Kemsa|Mixed Platforms.ActiveCfg = Kemsa|Any CPU
		{132F8997-3048-4C25-923E-2DA2E044C00B}.Kemsa|Mixed Platforms.Build.0 = Kemsa|Any CPU
		{132F8997-3048-4C25-923E-2DA2E044C00B}.Kemsa|x86.ActiveCfg = Kemsa|Any CPU
		{132F8997-3048-4C25-923E-2DA2E044C00B}.Release|Any CPU.ActiveCfg = Release|Any CPU
		{132F8997-3048-4C25-923E-2DA2E044C00B}.Release|Any CPU.Build.0 = Release|Any CPU
		{132F8997-3048-4C25-923E-2DA2E044C00B}.Release|Mixed Platforms.ActiveCfg = Release|Any CPU
		{132F8997-3048-4C25-923E-2DA2E044C00B}.Release|Mixed Platforms.Build.0 = Release|Any CPU
		{132F8997-3048-4C25-923E-2DA2E044C00B}.Release|x86.ActiveCfg = Release|Any CPU
		{93BFFFFD-89AB-49CC-9233-B313C0733D2A}.Debug|Any CPU.ActiveCfg = Debug|Any CPU
		{93BFFFFD-89AB-49CC-9233-B313C0733D2A}.Debug|Any CPU.Build.0 = Debug|Any CPU
		{93BFFFFD-89AB-49CC-9233-B313C0733D2A}.Debug|Mixed Platforms.ActiveCfg = Debug|Any CPU
		{93BFFFFD-89AB-49CC-9233-B313C0733D2A}.Debug|Mixed Platforms.Build.0 = Debug|Any CPU
		{93BFFFFD-89AB-49CC-9233-B313C0733D2A}.Debug|x86.ActiveCfg = Debug|Any CPU
		{93BFFFFD-89AB-49CC-9233-B313C0733D2A}.dev|Any CPU.ActiveCfg = Debug|Any CPU
		{93BFFFFD-89AB-49CC-9233-B313C0733D2A}.dev|Any CPU.Build.0 = Debug|Any CPU
		{93BFFFFD-89AB-49CC-9233-B313C0733D2A}.dev|Mixed Platforms.ActiveCfg = Debug|Any CPU
		{93BFFFFD-89AB-49CC-9233-B313C0733D2A}.dev|Mixed Platforms.Build.0 = Debug|Any CPU
		{93BFFFFD-89AB-49CC-9233-B313C0733D2A}.dev|x86.ActiveCfg = Debug|Any CPU
		{93BFFFFD-89AB-49CC-9233-B313C0733D2A}.Kemsa|Any CPU.ActiveCfg = Kemsa|Any CPU
		{93BFFFFD-89AB-49CC-9233-B313C0733D2A}.Kemsa|Any CPU.Build.0 = Kemsa|Any CPU
		{93BFFFFD-89AB-49CC-9233-B313C0733D2A}.Kemsa|Mixed Platforms.ActiveCfg = Kemsa|Any CPU
		{93BFFFFD-89AB-49CC-9233-B313C0733D2A}.Kemsa|Mixed Platforms.Build.0 = Kemsa|Any CPU
		{93BFFFFD-89AB-49CC-9233-B313C0733D2A}.Kemsa|x86.ActiveCfg = Kemsa|Any CPU
		{93BFFFFD-89AB-49CC-9233-B313C0733D2A}.Release|Any CPU.ActiveCfg = Release|Any CPU
		{93BFFFFD-89AB-49CC-9233-B313C0733D2A}.Release|Any CPU.Build.0 = Release|Any CPU
		{93BFFFFD-89AB-49CC-9233-B313C0733D2A}.Release|Mixed Platforms.ActiveCfg = Release|Any CPU
		{93BFFFFD-89AB-49CC-9233-B313C0733D2A}.Release|Mixed Platforms.Build.0 = Release|Any CPU
		{93BFFFFD-89AB-49CC-9233-B313C0733D2A}.Release|x86.ActiveCfg = Release|Any CPU
		{7B0AECCF-2068-4B8D-AAA0-6EA557967C2D}.Debug|Any CPU.ActiveCfg = Debug|Any CPU
		{7B0AECCF-2068-4B8D-AAA0-6EA557967C2D}.Debug|Any CPU.Build.0 = Debug|Any CPU
		{7B0AECCF-2068-4B8D-AAA0-6EA557967C2D}.Debug|Mixed Platforms.ActiveCfg = Debug|Any CPU
		{7B0AECCF-2068-4B8D-AAA0-6EA557967C2D}.Debug|Mixed Platforms.Build.0 = Debug|Any CPU
		{7B0AECCF-2068-4B8D-AAA0-6EA557967C2D}.Debug|x86.ActiveCfg = Debug|Any CPU
		{7B0AECCF-2068-4B8D-AAA0-6EA557967C2D}.dev|Any CPU.ActiveCfg = Debug|Any CPU
		{7B0AECCF-2068-4B8D-AAA0-6EA557967C2D}.dev|Any CPU.Build.0 = Debug|Any CPU
		{7B0AECCF-2068-4B8D-AAA0-6EA557967C2D}.dev|Mixed Platforms.ActiveCfg = Debug|Any CPU
		{7B0AECCF-2068-4B8D-AAA0-6EA557967C2D}.dev|Mixed Platforms.Build.0 = Debug|Any CPU
		{7B0AECCF-2068-4B8D-AAA0-6EA557967C2D}.dev|x86.ActiveCfg = Debug|Any CPU
		{7B0AECCF-2068-4B8D-AAA0-6EA557967C2D}.Kemsa|Any CPU.ActiveCfg = Kemsa|Any CPU
		{7B0AECCF-2068-4B8D-AAA0-6EA557967C2D}.Kemsa|Any CPU.Build.0 = Kemsa|Any CPU
		{7B0AECCF-2068-4B8D-AAA0-6EA557967C2D}.Kemsa|Mixed Platforms.ActiveCfg = Kemsa|Any CPU
		{7B0AECCF-2068-4B8D-AAA0-6EA557967C2D}.Kemsa|Mixed Platforms.Build.0 = Kemsa|Any CPU
		{7B0AECCF-2068-4B8D-AAA0-6EA557967C2D}.Kemsa|x86.ActiveCfg = Kemsa|Any CPU
		{7B0AECCF-2068-4B8D-AAA0-6EA557967C2D}.Release|Any CPU.ActiveCfg = Release|Any CPU
		{7B0AECCF-2068-4B8D-AAA0-6EA557967C2D}.Release|Any CPU.Build.0 = Release|Any CPU
		{7B0AECCF-2068-4B8D-AAA0-6EA557967C2D}.Release|Mixed Platforms.ActiveCfg = Release|Any CPU
		{7B0AECCF-2068-4B8D-AAA0-6EA557967C2D}.Release|Mixed Platforms.Build.0 = Release|Any CPU
		{7B0AECCF-2068-4B8D-AAA0-6EA557967C2D}.Release|x86.ActiveCfg = Release|Any CPU
		{8F5643BA-D356-4D74-BA07-D4476AB12101}.Debug|Any CPU.ActiveCfg = Debug|x86
		{8F5643BA-D356-4D74-BA07-D4476AB12101}.Debug|Mixed Platforms.ActiveCfg = Debug|x86
		{8F5643BA-D356-4D74-BA07-D4476AB12101}.Debug|Mixed Platforms.Build.0 = Debug|x86
		{8F5643BA-D356-4D74-BA07-D4476AB12101}.Debug|x86.ActiveCfg = Debug|x86
		{8F5643BA-D356-4D74-BA07-D4476AB12101}.Debug|x86.Build.0 = Debug|x86
		{8F5643BA-D356-4D74-BA07-D4476AB12101}.dev|Any CPU.ActiveCfg = Debug|x86
		{8F5643BA-D356-4D74-BA07-D4476AB12101}.dev|Mixed Platforms.ActiveCfg = Debug|x86
		{8F5643BA-D356-4D74-BA07-D4476AB12101}.dev|Mixed Platforms.Build.0 = Debug|x86
		{8F5643BA-D356-4D74-BA07-D4476AB12101}.dev|x86.ActiveCfg = Debug|x86
		{8F5643BA-D356-4D74-BA07-D4476AB12101}.dev|x86.Build.0 = Debug|x86
		{8F5643BA-D356-4D74-BA07-D4476AB12101}.Kemsa|Any CPU.ActiveCfg = Release|x86
		{8F5643BA-D356-4D74-BA07-D4476AB12101}.Kemsa|Mixed Platforms.ActiveCfg = Release|x86
		{8F5643BA-D356-4D74-BA07-D4476AB12101}.Kemsa|Mixed Platforms.Build.0 = Release|x86
		{8F5643BA-D356-4D74-BA07-D4476AB12101}.Kemsa|x86.ActiveCfg = Release|x86
		{8F5643BA-D356-4D74-BA07-D4476AB12101}.Kemsa|x86.Build.0 = Release|x86
		{8F5643BA-D356-4D74-BA07-D4476AB12101}.Release|Any CPU.ActiveCfg = Release|x86
		{8F5643BA-D356-4D74-BA07-D4476AB12101}.Release|Mixed Platforms.ActiveCfg = Release|x86
		{8F5643BA-D356-4D74-BA07-D4476AB12101}.Release|Mixed Platforms.Build.0 = Release|x86
		{8F5643BA-D356-4D74-BA07-D4476AB12101}.Release|x86.ActiveCfg = Release|x86
		{8F5643BA-D356-4D74-BA07-D4476AB12101}.Release|x86.Build.0 = Release|x86
		{8267BAA6-73D1-4DBB-B70A-6C7BFFCD66AC}.Debug|Any CPU.ActiveCfg = Debug|Any CPU
		{8267BAA6-73D1-4DBB-B70A-6C7BFFCD66AC}.Debug|Any CPU.Build.0 = Debug|Any CPU
		{8267BAA6-73D1-4DBB-B70A-6C7BFFCD66AC}.Debug|Mixed Platforms.ActiveCfg = Debug|Any CPU
		{8267BAA6-73D1-4DBB-B70A-6C7BFFCD66AC}.Debug|Mixed Platforms.Build.0 = Debug|Any CPU
		{8267BAA6-73D1-4DBB-B70A-6C7BFFCD66AC}.Debug|x86.ActiveCfg = Debug|Any CPU
		{8267BAA6-73D1-4DBB-B70A-6C7BFFCD66AC}.dev|Any CPU.ActiveCfg = Debug|Any CPU
		{8267BAA6-73D1-4DBB-B70A-6C7BFFCD66AC}.dev|Any CPU.Build.0 = Debug|Any CPU
		{8267BAA6-73D1-4DBB-B70A-6C7BFFCD66AC}.dev|Mixed Platforms.ActiveCfg = Debug|Any CPU
		{8267BAA6-73D1-4DBB-B70A-6C7BFFCD66AC}.dev|Mixed Platforms.Build.0 = Debug|Any CPU
		{8267BAA6-73D1-4DBB-B70A-6C7BFFCD66AC}.dev|x86.ActiveCfg = Debug|Any CPU
		{8267BAA6-73D1-4DBB-B70A-6C7BFFCD66AC}.Kemsa|Any CPU.ActiveCfg = Release|Any CPU
		{8267BAA6-73D1-4DBB-B70A-6C7BFFCD66AC}.Kemsa|Any CPU.Build.0 = Release|Any CPU
		{8267BAA6-73D1-4DBB-B70A-6C7BFFCD66AC}.Kemsa|Mixed Platforms.ActiveCfg = Release|Any CPU
		{8267BAA6-73D1-4DBB-B70A-6C7BFFCD66AC}.Kemsa|Mixed Platforms.Build.0 = Release|Any CPU
		{8267BAA6-73D1-4DBB-B70A-6C7BFFCD66AC}.Kemsa|x86.ActiveCfg = Release|Any CPU
		{8267BAA6-73D1-4DBB-B70A-6C7BFFCD66AC}.Release|Any CPU.ActiveCfg = Release|Any CPU
		{8267BAA6-73D1-4DBB-B70A-6C7BFFCD66AC}.Release|Any CPU.Build.0 = Release|Any CPU
		{8267BAA6-73D1-4DBB-B70A-6C7BFFCD66AC}.Release|Mixed Platforms.ActiveCfg = Release|Any CPU
		{8267BAA6-73D1-4DBB-B70A-6C7BFFCD66AC}.Release|Mixed Platforms.Build.0 = Release|Any CPU
		{8267BAA6-73D1-4DBB-B70A-6C7BFFCD66AC}.Release|x86.ActiveCfg = Release|Any CPU
		{6B58CA8C-B396-4C8D-922E-D3E7A9FA296D}.Debug|Any CPU.ActiveCfg = Debug|Any CPU
		{6B58CA8C-B396-4C8D-922E-D3E7A9FA296D}.Debug|Any CPU.Build.0 = Debug|Any CPU
		{6B58CA8C-B396-4C8D-922E-D3E7A9FA296D}.Debug|Mixed Platforms.ActiveCfg = Debug|Any CPU
		{6B58CA8C-B396-4C8D-922E-D3E7A9FA296D}.Debug|Mixed Platforms.Build.0 = Debug|Any CPU
		{6B58CA8C-B396-4C8D-922E-D3E7A9FA296D}.Debug|x86.ActiveCfg = Debug|Any CPU
		{6B58CA8C-B396-4C8D-922E-D3E7A9FA296D}.dev|Any CPU.ActiveCfg = Debug|Any CPU
		{6B58CA8C-B396-4C8D-922E-D3E7A9FA296D}.dev|Any CPU.Build.0 = Debug|Any CPU
		{6B58CA8C-B396-4C8D-922E-D3E7A9FA296D}.dev|Mixed Platforms.ActiveCfg = Debug|Any CPU
		{6B58CA8C-B396-4C8D-922E-D3E7A9FA296D}.dev|Mixed Platforms.Build.0 = Debug|Any CPU
		{6B58CA8C-B396-4C8D-922E-D3E7A9FA296D}.dev|x86.ActiveCfg = Debug|Any CPU
		{6B58CA8C-B396-4C8D-922E-D3E7A9FA296D}.Kemsa|Any CPU.ActiveCfg = Release|Any CPU
		{6B58CA8C-B396-4C8D-922E-D3E7A9FA296D}.Kemsa|Any CPU.Build.0 = Release|Any CPU
		{6B58CA8C-B396-4C8D-922E-D3E7A9FA296D}.Kemsa|Mixed Platforms.ActiveCfg = Release|Any CPU
		{6B58CA8C-B396-4C8D-922E-D3E7A9FA296D}.Kemsa|Mixed Platforms.Build.0 = Release|Any CPU
		{6B58CA8C-B396-4C8D-922E-D3E7A9FA296D}.Kemsa|x86.ActiveCfg = Release|Any CPU
		{6B58CA8C-B396-4C8D-922E-D3E7A9FA296D}.Release|Any CPU.ActiveCfg = Release|Any CPU
		{6B58CA8C-B396-4C8D-922E-D3E7A9FA296D}.Release|Any CPU.Build.0 = Release|Any CPU
		{6B58CA8C-B396-4C8D-922E-D3E7A9FA296D}.Release|Mixed Platforms.ActiveCfg = Release|Any CPU
		{6B58CA8C-B396-4C8D-922E-D3E7A9FA296D}.Release|Mixed Platforms.Build.0 = Release|Any CPU
		{6B58CA8C-B396-4C8D-922E-D3E7A9FA296D}.Release|x86.ActiveCfg = Release|Any CPU
		{D3D60175-1436-487B-98F0-1671FB5C37DC}.Debug|Any CPU.ActiveCfg = Debug|Any CPU
		{D3D60175-1436-487B-98F0-1671FB5C37DC}.Debug|Any CPU.Build.0 = Debug|Any CPU
		{D3D60175-1436-487B-98F0-1671FB5C37DC}.Debug|Mixed Platforms.ActiveCfg = Debug|Any CPU
		{D3D60175-1436-487B-98F0-1671FB5C37DC}.Debug|Mixed Platforms.Build.0 = Debug|Any CPU
		{D3D60175-1436-487B-98F0-1671FB5C37DC}.Debug|x86.ActiveCfg = Debug|Any CPU
		{D3D60175-1436-487B-98F0-1671FB5C37DC}.dev|Any CPU.ActiveCfg = Debug|Any CPU
		{D3D60175-1436-487B-98F0-1671FB5C37DC}.dev|Any CPU.Build.0 = Debug|Any CPU
		{D3D60175-1436-487B-98F0-1671FB5C37DC}.dev|Mixed Platforms.ActiveCfg = Debug|Any CPU
		{D3D60175-1436-487B-98F0-1671FB5C37DC}.dev|Mixed Platforms.Build.0 = Debug|Any CPU
		{D3D60175-1436-487B-98F0-1671FB5C37DC}.dev|x86.ActiveCfg = Debug|Any CPU
		{D3D60175-1436-487B-98F0-1671FB5C37DC}.Kemsa|Any CPU.ActiveCfg = Release|Any CPU
		{D3D60175-1436-487B-98F0-1671FB5C37DC}.Kemsa|Any CPU.Build.0 = Release|Any CPU
		{D3D60175-1436-487B-98F0-1671FB5C37DC}.Kemsa|Mixed Platforms.ActiveCfg = Release|Any CPU
		{D3D60175-1436-487B-98F0-1671FB5C37DC}.Kemsa|Mixed Platforms.Build.0 = Release|Any CPU
		{D3D60175-1436-487B-98F0-1671FB5C37DC}.Kemsa|x86.ActiveCfg = Release|Any CPU
		{D3D60175-1436-487B-98F0-1671FB5C37DC}.Release|Any CPU.ActiveCfg = Release|Any CPU
		{D3D60175-1436-487B-98F0-1671FB5C37DC}.Release|Any CPU.Build.0 = Release|Any CPU
		{D3D60175-1436-487B-98F0-1671FB5C37DC}.Release|Mixed Platforms.ActiveCfg = Release|Any CPU
		{D3D60175-1436-487B-98F0-1671FB5C37DC}.Release|Mixed Platforms.Build.0 = Release|Any CPU
		{D3D60175-1436-487B-98F0-1671FB5C37DC}.Release|x86.ActiveCfg = Release|Any CPU
		{C6BECE74-FF43-40A8-B80A-F820E5AF7985}.Debug|Any CPU.ActiveCfg = Debug|Any CPU
		{C6BECE74-FF43-40A8-B80A-F820E5AF7985}.Debug|Any CPU.Build.0 = Debug|Any CPU
		{C6BECE74-FF43-40A8-B80A-F820E5AF7985}.Debug|Mixed Platforms.ActiveCfg = Debug|Any CPU
		{C6BECE74-FF43-40A8-B80A-F820E5AF7985}.Debug|Mixed Platforms.Build.0 = Debug|Any CPU
		{C6BECE74-FF43-40A8-B80A-F820E5AF7985}.Debug|x86.ActiveCfg = Debug|Any CPU
		{C6BECE74-FF43-40A8-B80A-F820E5AF7985}.dev|Any CPU.ActiveCfg = Debug|Any CPU
		{C6BECE74-FF43-40A8-B80A-F820E5AF7985}.dev|Any CPU.Build.0 = Debug|Any CPU
		{C6BECE74-FF43-40A8-B80A-F820E5AF7985}.dev|Mixed Platforms.ActiveCfg = Debug|Any CPU
		{C6BECE74-FF43-40A8-B80A-F820E5AF7985}.dev|Mixed Platforms.Build.0 = Debug|Any CPU
		{C6BECE74-FF43-40A8-B80A-F820E5AF7985}.dev|x86.ActiveCfg = Debug|Any CPU
		{C6BECE74-FF43-40A8-B80A-F820E5AF7985}.Kemsa|Any CPU.ActiveCfg = Release|Any CPU
		{C6BECE74-FF43-40A8-B80A-F820E5AF7985}.Kemsa|Any CPU.Build.0 = Release|Any CPU
		{C6BECE74-FF43-40A8-B80A-F820E5AF7985}.Kemsa|Mixed Platforms.ActiveCfg = Release|Any CPU
		{C6BECE74-FF43-40A8-B80A-F820E5AF7985}.Kemsa|Mixed Platforms.Build.0 = Release|Any CPU
		{C6BECE74-FF43-40A8-B80A-F820E5AF7985}.Kemsa|x86.ActiveCfg = Release|Any CPU
		{C6BECE74-FF43-40A8-B80A-F820E5AF7985}.Release|Any CPU.ActiveCfg = Release|Any CPU
		{C6BECE74-FF43-40A8-B80A-F820E5AF7985}.Release|Any CPU.Build.0 = Release|Any CPU
		{C6BECE74-FF43-40A8-B80A-F820E5AF7985}.Release|Mixed Platforms.ActiveCfg = Release|Any CPU
		{C6BECE74-FF43-40A8-B80A-F820E5AF7985}.Release|Mixed Platforms.Build.0 = Release|Any CPU
		{C6BECE74-FF43-40A8-B80A-F820E5AF7985}.Release|x86.ActiveCfg = Release|Any CPU
		{7FAFA880-4E65-4D41-9229-493372AF7188}.Debug|Any CPU.ActiveCfg = Debug|Any CPU
		{7FAFA880-4E65-4D41-9229-493372AF7188}.Debug|Any CPU.Build.0 = Debug|Any CPU
		{7FAFA880-4E65-4D41-9229-493372AF7188}.Debug|Mixed Platforms.ActiveCfg = Debug|Any CPU
		{7FAFA880-4E65-4D41-9229-493372AF7188}.Debug|Mixed Platforms.Build.0 = Debug|Any CPU
		{7FAFA880-4E65-4D41-9229-493372AF7188}.Debug|x86.ActiveCfg = Debug|Any CPU
		{7FAFA880-4E65-4D41-9229-493372AF7188}.dev|Any CPU.ActiveCfg = Debug|Any CPU
		{7FAFA880-4E65-4D41-9229-493372AF7188}.dev|Any CPU.Build.0 = Debug|Any CPU
		{7FAFA880-4E65-4D41-9229-493372AF7188}.dev|Mixed Platforms.ActiveCfg = Debug|Any CPU
		{7FAFA880-4E65-4D41-9229-493372AF7188}.dev|Mixed Platforms.Build.0 = Debug|Any CPU
		{7FAFA880-4E65-4D41-9229-493372AF7188}.dev|x86.ActiveCfg = Debug|Any CPU
		{7FAFA880-4E65-4D41-9229-493372AF7188}.Kemsa|Any CPU.ActiveCfg = Release|Any CPU
		{7FAFA880-4E65-4D41-9229-493372AF7188}.Kemsa|Any CPU.Build.0 = Release|Any CPU
		{7FAFA880-4E65-4D41-9229-493372AF7188}.Kemsa|Mixed Platforms.ActiveCfg = Release|Any CPU
		{7FAFA880-4E65-4D41-9229-493372AF7188}.Kemsa|Mixed Platforms.Build.0 = Release|Any CPU
		{7FAFA880-4E65-4D41-9229-493372AF7188}.Kemsa|x86.ActiveCfg = Release|Any CPU
		{7FAFA880-4E65-4D41-9229-493372AF7188}.Release|Any CPU.ActiveCfg = Release|Any CPU
		{7FAFA880-4E65-4D41-9229-493372AF7188}.Release|Any CPU.Build.0 = Release|Any CPU
		{7FAFA880-4E65-4D41-9229-493372AF7188}.Release|Mixed Platforms.ActiveCfg = Release|Any CPU
		{7FAFA880-4E65-4D41-9229-493372AF7188}.Release|Mixed Platforms.Build.0 = Release|Any CPU
		{7FAFA880-4E65-4D41-9229-493372AF7188}.Release|x86.ActiveCfg = Release|Any CPU
		{8707481D-6E93-4F11-B778-68B5F55CF541}.Debug|Any CPU.ActiveCfg = Debug|Any CPU
		{8707481D-6E93-4F11-B778-68B5F55CF541}.Debug|Any CPU.Build.0 = Debug|Any CPU
		{8707481D-6E93-4F11-B778-68B5F55CF541}.Debug|Mixed Platforms.ActiveCfg = Debug|Any CPU
		{8707481D-6E93-4F11-B778-68B5F55CF541}.Debug|Mixed Platforms.Build.0 = Debug|Any CPU
		{8707481D-6E93-4F11-B778-68B5F55CF541}.Debug|x86.ActiveCfg = Debug|Any CPU
		{8707481D-6E93-4F11-B778-68B5F55CF541}.dev|Any CPU.ActiveCfg = Debug|Any CPU
		{8707481D-6E93-4F11-B778-68B5F55CF541}.dev|Any CPU.Build.0 = Debug|Any CPU
		{8707481D-6E93-4F11-B778-68B5F55CF541}.dev|Mixed Platforms.ActiveCfg = Debug|Any CPU
		{8707481D-6E93-4F11-B778-68B5F55CF541}.dev|Mixed Platforms.Build.0 = Debug|Any CPU
		{8707481D-6E93-4F11-B778-68B5F55CF541}.dev|x86.ActiveCfg = Debug|Any CPU
		{8707481D-6E93-4F11-B778-68B5F55CF541}.Kemsa|Any CPU.ActiveCfg = Release|Any CPU
		{8707481D-6E93-4F11-B778-68B5F55CF541}.Kemsa|Any CPU.Build.0 = Release|Any CPU
		{8707481D-6E93-4F11-B778-68B5F55CF541}.Kemsa|Mixed Platforms.ActiveCfg = Release|Any CPU
		{8707481D-6E93-4F11-B778-68B5F55CF541}.Kemsa|Mixed Platforms.Build.0 = Release|Any CPU
		{8707481D-6E93-4F11-B778-68B5F55CF541}.Kemsa|x86.ActiveCfg = Release|Any CPU
		{8707481D-6E93-4F11-B778-68B5F55CF541}.Release|Any CPU.ActiveCfg = Release|Any CPU
		{8707481D-6E93-4F11-B778-68B5F55CF541}.Release|Any CPU.Build.0 = Release|Any CPU
		{8707481D-6E93-4F11-B778-68B5F55CF541}.Release|Mixed Platforms.ActiveCfg = Release|Any CPU
		{8707481D-6E93-4F11-B778-68B5F55CF541}.Release|Mixed Platforms.Build.0 = Release|Any CPU
		{8707481D-6E93-4F11-B778-68B5F55CF541}.Release|x86.ActiveCfg = Release|Any CPU
		{B538FE07-98D3-487A-8596-D57BB69BB72D}.Debug|Any CPU.ActiveCfg = Debug|x86
		{B538FE07-98D3-487A-8596-D57BB69BB72D}.Debug|Mixed Platforms.ActiveCfg = Debug|x86
		{B538FE07-98D3-487A-8596-D57BB69BB72D}.Debug|Mixed Platforms.Build.0 = Debug|x86
		{B538FE07-98D3-487A-8596-D57BB69BB72D}.Debug|x86.ActiveCfg = Debug|x86
		{B538FE07-98D3-487A-8596-D57BB69BB72D}.Debug|x86.Build.0 = Debug|x86
		{B538FE07-98D3-487A-8596-D57BB69BB72D}.dev|Any CPU.ActiveCfg = Debug|x86
		{B538FE07-98D3-487A-8596-D57BB69BB72D}.dev|Mixed Platforms.ActiveCfg = Debug|x86
		{B538FE07-98D3-487A-8596-D57BB69BB72D}.dev|Mixed Platforms.Build.0 = Debug|x86
		{B538FE07-98D3-487A-8596-D57BB69BB72D}.dev|x86.ActiveCfg = Debug|x86
		{B538FE07-98D3-487A-8596-D57BB69BB72D}.dev|x86.Build.0 = Debug|x86
		{B538FE07-98D3-487A-8596-D57BB69BB72D}.Kemsa|Any CPU.ActiveCfg = Release|x86
		{B538FE07-98D3-487A-8596-D57BB69BB72D}.Kemsa|Mixed Platforms.ActiveCfg = Release|x86
		{B538FE07-98D3-487A-8596-D57BB69BB72D}.Kemsa|Mixed Platforms.Build.0 = Release|x86
		{B538FE07-98D3-487A-8596-D57BB69BB72D}.Kemsa|x86.ActiveCfg = Release|x86
		{B538FE07-98D3-487A-8596-D57BB69BB72D}.Kemsa|x86.Build.0 = Release|x86
		{B538FE07-98D3-487A-8596-D57BB69BB72D}.Release|Any CPU.ActiveCfg = Release|x86
		{B538FE07-98D3-487A-8596-D57BB69BB72D}.Release|Mixed Platforms.ActiveCfg = Release|x86
		{B538FE07-98D3-487A-8596-D57BB69BB72D}.Release|Mixed Platforms.Build.0 = Release|x86
		{B538FE07-98D3-487A-8596-D57BB69BB72D}.Release|x86.ActiveCfg = Release|x86
		{B538FE07-98D3-487A-8596-D57BB69BB72D}.Release|x86.Build.0 = Release|x86
		{40FF958B-EE1D-42BA-8678-02B6BD61AE41}.Debug|Any CPU.ActiveCfg = Debug|Any CPU
		{40FF958B-EE1D-42BA-8678-02B6BD61AE41}.Debug|Any CPU.Build.0 = Debug|Any CPU
		{40FF958B-EE1D-42BA-8678-02B6BD61AE41}.Debug|Mixed Platforms.ActiveCfg = Debug|Any CPU
		{40FF958B-EE1D-42BA-8678-02B6BD61AE41}.Debug|Mixed Platforms.Build.0 = Debug|Any CPU
		{40FF958B-EE1D-42BA-8678-02B6BD61AE41}.Debug|x86.ActiveCfg = Debug|Any CPU
		{40FF958B-EE1D-42BA-8678-02B6BD61AE41}.dev|Any CPU.ActiveCfg = Debug|Any CPU
		{40FF958B-EE1D-42BA-8678-02B6BD61AE41}.dev|Any CPU.Build.0 = Debug|Any CPU
		{40FF958B-EE1D-42BA-8678-02B6BD61AE41}.dev|Mixed Platforms.ActiveCfg = Debug|Any CPU
		{40FF958B-EE1D-42BA-8678-02B6BD61AE41}.dev|Mixed Platforms.Build.0 = Debug|Any CPU
		{40FF958B-EE1D-42BA-8678-02B6BD61AE41}.dev|x86.ActiveCfg = Debug|Any CPU
		{40FF958B-EE1D-42BA-8678-02B6BD61AE41}.Kemsa|Any CPU.ActiveCfg = Release|Any CPU
		{40FF958B-EE1D-42BA-8678-02B6BD61AE41}.Kemsa|Any CPU.Build.0 = Release|Any CPU
		{40FF958B-EE1D-42BA-8678-02B6BD61AE41}.Kemsa|Mixed Platforms.ActiveCfg = Release|Any CPU
		{40FF958B-EE1D-42BA-8678-02B6BD61AE41}.Kemsa|Mixed Platforms.Build.0 = Release|Any CPU
		{40FF958B-EE1D-42BA-8678-02B6BD61AE41}.Kemsa|x86.ActiveCfg = Release|Any CPU
		{40FF958B-EE1D-42BA-8678-02B6BD61AE41}.Release|Any CPU.ActiveCfg = Release|Any CPU
		{40FF958B-EE1D-42BA-8678-02B6BD61AE41}.Release|Any CPU.Build.0 = Release|Any CPU
		{40FF958B-EE1D-42BA-8678-02B6BD61AE41}.Release|Mixed Platforms.ActiveCfg = Release|Any CPU
		{40FF958B-EE1D-42BA-8678-02B6BD61AE41}.Release|Mixed Platforms.Build.0 = Release|Any CPU
		{40FF958B-EE1D-42BA-8678-02B6BD61AE41}.Release|x86.ActiveCfg = Release|Any CPU
		{5B973130-C655-462B-8B76-01AA03792645}.Debug|Any CPU.ActiveCfg = Debug|Any CPU
		{5B973130-C655-462B-8B76-01AA03792645}.Debug|Any CPU.Build.0 = Debug|Any CPU
		{5B973130-C655-462B-8B76-01AA03792645}.Debug|Mixed Platforms.ActiveCfg = Debug|Any CPU
		{5B973130-C655-462B-8B76-01AA03792645}.Debug|Mixed Platforms.Build.0 = Debug|Any CPU
		{5B973130-C655-462B-8B76-01AA03792645}.Debug|x86.ActiveCfg = Debug|Any CPU
		{5B973130-C655-462B-8B76-01AA03792645}.dev|Any CPU.ActiveCfg = Debug|Any CPU
		{5B973130-C655-462B-8B76-01AA03792645}.dev|Any CPU.Build.0 = Debug|Any CPU
		{5B973130-C655-462B-8B76-01AA03792645}.dev|Mixed Platforms.ActiveCfg = Debug|Any CPU
		{5B973130-C655-462B-8B76-01AA03792645}.dev|Mixed Platforms.Build.0 = Debug|Any CPU
		{5B973130-C655-462B-8B76-01AA03792645}.dev|x86.ActiveCfg = Debug|Any CPU
		{5B973130-C655-462B-8B76-01AA03792645}.Kemsa|Any CPU.ActiveCfg = Release|Any CPU
		{5B973130-C655-462B-8B76-01AA03792645}.Kemsa|Any CPU.Build.0 = Release|Any CPU
		{5B973130-C655-462B-8B76-01AA03792645}.Kemsa|Mixed Platforms.ActiveCfg = Release|Any CPU
		{5B973130-C655-462B-8B76-01AA03792645}.Kemsa|Mixed Platforms.Build.0 = Release|Any CPU
		{5B973130-C655-462B-8B76-01AA03792645}.Kemsa|x86.ActiveCfg = Release|Any CPU
		{5B973130-C655-462B-8B76-01AA03792645}.Release|Any CPU.ActiveCfg = Release|Any CPU
		{5B973130-C655-462B-8B76-01AA03792645}.Release|Any CPU.Build.0 = Release|Any CPU
		{5B973130-C655-462B-8B76-01AA03792645}.Release|Mixed Platforms.ActiveCfg = Release|Any CPU
		{5B973130-C655-462B-8B76-01AA03792645}.Release|Mixed Platforms.Build.0 = Release|Any CPU
		{5B973130-C655-462B-8B76-01AA03792645}.Release|x86.ActiveCfg = Release|Any CPU
		{C29F45A4-3A5B-41E4-9918-A0C1EBE926CC}.Debug|Any CPU.ActiveCfg = Debug|Any CPU
		{C29F45A4-3A5B-41E4-9918-A0C1EBE926CC}.Debug|Any CPU.Build.0 = Debug|Any CPU
		{C29F45A4-3A5B-41E4-9918-A0C1EBE926CC}.Debug|Mixed Platforms.ActiveCfg = Debug|Any CPU
		{C29F45A4-3A5B-41E4-9918-A0C1EBE926CC}.Debug|Mixed Platforms.Build.0 = Debug|Any CPU
		{C29F45A4-3A5B-41E4-9918-A0C1EBE926CC}.Debug|x86.ActiveCfg = Debug|Any CPU
		{C29F45A4-3A5B-41E4-9918-A0C1EBE926CC}.dev|Any CPU.ActiveCfg = Debug|Any CPU
		{C29F45A4-3A5B-41E4-9918-A0C1EBE926CC}.dev|Any CPU.Build.0 = Debug|Any CPU
		{C29F45A4-3A5B-41E4-9918-A0C1EBE926CC}.dev|Mixed Platforms.ActiveCfg = Debug|Any CPU
		{C29F45A4-3A5B-41E4-9918-A0C1EBE926CC}.dev|Mixed Platforms.Build.0 = Debug|Any CPU
		{C29F45A4-3A5B-41E4-9918-A0C1EBE926CC}.dev|x86.ActiveCfg = Debug|Any CPU
		{C29F45A4-3A5B-41E4-9918-A0C1EBE926CC}.Kemsa|Any CPU.ActiveCfg = Release|Any CPU
		{C29F45A4-3A5B-41E4-9918-A0C1EBE926CC}.Kemsa|Any CPU.Build.0 = Release|Any CPU
		{C29F45A4-3A5B-41E4-9918-A0C1EBE926CC}.Kemsa|Mixed Platforms.ActiveCfg = Release|Any CPU
		{C29F45A4-3A5B-41E4-9918-A0C1EBE926CC}.Kemsa|Mixed Platforms.Build.0 = Release|Any CPU
		{C29F45A4-3A5B-41E4-9918-A0C1EBE926CC}.Kemsa|x86.ActiveCfg = Release|Any CPU
		{C29F45A4-3A5B-41E4-9918-A0C1EBE926CC}.Release|Any CPU.ActiveCfg = Release|Any CPU
		{C29F45A4-3A5B-41E4-9918-A0C1EBE926CC}.Release|Any CPU.Build.0 = Release|Any CPU
		{C29F45A4-3A5B-41E4-9918-A0C1EBE926CC}.Release|Mixed Platforms.ActiveCfg = Release|Any CPU
		{C29F45A4-3A5B-41E4-9918-A0C1EBE926CC}.Release|Mixed Platforms.Build.0 = Release|Any CPU
		{C29F45A4-3A5B-41E4-9918-A0C1EBE926CC}.Release|x86.ActiveCfg = Release|Any CPU
		{D6832D16-16B4-457B-824E-0E3B2910CD3F}.Debug|Any CPU.ActiveCfg = Debug|Any CPU
		{D6832D16-16B4-457B-824E-0E3B2910CD3F}.Debug|Any CPU.Build.0 = Debug|Any CPU
		{D6832D16-16B4-457B-824E-0E3B2910CD3F}.Debug|Mixed Platforms.ActiveCfg = Debug|Any CPU
		{D6832D16-16B4-457B-824E-0E3B2910CD3F}.Debug|Mixed Platforms.Build.0 = Debug|Any CPU
		{D6832D16-16B4-457B-824E-0E3B2910CD3F}.Debug|x86.ActiveCfg = Debug|Any CPU
		{D6832D16-16B4-457B-824E-0E3B2910CD3F}.dev|Any CPU.ActiveCfg = Debug|Any CPU
		{D6832D16-16B4-457B-824E-0E3B2910CD3F}.dev|Any CPU.Build.0 = Debug|Any CPU
		{D6832D16-16B4-457B-824E-0E3B2910CD3F}.dev|Mixed Platforms.ActiveCfg = Debug|Any CPU
		{D6832D16-16B4-457B-824E-0E3B2910CD3F}.dev|Mixed Platforms.Build.0 = Debug|Any CPU
		{D6832D16-16B4-457B-824E-0E3B2910CD3F}.dev|x86.ActiveCfg = Debug|Any CPU
		{D6832D16-16B4-457B-824E-0E3B2910CD3F}.Kemsa|Any CPU.ActiveCfg = Release|Any CPU
		{D6832D16-16B4-457B-824E-0E3B2910CD3F}.Kemsa|Any CPU.Build.0 = Release|Any CPU
		{D6832D16-16B4-457B-824E-0E3B2910CD3F}.Kemsa|Mixed Platforms.ActiveCfg = Release|Any CPU
		{D6832D16-16B4-457B-824E-0E3B2910CD3F}.Kemsa|Mixed Platforms.Build.0 = Release|Any CPU
		{D6832D16-16B4-457B-824E-0E3B2910CD3F}.Kemsa|x86.ActiveCfg = Release|Any CPU
		{D6832D16-16B4-457B-824E-0E3B2910CD3F}.Release|Any CPU.ActiveCfg = Release|Any CPU
		{D6832D16-16B4-457B-824E-0E3B2910CD3F}.Release|Any CPU.Build.0 = Release|Any CPU
		{D6832D16-16B4-457B-824E-0E3B2910CD3F}.Release|Mixed Platforms.ActiveCfg = Release|Any CPU
		{D6832D16-16B4-457B-824E-0E3B2910CD3F}.Release|Mixed Platforms.Build.0 = Release|Any CPU
		{D6832D16-16B4-457B-824E-0E3B2910CD3F}.Release|x86.ActiveCfg = Release|Any CPU
		{A9294876-9535-4BDF-9A34-71F68EA45508}.Debug|Any CPU.ActiveCfg = Debug|Any CPU
		{A9294876-9535-4BDF-9A34-71F68EA45508}.Debug|Any CPU.Build.0 = Debug|Any CPU
		{A9294876-9535-4BDF-9A34-71F68EA45508}.Debug|Mixed Platforms.ActiveCfg = Debug|Any CPU
		{A9294876-9535-4BDF-9A34-71F68EA45508}.Debug|Mixed Platforms.Build.0 = Debug|Any CPU
		{A9294876-9535-4BDF-9A34-71F68EA45508}.Debug|x86.ActiveCfg = Debug|Any CPU
		{A9294876-9535-4BDF-9A34-71F68EA45508}.dev|Any CPU.ActiveCfg = Debug|Any CPU
		{A9294876-9535-4BDF-9A34-71F68EA45508}.dev|Any CPU.Build.0 = Debug|Any CPU
		{A9294876-9535-4BDF-9A34-71F68EA45508}.dev|Mixed Platforms.ActiveCfg = Debug|Any CPU
		{A9294876-9535-4BDF-9A34-71F68EA45508}.dev|Mixed Platforms.Build.0 = Debug|Any CPU
		{A9294876-9535-4BDF-9A34-71F68EA45508}.dev|x86.ActiveCfg = Debug|Any CPU
		{A9294876-9535-4BDF-9A34-71F68EA45508}.Kemsa|Any CPU.ActiveCfg = Release|Any CPU
		{A9294876-9535-4BDF-9A34-71F68EA45508}.Kemsa|Any CPU.Build.0 = Release|Any CPU
		{A9294876-9535-4BDF-9A34-71F68EA45508}.Kemsa|Mixed Platforms.ActiveCfg = Release|Any CPU
		{A9294876-9535-4BDF-9A34-71F68EA45508}.Kemsa|Mixed Platforms.Build.0 = Release|Any CPU
		{A9294876-9535-4BDF-9A34-71F68EA45508}.Kemsa|x86.ActiveCfg = Release|Any CPU
		{A9294876-9535-4BDF-9A34-71F68EA45508}.Release|Any CPU.ActiveCfg = Release|Any CPU
		{A9294876-9535-4BDF-9A34-71F68EA45508}.Release|Any CPU.Build.0 = Release|Any CPU
		{A9294876-9535-4BDF-9A34-71F68EA45508}.Release|Mixed Platforms.ActiveCfg = Release|Any CPU
		{A9294876-9535-4BDF-9A34-71F68EA45508}.Release|Mixed Platforms.Build.0 = Release|Any CPU
		{A9294876-9535-4BDF-9A34-71F68EA45508}.Release|x86.ActiveCfg = Release|Any CPU
		{F3E2D2BD-B5FD-4F28-8850-6E835DF9FE5A}.Debug|Any CPU.ActiveCfg = Debug|Any CPU
		{F3E2D2BD-B5FD-4F28-8850-6E835DF9FE5A}.Debug|Any CPU.Build.0 = Debug|Any CPU
		{F3E2D2BD-B5FD-4F28-8850-6E835DF9FE5A}.Debug|Mixed Platforms.ActiveCfg = Debug|Any CPU
		{F3E2D2BD-B5FD-4F28-8850-6E835DF9FE5A}.Debug|Mixed Platforms.Build.0 = Debug|Any CPU
		{F3E2D2BD-B5FD-4F28-8850-6E835DF9FE5A}.Debug|x86.ActiveCfg = Debug|Any CPU
		{F3E2D2BD-B5FD-4F28-8850-6E835DF9FE5A}.dev|Any CPU.ActiveCfg = Debug|Any CPU
		{F3E2D2BD-B5FD-4F28-8850-6E835DF9FE5A}.dev|Any CPU.Build.0 = Debug|Any CPU
		{F3E2D2BD-B5FD-4F28-8850-6E835DF9FE5A}.dev|Mixed Platforms.ActiveCfg = Debug|Any CPU
		{F3E2D2BD-B5FD-4F28-8850-6E835DF9FE5A}.dev|Mixed Platforms.Build.0 = Debug|Any CPU
		{F3E2D2BD-B5FD-4F28-8850-6E835DF9FE5A}.dev|x86.ActiveCfg = Debug|Any CPU
		{F3E2D2BD-B5FD-4F28-8850-6E835DF9FE5A}.Kemsa|Any CPU.ActiveCfg = Release|Any CPU
		{F3E2D2BD-B5FD-4F28-8850-6E835DF9FE5A}.Kemsa|Any CPU.Build.0 = Release|Any CPU
		{F3E2D2BD-B5FD-4F28-8850-6E835DF9FE5A}.Kemsa|Mixed Platforms.ActiveCfg = Release|Any CPU
		{F3E2D2BD-B5FD-4F28-8850-6E835DF9FE5A}.Kemsa|Mixed Platforms.Build.0 = Release|Any CPU
		{F3E2D2BD-B5FD-4F28-8850-6E835DF9FE5A}.Kemsa|x86.ActiveCfg = Release|Any CPU
		{F3E2D2BD-B5FD-4F28-8850-6E835DF9FE5A}.Release|Any CPU.ActiveCfg = Release|Any CPU
		{F3E2D2BD-B5FD-4F28-8850-6E835DF9FE5A}.Release|Any CPU.Build.0 = Release|Any CPU
		{F3E2D2BD-B5FD-4F28-8850-6E835DF9FE5A}.Release|Mixed Platforms.ActiveCfg = Release|Any CPU
		{F3E2D2BD-B5FD-4F28-8850-6E835DF9FE5A}.Release|Mixed Platforms.Build.0 = Release|Any CPU
		{F3E2D2BD-B5FD-4F28-8850-6E835DF9FE5A}.Release|x86.ActiveCfg = Release|Any CPU
		{9BDBD38D-37F0-4A5B-97DB-A0B13C616ECD}.Debug|Any CPU.ActiveCfg = Debug|Any CPU
		{9BDBD38D-37F0-4A5B-97DB-A0B13C616ECD}.Debug|Any CPU.Build.0 = Debug|Any CPU
		{9BDBD38D-37F0-4A5B-97DB-A0B13C616ECD}.Debug|Mixed Platforms.ActiveCfg = Debug|Any CPU
		{9BDBD38D-37F0-4A5B-97DB-A0B13C616ECD}.Debug|Mixed Platforms.Build.0 = Debug|Any CPU
		{9BDBD38D-37F0-4A5B-97DB-A0B13C616ECD}.Debug|x86.ActiveCfg = Debug|Any CPU
		{9BDBD38D-37F0-4A5B-97DB-A0B13C616ECD}.dev|Any CPU.ActiveCfg = Debug|Any CPU
		{9BDBD38D-37F0-4A5B-97DB-A0B13C616ECD}.dev|Any CPU.Build.0 = Debug|Any CPU
		{9BDBD38D-37F0-4A5B-97DB-A0B13C616ECD}.dev|Mixed Platforms.ActiveCfg = Debug|Any CPU
		{9BDBD38D-37F0-4A5B-97DB-A0B13C616ECD}.dev|Mixed Platforms.Build.0 = Debug|Any CPU
		{9BDBD38D-37F0-4A5B-97DB-A0B13C616ECD}.dev|x86.ActiveCfg = Debug|Any CPU
		{9BDBD38D-37F0-4A5B-97DB-A0B13C616ECD}.Kemsa|Any CPU.ActiveCfg = Release|Any CPU
		{9BDBD38D-37F0-4A5B-97DB-A0B13C616ECD}.Kemsa|Any CPU.Build.0 = Release|Any CPU
		{9BDBD38D-37F0-4A5B-97DB-A0B13C616ECD}.Kemsa|Mixed Platforms.ActiveCfg = Release|Any CPU
		{9BDBD38D-37F0-4A5B-97DB-A0B13C616ECD}.Kemsa|Mixed Platforms.Build.0 = Release|Any CPU
		{9BDBD38D-37F0-4A5B-97DB-A0B13C616ECD}.Kemsa|x86.ActiveCfg = Release|Any CPU
		{9BDBD38D-37F0-4A5B-97DB-A0B13C616ECD}.Release|Any CPU.ActiveCfg = Release|Any CPU
		{9BDBD38D-37F0-4A5B-97DB-A0B13C616ECD}.Release|Any CPU.Build.0 = Release|Any CPU
		{9BDBD38D-37F0-4A5B-97DB-A0B13C616ECD}.Release|Mixed Platforms.ActiveCfg = Release|Any CPU
		{9BDBD38D-37F0-4A5B-97DB-A0B13C616ECD}.Release|Mixed Platforms.Build.0 = Release|Any CPU
		{9BDBD38D-37F0-4A5B-97DB-A0B13C616ECD}.Release|x86.ActiveCfg = Release|Any CPU
		{4179EC92-F163-4031-A8E5-DDFD8CDAC878}.Debug|Any CPU.ActiveCfg = Debug|Any CPU
		{4179EC92-F163-4031-A8E5-DDFD8CDAC878}.Debug|Any CPU.Build.0 = Debug|Any CPU
		{4179EC92-F163-4031-A8E5-DDFD8CDAC878}.Debug|Mixed Platforms.ActiveCfg = Debug|Any CPU
		{4179EC92-F163-4031-A8E5-DDFD8CDAC878}.Debug|Mixed Platforms.Build.0 = Debug|Any CPU
		{4179EC92-F163-4031-A8E5-DDFD8CDAC878}.Debug|x86.ActiveCfg = Debug|Any CPU
		{4179EC92-F163-4031-A8E5-DDFD8CDAC878}.dev|Any CPU.ActiveCfg = Debug|Any CPU
		{4179EC92-F163-4031-A8E5-DDFD8CDAC878}.dev|Any CPU.Build.0 = Debug|Any CPU
		{4179EC92-F163-4031-A8E5-DDFD8CDAC878}.dev|Mixed Platforms.ActiveCfg = Debug|Any CPU
		{4179EC92-F163-4031-A8E5-DDFD8CDAC878}.dev|Mixed Platforms.Build.0 = Debug|Any CPU
		{4179EC92-F163-4031-A8E5-DDFD8CDAC878}.dev|x86.ActiveCfg = Debug|Any CPU
		{4179EC92-F163-4031-A8E5-DDFD8CDAC878}.Kemsa|Any CPU.ActiveCfg = Release|Any CPU
		{4179EC92-F163-4031-A8E5-DDFD8CDAC878}.Kemsa|Any CPU.Build.0 = Release|Any CPU
		{4179EC92-F163-4031-A8E5-DDFD8CDAC878}.Kemsa|Mixed Platforms.ActiveCfg = Release|Any CPU
		{4179EC92-F163-4031-A8E5-DDFD8CDAC878}.Kemsa|Mixed Platforms.Build.0 = Release|Any CPU
		{4179EC92-F163-4031-A8E5-DDFD8CDAC878}.Kemsa|x86.ActiveCfg = Release|Any CPU
		{4179EC92-F163-4031-A8E5-DDFD8CDAC878}.Release|Any CPU.ActiveCfg = Release|Any CPU
		{4179EC92-F163-4031-A8E5-DDFD8CDAC878}.Release|Any CPU.Build.0 = Release|Any CPU
		{4179EC92-F163-4031-A8E5-DDFD8CDAC878}.Release|Mixed Platforms.ActiveCfg = Release|Any CPU
		{4179EC92-F163-4031-A8E5-DDFD8CDAC878}.Release|Mixed Platforms.Build.0 = Release|Any CPU
		{4179EC92-F163-4031-A8E5-DDFD8CDAC878}.Release|x86.ActiveCfg = Release|Any CPU
		{61BECB17-F0AD-4A63-A85E-BB970136898C}.Debug|Any CPU.ActiveCfg = Debug|Any CPU
		{61BECB17-F0AD-4A63-A85E-BB970136898C}.Debug|Any CPU.Build.0 = Debug|Any CPU
		{61BECB17-F0AD-4A63-A85E-BB970136898C}.Debug|Mixed Platforms.ActiveCfg = Debug|Any CPU
		{61BECB17-F0AD-4A63-A85E-BB970136898C}.Debug|Mixed Platforms.Build.0 = Debug|Any CPU
		{61BECB17-F0AD-4A63-A85E-BB970136898C}.Debug|x86.ActiveCfg = Debug|Any CPU
		{61BECB17-F0AD-4A63-A85E-BB970136898C}.dev|Any CPU.ActiveCfg = Debug|Any CPU
		{61BECB17-F0AD-4A63-A85E-BB970136898C}.dev|Any CPU.Build.0 = Debug|Any CPU
		{61BECB17-F0AD-4A63-A85E-BB970136898C}.dev|Mixed Platforms.ActiveCfg = Debug|Any CPU
		{61BECB17-F0AD-4A63-A85E-BB970136898C}.dev|Mixed Platforms.Build.0 = Debug|Any CPU
		{61BECB17-F0AD-4A63-A85E-BB970136898C}.dev|x86.ActiveCfg = Debug|Any CPU
		{61BECB17-F0AD-4A63-A85E-BB970136898C}.Kemsa|Any CPU.ActiveCfg = Release|Any CPU
		{61BECB17-F0AD-4A63-A85E-BB970136898C}.Kemsa|Any CPU.Build.0 = Release|Any CPU
		{61BECB17-F0AD-4A63-A85E-BB970136898C}.Kemsa|Mixed Platforms.ActiveCfg = Release|Any CPU
		{61BECB17-F0AD-4A63-A85E-BB970136898C}.Kemsa|Mixed Platforms.Build.0 = Release|Any CPU
		{61BECB17-F0AD-4A63-A85E-BB970136898C}.Kemsa|x86.ActiveCfg = Release|Any CPU
		{61BECB17-F0AD-4A63-A85E-BB970136898C}.Release|Any CPU.ActiveCfg = Release|Any CPU
		{61BECB17-F0AD-4A63-A85E-BB970136898C}.Release|Any CPU.Build.0 = Release|Any CPU
		{61BECB17-F0AD-4A63-A85E-BB970136898C}.Release|Mixed Platforms.ActiveCfg = Release|Any CPU
		{61BECB17-F0AD-4A63-A85E-BB970136898C}.Release|Mixed Platforms.Build.0 = Release|Any CPU
		{61BECB17-F0AD-4A63-A85E-BB970136898C}.Release|x86.ActiveCfg = Release|Any CPU
		{DC098509-A863-43FF-851E-0223359B0976}.Debug|Any CPU.ActiveCfg = Debug|Any CPU
		{DC098509-A863-43FF-851E-0223359B0976}.Debug|Any CPU.Build.0 = Debug|Any CPU
		{DC098509-A863-43FF-851E-0223359B0976}.Debug|Mixed Platforms.ActiveCfg = Debug|Any CPU
		{DC098509-A863-43FF-851E-0223359B0976}.Debug|Mixed Platforms.Build.0 = Debug|Any CPU
		{DC098509-A863-43FF-851E-0223359B0976}.Debug|x86.ActiveCfg = Debug|Any CPU
		{DC098509-A863-43FF-851E-0223359B0976}.dev|Any CPU.ActiveCfg = Debug|Any CPU
		{DC098509-A863-43FF-851E-0223359B0976}.dev|Any CPU.Build.0 = Debug|Any CPU
		{DC098509-A863-43FF-851E-0223359B0976}.dev|Mixed Platforms.ActiveCfg = Debug|Any CPU
		{DC098509-A863-43FF-851E-0223359B0976}.dev|Mixed Platforms.Build.0 = Debug|Any CPU
		{DC098509-A863-43FF-851E-0223359B0976}.dev|x86.ActiveCfg = Debug|Any CPU
		{DC098509-A863-43FF-851E-0223359B0976}.Kemsa|Any CPU.ActiveCfg = Release|Any CPU
		{DC098509-A863-43FF-851E-0223359B0976}.Kemsa|Any CPU.Build.0 = Release|Any CPU
		{DC098509-A863-43FF-851E-0223359B0976}.Kemsa|Mixed Platforms.ActiveCfg = Release|Any CPU
		{DC098509-A863-43FF-851E-0223359B0976}.Kemsa|Mixed Platforms.Build.0 = Release|Any CPU
		{DC098509-A863-43FF-851E-0223359B0976}.Kemsa|x86.ActiveCfg = Release|Any CPU
		{DC098509-A863-43FF-851E-0223359B0976}.Release|Any CPU.ActiveCfg = Release|Any CPU
		{DC098509-A863-43FF-851E-0223359B0976}.Release|Any CPU.Build.0 = Release|Any CPU
		{DC098509-A863-43FF-851E-0223359B0976}.Release|Mixed Platforms.ActiveCfg = Release|Any CPU
		{DC098509-A863-43FF-851E-0223359B0976}.Release|Mixed Platforms.Build.0 = Release|Any CPU
		{DC098509-A863-43FF-851E-0223359B0976}.Release|x86.ActiveCfg = Release|Any CPU
	EndGlobalSection
	GlobalSection(SolutionProperties) = preSolution
		HideSolutionNode = FALSE
	EndGlobalSection
	GlobalSection(NestedProjects) = preSolution
		{BDC7080F-29F6-4623-AA83-7AFF46E89AE8} = {10487F6D-B3F8-43FD-81B2-C4D5F5DC4E19}
		{CAE48B90-FD6F-4333-BE8D-F71B8714F5DC} = {10487F6D-B3F8-43FD-81B2-C4D5F5DC4E19}
		{900F434E-7D81-422B-B567-1564C79CEAB3} = {BF77221F-092B-4A87-89BE-215CE0962F9F}
		{79177CFC-0183-4C6C-8BBC-85D599D02F57} = {7335D163-482E-474E-B820-C1FDB7B8B57B}
		{B9EE272B-6D02-47A5-B6F6-D96CB102404E} = {FE106BD1-A972-440C-A264-8617DB818807}
		{D2999A44-EAC9-4F84-BB28-F268E254536D} = {8292B68A-707A-41B7-9283-CC261AB1F5A4}
		{5E3F9446-B4DF-4D2E-B014-C79524C03F88} = {8292B68A-707A-41B7-9283-CC261AB1F5A4}
		{7271F6B1-35F0-4C0A-A4CB-3F10D426E37F} = {10487F6D-B3F8-43FD-81B2-C4D5F5DC4E19}
		{BD174F35-5450-49AC-9E93-97DC957A1B63} = {58379CB4-EA9B-4632-AAEA-24B2C1397F5B}
		{32622929-C3AA-4459-9734-0E70E8E628F5} = {58379CB4-EA9B-4632-AAEA-24B2C1397F5B}
		{132F8997-3048-4C25-923E-2DA2E044C00B} = {014BD65F-CAB6-4270-917D-7007A82DD306}
		{93BFFFFD-89AB-49CC-9233-B313C0733D2A} = {014BD65F-CAB6-4270-917D-7007A82DD306}
		{7B0AECCF-2068-4B8D-AAA0-6EA557967C2D} = {014BD65F-CAB6-4270-917D-7007A82DD306}
		{8F5643BA-D356-4D74-BA07-D4476AB12101} = {10487F6D-B3F8-43FD-81B2-C4D5F5DC4E19}
		{8267BAA6-73D1-4DBB-B70A-6C7BFFCD66AC} = {BDC7080F-29F6-4623-AA83-7AFF46E89AE8}
		{6B58CA8C-B396-4C8D-922E-D3E7A9FA296D} = {CAE48B90-FD6F-4333-BE8D-F71B8714F5DC}
		{D3D60175-1436-487B-98F0-1671FB5C37DC} = {9C7FA93A-8C68-468B-9888-AB1F7ADBA4FB}
		{C6BECE74-FF43-40A8-B80A-F820E5AF7985} = {9C7FA93A-8C68-468B-9888-AB1F7ADBA4FB}
		{7FAFA880-4E65-4D41-9229-493372AF7188} = {9C7FA93A-8C68-468B-9888-AB1F7ADBA4FB}
		{8707481D-6E93-4F11-B778-68B5F55CF541} = {9C7FA93A-8C68-468B-9888-AB1F7ADBA4FB}
		{B538FE07-98D3-487A-8596-D57BB69BB72D} = {9C7FA93A-8C68-468B-9888-AB1F7ADBA4FB}
		{40FF958B-EE1D-42BA-8678-02B6BD61AE41} = {10487F6D-B3F8-43FD-81B2-C4D5F5DC4E19}
		{5B973130-C655-462B-8B76-01AA03792645} = {10487F6D-B3F8-43FD-81B2-C4D5F5DC4E19}
		{C29F45A4-3A5B-41E4-9918-A0C1EBE926CC} = {9C7FA93A-8C68-468B-9888-AB1F7ADBA4FB}
		{D6832D16-16B4-457B-824E-0E3B2910CD3F} = {8292B68A-707A-41B7-9283-CC261AB1F5A4}
		{9728067B-B1D9-4CB9-8C86-AB88B30E210C} = {04AC5BAF-B6A6-417D-AEE5-3E4EBFA5D7F9}
		{A9294876-9535-4BDF-9A34-71F68EA45508} = {9C7FA93A-8C68-468B-9888-AB1F7ADBA4FB}
		{F3E2D2BD-B5FD-4F28-8850-6E835DF9FE5A} = {8292B68A-707A-41B7-9283-CC261AB1F5A4}
		{9BDBD38D-37F0-4A5B-97DB-A0B13C616ECD} = {014BD65F-CAB6-4270-917D-7007A82DD306}
		{4179EC92-F163-4031-A8E5-DDFD8CDAC878} = {10487F6D-B3F8-43FD-81B2-C4D5F5DC4E19}
		{61BECB17-F0AD-4A63-A85E-BB970136898C} = {BDC7080F-29F6-4623-AA83-7AFF46E89AE8}
		{79CA1BE8-F046-4A25-BD76-61E90FAE5D39} = {BF77221F-092B-4A87-89BE-215CE0962F9F}
		{DC098509-A863-43FF-851E-0223359B0976} = {9728067B-B1D9-4CB9-8C86-AB88B30E210C}
		{7335D163-482E-474E-B820-C1FDB7B8B57B} = {04AC5BAF-B6A6-417D-AEE5-3E4EBFA5D7F9}
	EndGlobalSection
	GlobalSection(SubversionScc) = preSolution
		Svn-Managed = True
		Manager = AnkhSVN - Subversion Support for Visual Studio
	EndGlobalSection
EndGlobal
