
Microsoft Visual Studio Solution File, Format Version 12.00
# Visual Studio 2012
Project("{2150E333-8FDC-42A3-9474-1A3956D46DE8}") = "Domain", "Domain", "{BF77221F-092B-4A87-89BE-215CE0962F9F}"
EndProject
Project("{2150E333-8FDC-42A3-9474-1A3956D46DE8}") = "Data", "Data", "{FE106BD1-A972-440C-A264-8617DB818807}"
EndProject
Project("{FAE04EC0-301F-11D3-BF4B-00C04F79EFBC}") = "Distributr.Core", "Distributor.Core\Distributr.Core.csproj", "{900F434E-7D81-422B-B567-1564C79CEAB3}"
EndProject
Project("{FAE04EC0-301F-11D3-BF4B-00C04F79EFBC}") = "Distributr.Core.Data", "Distributor.Core.Data\Distributr.Core.Data.csproj", "{B9EE272B-6D02-47A5-B6F6-D96CB102404E}"
EndProject
Project("{2150E333-8FDC-42A3-9474-1A3956D46DE8}") = ".nuget", ".nuget", "{05025A66-7046-4E19-A397-D845CC286A34}"
	ProjectSection(SolutionItems) = preProject
		.nuget\NuGet.Config = .nuget\NuGet.Config
		.nuget\NuGet.exe = .nuget\NuGet.exe
		.nuget\NuGet.targets = .nuget\NuGet.targets
	EndProjectSection
EndProject
Project("{FAE04EC0-301F-11D3-BF4B-00C04F79EFBC}") = "Distributr.DataImporter.Lib", "Distributr.DataImporter.Lib\Distributr.DataImporter.Lib.csproj", "{75E8BC25-FFF8-4A1C-ABB3-B9F150931336}"
EndProject
Project("{2150E333-8FDC-42A3-9474-1A3956D46DE8}") = "FCLDataImporter", "FCLDataImporter", "{B2F69C7C-A0D9-4539-A05D-61F832FAD11E}"
EndProject
Project("{FAE04EC0-301F-11D3-BF4B-00C04F79EFBC}") = "FCLDataImporter.UI", "FCLDataImporter.UI\FCLDataImporter.UI.csproj", "{0C99EE4E-E049-4C24-8499-F318C99602BF}"
EndProject
Project("{FAE04EC0-301F-11D3-BF4B-00C04F79EFBC}") = "Distributr.WPF.Lib.Services", "Distributr.WPF.Lib.Services\Distributr.WPF.Lib.Services.csproj", "{C29F45A4-3A5B-41E4-9918-A0C1EBE926CC}"
EndProject
Project("{FAE04EC0-301F-11D3-BF4B-00C04F79EFBC}") = "Distributr.WPF.Lib.Data", "Distributr.WPF.Lib.Data\Distributr.WPF.Lib.Data.csproj", "{8707481D-6E93-4F11-B778-68B5F55CF541}"
EndProject
Project("{FAE04EC0-301F-11D3-BF4B-00C04F79EFBC}") = "Distributr.WPF.Lib.Impl", "Distributr.WPF.Lib.Impl\Distributr.WPF.Lib.Impl.csproj", "{7FAFA880-4E65-4D41-9229-493372AF7188}"
EndProject
Project("{FAE04EC0-301F-11D3-BF4B-00C04F79EFBC}") = "Distributr.WPF.Lib", "Distributr.WPF.Lib\Distributr.WPF.Lib.csproj", "{D3D60175-1436-487B-98F0-1671FB5C37DC}"
EndProject
Project("{FAE04EC0-301F-11D3-BF4B-00C04F79EFBC}") = "Distributr.WSAPI.Lib", "Distributr.WSAPI.Lib\Distributr.WSAPI.Lib.csproj", "{7271F6B1-35F0-4C0A-A4CB-3F10D426E37F}"
EndProject
Project("{FAE04EC0-301F-11D3-BF4B-00C04F79EFBC}") = "PaymentGateway.WSApi.Lib", "PGWSAPI\PaymentGateway.WSApi.Lib\PaymentGateway.WSApi.Lib.csproj", "{93BFFFFD-89AB-49CC-9233-B313C0733D2A}"
EndProject
Project("{FAE04EC0-301F-11D3-BF4B-00C04F79EFBC}") = "System.Windows.Data", "System.Windows.Data\System.Windows.Data.csproj", "{C6BECE74-FF43-40A8-B80A-F820E5AF7985}"
EndProject
Project("{FAE04EC0-301F-11D3-BF4B-00C04F79EFBC}") = "Distributr.DataImporter.Tests", "Distributr.DataImporter.Tests\Distributr.DataImporter.Tests.csproj", "{1FCAF4C6-0F85-4DE6-8936-7F3C10C65D92}"
EndProject
Global
	GlobalSection(SolutionConfigurationPlatforms) = preSolution
		CD_ROM|Any CPU = CD_ROM|Any CPU
		CD_ROM|Mixed Platforms = CD_ROM|Mixed Platforms
		CD_ROM|x86 = CD_ROM|x86
		Debug|Any CPU = Debug|Any CPU
		Debug|Mixed Platforms = Debug|Mixed Platforms
		Debug|x86 = Debug|x86
		dev|Any CPU = dev|Any CPU
		dev|Mixed Platforms = dev|Mixed Platforms
		dev|x86 = dev|x86
		DVD-5|Any CPU = DVD-5|Any CPU
		DVD-5|Mixed Platforms = DVD-5|Mixed Platforms
		DVD-5|x86 = DVD-5|x86
		Kemsa|Any CPU = Kemsa|Any CPU
		Kemsa|Mixed Platforms = Kemsa|Mixed Platforms
		Kemsa|x86 = Kemsa|x86
		Release|Any CPU = Release|Any CPU
		Release|Mixed Platforms = Release|Mixed Platforms
		Release|x86 = Release|x86
		SingleImage|Any CPU = SingleImage|Any CPU
		SingleImage|Mixed Platforms = SingleImage|Mixed Platforms
		SingleImage|x86 = SingleImage|x86
	EndGlobalSection
	GlobalSection(ProjectConfigurationPlatforms) = postSolution
		{900F434E-7D81-422B-B567-1564C79CEAB3}.CD_ROM|Any CPU.ActiveCfg = Release|Any CPU
		{900F434E-7D81-422B-B567-1564C79CEAB3}.CD_ROM|Any CPU.Build.0 = Release|Any CPU
		{900F434E-7D81-422B-B567-1564C79CEAB3}.CD_ROM|Mixed Platforms.ActiveCfg = Release|Any CPU
		{900F434E-7D81-422B-B567-1564C79CEAB3}.CD_ROM|Mixed Platforms.Build.0 = Release|Any CPU
		{900F434E-7D81-422B-B567-1564C79CEAB3}.CD_ROM|x86.ActiveCfg = Release|Any CPU
		{900F434E-7D81-422B-B567-1564C79CEAB3}.Debug|Any CPU.ActiveCfg = Debug|Any CPU
		{900F434E-7D81-422B-B567-1564C79CEAB3}.Debug|Any CPU.Build.0 = Debug|Any CPU
		{900F434E-7D81-422B-B567-1564C79CEAB3}.Debug|Mixed Platforms.ActiveCfg = Debug|Any CPU
		{900F434E-7D81-422B-B567-1564C79CEAB3}.Debug|Mixed Platforms.Build.0 = Debug|Any CPU
		{900F434E-7D81-422B-B567-1564C79CEAB3}.Debug|x86.ActiveCfg = Debug|Any CPU
		{900F434E-7D81-422B-B567-1564C79CEAB3}.dev|Any CPU.ActiveCfg = dev|Any CPU
		{900F434E-7D81-422B-B567-1564C79CEAB3}.dev|Any CPU.Build.0 = dev|Any CPU
		{900F434E-7D81-422B-B567-1564C79CEAB3}.dev|Mixed Platforms.ActiveCfg = dev|Any CPU
		{900F434E-7D81-422B-B567-1564C79CEAB3}.dev|Mixed Platforms.Build.0 = dev|Any CPU
		{900F434E-7D81-422B-B567-1564C79CEAB3}.dev|x86.ActiveCfg = dev|Any CPU
		{900F434E-7D81-422B-B567-1564C79CEAB3}.DVD-5|Any CPU.ActiveCfg = dev|Any CPU
		{900F434E-7D81-422B-B567-1564C79CEAB3}.DVD-5|Any CPU.Build.0 = dev|Any CPU
		{900F434E-7D81-422B-B567-1564C79CEAB3}.DVD-5|Mixed Platforms.ActiveCfg = dev|Any CPU
		{900F434E-7D81-422B-B567-1564C79CEAB3}.DVD-5|Mixed Platforms.Build.0 = dev|Any CPU
		{900F434E-7D81-422B-B567-1564C79CEAB3}.DVD-5|x86.ActiveCfg = dev|Any CPU
		{900F434E-7D81-422B-B567-1564C79CEAB3}.Kemsa|Any CPU.ActiveCfg = Kemsa|Any CPU
		{900F434E-7D81-422B-B567-1564C79CEAB3}.Kemsa|Any CPU.Build.0 = Kemsa|Any CPU
		{900F434E-7D81-422B-B567-1564C79CEAB3}.Kemsa|Mixed Platforms.ActiveCfg = Kemsa|Any CPU
		{900F434E-7D81-422B-B567-1564C79CEAB3}.Kemsa|Mixed Platforms.Build.0 = Kemsa|Any CPU
		{900F434E-7D81-422B-B567-1564C79CEAB3}.Kemsa|x86.ActiveCfg = Kemsa|Any CPU
		{900F434E-7D81-422B-B567-1564C79CEAB3}.Release|Any CPU.ActiveCfg = Release|Any CPU
		{900F434E-7D81-422B-B567-1564C79CEAB3}.Release|Any CPU.Build.0 = Release|Any CPU
		{900F434E-7D81-422B-B567-1564C79CEAB3}.Release|Mixed Platforms.ActiveCfg = Release|Any CPU
		{900F434E-7D81-422B-B567-1564C79CEAB3}.Release|Mixed Platforms.Build.0 = Release|Any CPU
		{900F434E-7D81-422B-B567-1564C79CEAB3}.Release|x86.ActiveCfg = Release|Any CPU
		{900F434E-7D81-422B-B567-1564C79CEAB3}.SingleImage|Any CPU.ActiveCfg = Release|Any CPU
		{900F434E-7D81-422B-B567-1564C79CEAB3}.SingleImage|Any CPU.Build.0 = Release|Any CPU
		{900F434E-7D81-422B-B567-1564C79CEAB3}.SingleImage|Mixed Platforms.ActiveCfg = Release|Any CPU
		{900F434E-7D81-422B-B567-1564C79CEAB3}.SingleImage|Mixed Platforms.Build.0 = Release|Any CPU
		{900F434E-7D81-422B-B567-1564C79CEAB3}.SingleImage|x86.ActiveCfg = Release|Any CPU
		{B9EE272B-6D02-47A5-B6F6-D96CB102404E}.CD_ROM|Any CPU.ActiveCfg = Release|Any CPU
		{B9EE272B-6D02-47A5-B6F6-D96CB102404E}.CD_ROM|Any CPU.Build.0 = Release|Any CPU
		{B9EE272B-6D02-47A5-B6F6-D96CB102404E}.CD_ROM|Mixed Platforms.ActiveCfg = Release|Any CPU
		{B9EE272B-6D02-47A5-B6F6-D96CB102404E}.CD_ROM|Mixed Platforms.Build.0 = Release|Any CPU
		{B9EE272B-6D02-47A5-B6F6-D96CB102404E}.CD_ROM|x86.ActiveCfg = Release|Any CPU
		{B9EE272B-6D02-47A5-B6F6-D96CB102404E}.Debug|Any CPU.ActiveCfg = Debug|Any CPU
		{B9EE272B-6D02-47A5-B6F6-D96CB102404E}.Debug|Any CPU.Build.0 = Debug|Any CPU
		{B9EE272B-6D02-47A5-B6F6-D96CB102404E}.Debug|Mixed Platforms.ActiveCfg = Debug|Any CPU
		{B9EE272B-6D02-47A5-B6F6-D96CB102404E}.Debug|Mixed Platforms.Build.0 = Debug|Any CPU
		{B9EE272B-6D02-47A5-B6F6-D96CB102404E}.Debug|x86.ActiveCfg = Debug|Any CPU
		{B9EE272B-6D02-47A5-B6F6-D96CB102404E}.dev|Any CPU.ActiveCfg = dev|Any CPU
		{B9EE272B-6D02-47A5-B6F6-D96CB102404E}.dev|Any CPU.Build.0 = dev|Any CPU
		{B9EE272B-6D02-47A5-B6F6-D96CB102404E}.dev|Mixed Platforms.ActiveCfg = dev|Any CPU
		{B9EE272B-6D02-47A5-B6F6-D96CB102404E}.dev|Mixed Platforms.Build.0 = dev|Any CPU
		{B9EE272B-6D02-47A5-B6F6-D96CB102404E}.dev|x86.ActiveCfg = dev|Any CPU
		{B9EE272B-6D02-47A5-B6F6-D96CB102404E}.DVD-5|Any CPU.ActiveCfg = dev|Any CPU
		{B9EE272B-6D02-47A5-B6F6-D96CB102404E}.DVD-5|Any CPU.Build.0 = dev|Any CPU
		{B9EE272B-6D02-47A5-B6F6-D96CB102404E}.DVD-5|Mixed Platforms.ActiveCfg = dev|Any CPU
		{B9EE272B-6D02-47A5-B6F6-D96CB102404E}.DVD-5|Mixed Platforms.Build.0 = dev|Any CPU
		{B9EE272B-6D02-47A5-B6F6-D96CB102404E}.DVD-5|x86.ActiveCfg = dev|Any CPU
		{B9EE272B-6D02-47A5-B6F6-D96CB102404E}.Kemsa|Any CPU.ActiveCfg = Kemsa|Any CPU
		{B9EE272B-6D02-47A5-B6F6-D96CB102404E}.Kemsa|Any CPU.Build.0 = Kemsa|Any CPU
		{B9EE272B-6D02-47A5-B6F6-D96CB102404E}.Kemsa|Mixed Platforms.ActiveCfg = Kemsa|Any CPU
		{B9EE272B-6D02-47A5-B6F6-D96CB102404E}.Kemsa|Mixed Platforms.Build.0 = Kemsa|Any CPU
		{B9EE272B-6D02-47A5-B6F6-D96CB102404E}.Kemsa|x86.ActiveCfg = Kemsa|Any CPU
		{B9EE272B-6D02-47A5-B6F6-D96CB102404E}.Release|Any CPU.ActiveCfg = Release|Any CPU
		{B9EE272B-6D02-47A5-B6F6-D96CB102404E}.Release|Any CPU.Build.0 = Release|Any CPU
		{B9EE272B-6D02-47A5-B6F6-D96CB102404E}.Release|Mixed Platforms.ActiveCfg = Release|Any CPU
		{B9EE272B-6D02-47A5-B6F6-D96CB102404E}.Release|Mixed Platforms.Build.0 = Release|Any CPU
		{B9EE272B-6D02-47A5-B6F6-D96CB102404E}.Release|x86.ActiveCfg = Release|Any CPU
		{B9EE272B-6D02-47A5-B6F6-D96CB102404E}.SingleImage|Any CPU.ActiveCfg = Release|Any CPU
		{B9EE272B-6D02-47A5-B6F6-D96CB102404E}.SingleImage|Any CPU.Build.0 = Release|Any CPU
		{B9EE272B-6D02-47A5-B6F6-D96CB102404E}.SingleImage|Mixed Platforms.ActiveCfg = Release|Any CPU
		{B9EE272B-6D02-47A5-B6F6-D96CB102404E}.SingleImage|Mixed Platforms.Build.0 = Release|Any CPU
		{B9EE272B-6D02-47A5-B6F6-D96CB102404E}.SingleImage|x86.ActiveCfg = Release|Any CPU
		{75E8BC25-FFF8-4A1C-ABB3-B9F150931336}.CD_ROM|Any CPU.ActiveCfg = Release|Any CPU
		{75E8BC25-FFF8-4A1C-ABB3-B9F150931336}.CD_ROM|Any CPU.Build.0 = Release|Any CPU
		{75E8BC25-FFF8-4A1C-ABB3-B9F150931336}.CD_ROM|Mixed Platforms.ActiveCfg = Release|Any CPU
		{75E8BC25-FFF8-4A1C-ABB3-B9F150931336}.CD_ROM|Mixed Platforms.Build.0 = Release|Any CPU
		{75E8BC25-FFF8-4A1C-ABB3-B9F150931336}.CD_ROM|x86.ActiveCfg = Release|Any CPU
		{75E8BC25-FFF8-4A1C-ABB3-B9F150931336}.Debug|Any CPU.ActiveCfg = Debug|Any CPU
		{75E8BC25-FFF8-4A1C-ABB3-B9F150931336}.Debug|Any CPU.Build.0 = Debug|Any CPU
		{75E8BC25-FFF8-4A1C-ABB3-B9F150931336}.Debug|Mixed Platforms.ActiveCfg = Debug|Any CPU
		{75E8BC25-FFF8-4A1C-ABB3-B9F150931336}.Debug|Mixed Platforms.Build.0 = Debug|Any CPU
		{75E8BC25-FFF8-4A1C-ABB3-B9F150931336}.Debug|x86.ActiveCfg = Debug|Any CPU
		{75E8BC25-FFF8-4A1C-ABB3-B9F150931336}.dev|Any CPU.ActiveCfg = Debug|Any CPU
		{75E8BC25-FFF8-4A1C-ABB3-B9F150931336}.dev|Any CPU.Build.0 = Debug|Any CPU
		{75E8BC25-FFF8-4A1C-ABB3-B9F150931336}.dev|Mixed Platforms.ActiveCfg = Debug|Any CPU
		{75E8BC25-FFF8-4A1C-ABB3-B9F150931336}.dev|Mixed Platforms.Build.0 = Debug|Any CPU
		{75E8BC25-FFF8-4A1C-ABB3-B9F150931336}.dev|x86.ActiveCfg = Debug|Any CPU
		{75E8BC25-FFF8-4A1C-ABB3-B9F150931336}.DVD-5|Any CPU.ActiveCfg = Debug|Any CPU
		{75E8BC25-FFF8-4A1C-ABB3-B9F150931336}.DVD-5|Any CPU.Build.0 = Debug|Any CPU
		{75E8BC25-FFF8-4A1C-ABB3-B9F150931336}.DVD-5|Mixed Platforms.ActiveCfg = Debug|Any CPU
		{75E8BC25-FFF8-4A1C-ABB3-B9F150931336}.DVD-5|Mixed Platforms.Build.0 = Debug|Any CPU
		{75E8BC25-FFF8-4A1C-ABB3-B9F150931336}.DVD-5|x86.ActiveCfg = Debug|Any CPU
		{75E8BC25-FFF8-4A1C-ABB3-B9F150931336}.Kemsa|Any CPU.ActiveCfg = Release|Any CPU
		{75E8BC25-FFF8-4A1C-ABB3-B9F150931336}.Kemsa|Any CPU.Build.0 = Release|Any CPU
		{75E8BC25-FFF8-4A1C-ABB3-B9F150931336}.Kemsa|Mixed Platforms.ActiveCfg = Release|Any CPU
		{75E8BC25-FFF8-4A1C-ABB3-B9F150931336}.Kemsa|Mixed Platforms.Build.0 = Release|Any CPU
		{75E8BC25-FFF8-4A1C-ABB3-B9F150931336}.Kemsa|x86.ActiveCfg = Release|Any CPU
		{75E8BC25-FFF8-4A1C-ABB3-B9F150931336}.Release|Any CPU.ActiveCfg = Release|Any CPU
		{75E8BC25-FFF8-4A1C-ABB3-B9F150931336}.Release|Any CPU.Build.0 = Release|Any CPU
		{75E8BC25-FFF8-4A1C-ABB3-B9F150931336}.Release|Mixed Platforms.ActiveCfg = Release|Any CPU
		{75E8BC25-FFF8-4A1C-ABB3-B9F150931336}.Release|Mixed Platforms.Build.0 = Release|Any CPU
		{75E8BC25-FFF8-4A1C-ABB3-B9F150931336}.Release|x86.ActiveCfg = Release|Any CPU
		{75E8BC25-FFF8-4A1C-ABB3-B9F150931336}.SingleImage|Any CPU.ActiveCfg = Release|Any CPU
		{75E8BC25-FFF8-4A1C-ABB3-B9F150931336}.SingleImage|Any CPU.Build.0 = Release|Any CPU
		{75E8BC25-FFF8-4A1C-ABB3-B9F150931336}.SingleImage|Mixed Platforms.ActiveCfg = Release|Any CPU
		{75E8BC25-FFF8-4A1C-ABB3-B9F150931336}.SingleImage|Mixed Platforms.Build.0 = Release|Any CPU
		{75E8BC25-FFF8-4A1C-ABB3-B9F150931336}.SingleImage|x86.ActiveCfg = Release|Any CPU
		{0C99EE4E-E049-4C24-8499-F318C99602BF}.CD_ROM|Any CPU.ActiveCfg = Release|Any CPU
		{0C99EE4E-E049-4C24-8499-F318C99602BF}.CD_ROM|Any CPU.Build.0 = Release|Any CPU
		{0C99EE4E-E049-4C24-8499-F318C99602BF}.CD_ROM|Mixed Platforms.ActiveCfg = Release|Any CPU
		{0C99EE4E-E049-4C24-8499-F318C99602BF}.CD_ROM|Mixed Platforms.Build.0 = Release|Any CPU
		{0C99EE4E-E049-4C24-8499-F318C99602BF}.CD_ROM|x86.ActiveCfg = Release|Any CPU
		{0C99EE4E-E049-4C24-8499-F318C99602BF}.Debug|Any CPU.ActiveCfg = Debug|Any CPU
		{0C99EE4E-E049-4C24-8499-F318C99602BF}.Debug|Any CPU.Build.0 = Debug|Any CPU
		{0C99EE4E-E049-4C24-8499-F318C99602BF}.Debug|Mixed Platforms.ActiveCfg = Debug|Any CPU
		{0C99EE4E-E049-4C24-8499-F318C99602BF}.Debug|Mixed Platforms.Build.0 = Debug|Any CPU
		{0C99EE4E-E049-4C24-8499-F318C99602BF}.Debug|x86.ActiveCfg = Debug|Any CPU
		{0C99EE4E-E049-4C24-8499-F318C99602BF}.dev|Any CPU.ActiveCfg = Debug|Any CPU
		{0C99EE4E-E049-4C24-8499-F318C99602BF}.dev|Any CPU.Build.0 = Debug|Any CPU
		{0C99EE4E-E049-4C24-8499-F318C99602BF}.dev|Mixed Platforms.ActiveCfg = Debug|Any CPU
		{0C99EE4E-E049-4C24-8499-F318C99602BF}.dev|Mixed Platforms.Build.0 = Debug|Any CPU
		{0C99EE4E-E049-4C24-8499-F318C99602BF}.dev|x86.ActiveCfg = Debug|Any CPU
		{0C99EE4E-E049-4C24-8499-F318C99602BF}.DVD-5|Any CPU.ActiveCfg = Debug|Any CPU
		{0C99EE4E-E049-4C24-8499-F318C99602BF}.DVD-5|Any CPU.Build.0 = Debug|Any CPU
		{0C99EE4E-E049-4C24-8499-F318C99602BF}.DVD-5|Mixed Platforms.ActiveCfg = Debug|Any CPU
		{0C99EE4E-E049-4C24-8499-F318C99602BF}.DVD-5|Mixed Platforms.Build.0 = Debug|Any CPU
		{0C99EE4E-E049-4C24-8499-F318C99602BF}.DVD-5|x86.ActiveCfg = Debug|Any CPU
		{0C99EE4E-E049-4C24-8499-F318C99602BF}.Kemsa|Any CPU.ActiveCfg = Release|Any CPU
		{0C99EE4E-E049-4C24-8499-F318C99602BF}.Kemsa|Any CPU.Build.0 = Release|Any CPU
		{0C99EE4E-E049-4C24-8499-F318C99602BF}.Kemsa|Mixed Platforms.ActiveCfg = Release|Any CPU
		{0C99EE4E-E049-4C24-8499-F318C99602BF}.Kemsa|Mixed Platforms.Build.0 = Release|Any CPU
		{0C99EE4E-E049-4C24-8499-F318C99602BF}.Kemsa|x86.ActiveCfg = Release|Any CPU
		{0C99EE4E-E049-4C24-8499-F318C99602BF}.Release|Any CPU.ActiveCfg = Release|Any CPU
		{0C99EE4E-E049-4C24-8499-F318C99602BF}.Release|Any CPU.Build.0 = Release|Any CPU
		{0C99EE4E-E049-4C24-8499-F318C99602BF}.Release|Mixed Platforms.ActiveCfg = Release|Any CPU
		{0C99EE4E-E049-4C24-8499-F318C99602BF}.Release|Mixed Platforms.Build.0 = Release|Any CPU
		{0C99EE4E-E049-4C24-8499-F318C99602BF}.Release|x86.ActiveCfg = Release|Any CPU
		{0C99EE4E-E049-4C24-8499-F318C99602BF}.SingleImage|Any CPU.ActiveCfg = Release|Any CPU
		{0C99EE4E-E049-4C24-8499-F318C99602BF}.SingleImage|Any CPU.Build.0 = Release|Any CPU
		{0C99EE4E-E049-4C24-8499-F318C99602BF}.SingleImage|Mixed Platforms.ActiveCfg = Release|Any CPU
		{0C99EE4E-E049-4C24-8499-F318C99602BF}.SingleImage|Mixed Platforms.Build.0 = Release|Any CPU
		{0C99EE4E-E049-4C24-8499-F318C99602BF}.SingleImage|x86.ActiveCfg = Release|Any CPU
		{C29F45A4-3A5B-41E4-9918-A0C1EBE926CC}.CD_ROM|Any CPU.ActiveCfg = Release|Any CPU
		{C29F45A4-3A5B-41E4-9918-A0C1EBE926CC}.CD_ROM|Any CPU.Build.0 = Release|Any CPU
		{C29F45A4-3A5B-41E4-9918-A0C1EBE926CC}.CD_ROM|Mixed Platforms.ActiveCfg = Release|Any CPU
		{C29F45A4-3A5B-41E4-9918-A0C1EBE926CC}.CD_ROM|Mixed Platforms.Build.0 = Release|Any CPU
		{C29F45A4-3A5B-41E4-9918-A0C1EBE926CC}.CD_ROM|x86.ActiveCfg = Release|Any CPU
		{C29F45A4-3A5B-41E4-9918-A0C1EBE926CC}.Debug|Any CPU.ActiveCfg = Debug|Any CPU
		{C29F45A4-3A5B-41E4-9918-A0C1EBE926CC}.Debug|Any CPU.Build.0 = Debug|Any CPU
		{C29F45A4-3A5B-41E4-9918-A0C1EBE926CC}.Debug|Mixed Platforms.ActiveCfg = Debug|Any CPU
		{C29F45A4-3A5B-41E4-9918-A0C1EBE926CC}.Debug|Mixed Platforms.Build.0 = Debug|Any CPU
		{C29F45A4-3A5B-41E4-9918-A0C1EBE926CC}.Debug|x86.ActiveCfg = Debug|Any CPU
		{C29F45A4-3A5B-41E4-9918-A0C1EBE926CC}.dev|Any CPU.ActiveCfg = Debug|Any CPU
		{C29F45A4-3A5B-41E4-9918-A0C1EBE926CC}.dev|Any CPU.Build.0 = Debug|Any CPU
		{C29F45A4-3A5B-41E4-9918-A0C1EBE926CC}.dev|Mixed Platforms.ActiveCfg = Debug|Any CPU
		{C29F45A4-3A5B-41E4-9918-A0C1EBE926CC}.dev|Mixed Platforms.Build.0 = Debug|Any CPU
		{C29F45A4-3A5B-41E4-9918-A0C1EBE926CC}.dev|x86.ActiveCfg = Debug|Any CPU
		{C29F45A4-3A5B-41E4-9918-A0C1EBE926CC}.DVD-5|Any CPU.ActiveCfg = Debug|Any CPU
		{C29F45A4-3A5B-41E4-9918-A0C1EBE926CC}.DVD-5|Any CPU.Build.0 = Debug|Any CPU
		{C29F45A4-3A5B-41E4-9918-A0C1EBE926CC}.DVD-5|Mixed Platforms.ActiveCfg = Debug|Any CPU
		{C29F45A4-3A5B-41E4-9918-A0C1EBE926CC}.DVD-5|Mixed Platforms.Build.0 = Debug|Any CPU
		{C29F45A4-3A5B-41E4-9918-A0C1EBE926CC}.DVD-5|x86.ActiveCfg = Debug|Any CPU
		{C29F45A4-3A5B-41E4-9918-A0C1EBE926CC}.Kemsa|Any CPU.ActiveCfg = Release|Any CPU
		{C29F45A4-3A5B-41E4-9918-A0C1EBE926CC}.Kemsa|Any CPU.Build.0 = Release|Any CPU
		{C29F45A4-3A5B-41E4-9918-A0C1EBE926CC}.Kemsa|Mixed Platforms.ActiveCfg = Release|Any CPU
		{C29F45A4-3A5B-41E4-9918-A0C1EBE926CC}.Kemsa|Mixed Platforms.Build.0 = Release|Any CPU
		{C29F45A4-3A5B-41E4-9918-A0C1EBE926CC}.Kemsa|x86.ActiveCfg = Release|Any CPU
		{C29F45A4-3A5B-41E4-9918-A0C1EBE926CC}.Release|Any CPU.ActiveCfg = Release|Any CPU
		{C29F45A4-3A5B-41E4-9918-A0C1EBE926CC}.Release|Any CPU.Build.0 = Release|Any CPU
		{C29F45A4-3A5B-41E4-9918-A0C1EBE926CC}.Release|Mixed Platforms.ActiveCfg = Release|Any CPU
		{C29F45A4-3A5B-41E4-9918-A0C1EBE926CC}.Release|Mixed Platforms.Build.0 = Release|Any CPU
		{C29F45A4-3A5B-41E4-9918-A0C1EBE926CC}.Release|x86.ActiveCfg = Release|Any CPU
		{C29F45A4-3A5B-41E4-9918-A0C1EBE926CC}.SingleImage|Any CPU.ActiveCfg = Release|Any CPU
		{C29F45A4-3A5B-41E4-9918-A0C1EBE926CC}.SingleImage|Any CPU.Build.0 = Release|Any CPU
		{C29F45A4-3A5B-41E4-9918-A0C1EBE926CC}.SingleImage|Mixed Platforms.ActiveCfg = Release|Any CPU
		{C29F45A4-3A5B-41E4-9918-A0C1EBE926CC}.SingleImage|Mixed Platforms.Build.0 = Release|Any CPU
		{C29F45A4-3A5B-41E4-9918-A0C1EBE926CC}.SingleImage|x86.ActiveCfg = Release|Any CPU
		{8707481D-6E93-4F11-B778-68B5F55CF541}.CD_ROM|Any CPU.ActiveCfg = Release|Any CPU
		{8707481D-6E93-4F11-B778-68B5F55CF541}.CD_ROM|Any CPU.Build.0 = Release|Any CPU
		{8707481D-6E93-4F11-B778-68B5F55CF541}.CD_ROM|Mixed Platforms.ActiveCfg = Release|Any CPU
		{8707481D-6E93-4F11-B778-68B5F55CF541}.CD_ROM|Mixed Platforms.Build.0 = Release|Any CPU
		{8707481D-6E93-4F11-B778-68B5F55CF541}.CD_ROM|x86.ActiveCfg = Release|Any CPU
		{8707481D-6E93-4F11-B778-68B5F55CF541}.Debug|Any CPU.ActiveCfg = Debug|Any CPU
		{8707481D-6E93-4F11-B778-68B5F55CF541}.Debug|Any CPU.Build.0 = Debug|Any CPU
		{8707481D-6E93-4F11-B778-68B5F55CF541}.Debug|Mixed Platforms.ActiveCfg = Debug|Any CPU
		{8707481D-6E93-4F11-B778-68B5F55CF541}.Debug|Mixed Platforms.Build.0 = Debug|Any CPU
		{8707481D-6E93-4F11-B778-68B5F55CF541}.Debug|x86.ActiveCfg = Debug|Any CPU
		{8707481D-6E93-4F11-B778-68B5F55CF541}.dev|Any CPU.ActiveCfg = Debug|Any CPU
		{8707481D-6E93-4F11-B778-68B5F55CF541}.dev|Any CPU.Build.0 = Debug|Any CPU
		{8707481D-6E93-4F11-B778-68B5F55CF541}.dev|Mixed Platforms.ActiveCfg = Debug|Any CPU
		{8707481D-6E93-4F11-B778-68B5F55CF541}.dev|Mixed Platforms.Build.0 = Debug|Any CPU
		{8707481D-6E93-4F11-B778-68B5F55CF541}.dev|x86.ActiveCfg = Debug|Any CPU
		{8707481D-6E93-4F11-B778-68B5F55CF541}.DVD-5|Any CPU.ActiveCfg = Debug|Any CPU
		{8707481D-6E93-4F11-B778-68B5F55CF541}.DVD-5|Any CPU.Build.0 = Debug|Any CPU
		{8707481D-6E93-4F11-B778-68B5F55CF541}.DVD-5|Mixed Platforms.ActiveCfg = Debug|Any CPU
		{8707481D-6E93-4F11-B778-68B5F55CF541}.DVD-5|Mixed Platforms.Build.0 = Debug|Any CPU
		{8707481D-6E93-4F11-B778-68B5F55CF541}.DVD-5|x86.ActiveCfg = Debug|Any CPU
		{8707481D-6E93-4F11-B778-68B5F55CF541}.Kemsa|Any CPU.ActiveCfg = Release|Any CPU
		{8707481D-6E93-4F11-B778-68B5F55CF541}.Kemsa|Any CPU.Build.0 = Release|Any CPU
		{8707481D-6E93-4F11-B778-68B5F55CF541}.Kemsa|Mixed Platforms.ActiveCfg = Release|Any CPU
		{8707481D-6E93-4F11-B778-68B5F55CF541}.Kemsa|Mixed Platforms.Build.0 = Release|Any CPU
		{8707481D-6E93-4F11-B778-68B5F55CF541}.Kemsa|x86.ActiveCfg = Release|Any CPU
		{8707481D-6E93-4F11-B778-68B5F55CF541}.Release|Any CPU.ActiveCfg = Release|Any CPU
		{8707481D-6E93-4F11-B778-68B5F55CF541}.Release|Any CPU.Build.0 = Release|Any CPU
		{8707481D-6E93-4F11-B778-68B5F55CF541}.Release|Mixed Platforms.ActiveCfg = Release|Any CPU
		{8707481D-6E93-4F11-B778-68B5F55CF541}.Release|Mixed Platforms.Build.0 = Release|Any CPU
		{8707481D-6E93-4F11-B778-68B5F55CF541}.Release|x86.ActiveCfg = Release|Any CPU
		{8707481D-6E93-4F11-B778-68B5F55CF541}.SingleImage|Any CPU.ActiveCfg = Release|Any CPU
		{8707481D-6E93-4F11-B778-68B5F55CF541}.SingleImage|Any CPU.Build.0 = Release|Any CPU
		{8707481D-6E93-4F11-B778-68B5F55CF541}.SingleImage|Mixed Platforms.ActiveCfg = Release|Any CPU
		{8707481D-6E93-4F11-B778-68B5F55CF541}.SingleImage|Mixed Platforms.Build.0 = Release|Any CPU
		{8707481D-6E93-4F11-B778-68B5F55CF541}.SingleImage|x86.ActiveCfg = Release|Any CPU
		{7FAFA880-4E65-4D41-9229-493372AF7188}.CD_ROM|Any CPU.ActiveCfg = Release|Any CPU
		{7FAFA880-4E65-4D41-9229-493372AF7188}.CD_ROM|Any CPU.Build.0 = Release|Any CPU
		{7FAFA880-4E65-4D41-9229-493372AF7188}.CD_ROM|Mixed Platforms.ActiveCfg = Release|Any CPU
		{7FAFA880-4E65-4D41-9229-493372AF7188}.CD_ROM|Mixed Platforms.Build.0 = Release|Any CPU
		{7FAFA880-4E65-4D41-9229-493372AF7188}.CD_ROM|x86.ActiveCfg = Release|Any CPU
		{7FAFA880-4E65-4D41-9229-493372AF7188}.Debug|Any CPU.ActiveCfg = Debug|Any CPU
		{7FAFA880-4E65-4D41-9229-493372AF7188}.Debug|Any CPU.Build.0 = Debug|Any CPU
		{7FAFA880-4E65-4D41-9229-493372AF7188}.Debug|Mixed Platforms.ActiveCfg = Debug|Any CPU
		{7FAFA880-4E65-4D41-9229-493372AF7188}.Debug|Mixed Platforms.Build.0 = Debug|Any CPU
		{7FAFA880-4E65-4D41-9229-493372AF7188}.Debug|x86.ActiveCfg = Debug|Any CPU
		{7FAFA880-4E65-4D41-9229-493372AF7188}.dev|Any CPU.ActiveCfg = Debug|Any CPU
		{7FAFA880-4E65-4D41-9229-493372AF7188}.dev|Any CPU.Build.0 = Debug|Any CPU
		{7FAFA880-4E65-4D41-9229-493372AF7188}.dev|Mixed Platforms.ActiveCfg = Debug|Any CPU
		{7FAFA880-4E65-4D41-9229-493372AF7188}.dev|Mixed Platforms.Build.0 = Debug|Any CPU
		{7FAFA880-4E65-4D41-9229-493372AF7188}.dev|x86.ActiveCfg = Debug|Any CPU
		{7FAFA880-4E65-4D41-9229-493372AF7188}.DVD-5|Any CPU.ActiveCfg = Debug|Any CPU
		{7FAFA880-4E65-4D41-9229-493372AF7188}.DVD-5|Any CPU.Build.0 = Debug|Any CPU
		{7FAFA880-4E65-4D41-9229-493372AF7188}.DVD-5|Mixed Platforms.ActiveCfg = Debug|Any CPU
		{7FAFA880-4E65-4D41-9229-493372AF7188}.DVD-5|Mixed Platforms.Build.0 = Debug|Any CPU
		{7FAFA880-4E65-4D41-9229-493372AF7188}.DVD-5|x86.ActiveCfg = Debug|Any CPU
		{7FAFA880-4E65-4D41-9229-493372AF7188}.Kemsa|Any CPU.ActiveCfg = Release|Any CPU
		{7FAFA880-4E65-4D41-9229-493372AF7188}.Kemsa|Any CPU.Build.0 = Release|Any CPU
		{7FAFA880-4E65-4D41-9229-493372AF7188}.Kemsa|Mixed Platforms.ActiveCfg = Release|Any CPU
		{7FAFA880-4E65-4D41-9229-493372AF7188}.Kemsa|Mixed Platforms.Build.0 = Release|Any CPU
		{7FAFA880-4E65-4D41-9229-493372AF7188}.Kemsa|x86.ActiveCfg = Release|Any CPU
		{7FAFA880-4E65-4D41-9229-493372AF7188}.Release|Any CPU.ActiveCfg = Release|Any CPU
		{7FAFA880-4E65-4D41-9229-493372AF7188}.Release|Any CPU.Build.0 = Release|Any CPU
		{7FAFA880-4E65-4D41-9229-493372AF7188}.Release|Mixed Platforms.ActiveCfg = Release|Any CPU
		{7FAFA880-4E65-4D41-9229-493372AF7188}.Release|Mixed Platforms.Build.0 = Release|Any CPU
		{7FAFA880-4E65-4D41-9229-493372AF7188}.Release|x86.ActiveCfg = Release|Any CPU
		{7FAFA880-4E65-4D41-9229-493372AF7188}.SingleImage|Any CPU.ActiveCfg = Release|Any CPU
		{7FAFA880-4E65-4D41-9229-493372AF7188}.SingleImage|Any CPU.Build.0 = Release|Any CPU
		{7FAFA880-4E65-4D41-9229-493372AF7188}.SingleImage|Mixed Platforms.ActiveCfg = Release|Any CPU
		{7FAFA880-4E65-4D41-9229-493372AF7188}.SingleImage|Mixed Platforms.Build.0 = Release|Any CPU
		{7FAFA880-4E65-4D41-9229-493372AF7188}.SingleImage|x86.ActiveCfg = Release|Any CPU
		{D3D60175-1436-487B-98F0-1671FB5C37DC}.CD_ROM|Any CPU.ActiveCfg = Release|Any CPU
		{D3D60175-1436-487B-98F0-1671FB5C37DC}.CD_ROM|Any CPU.Build.0 = Release|Any CPU
		{D3D60175-1436-487B-98F0-1671FB5C37DC}.CD_ROM|Mixed Platforms.ActiveCfg = Release|Any CPU
		{D3D60175-1436-487B-98F0-1671FB5C37DC}.CD_ROM|Mixed Platforms.Build.0 = Release|Any CPU
		{D3D60175-1436-487B-98F0-1671FB5C37DC}.CD_ROM|x86.ActiveCfg = Release|Any CPU
		{D3D60175-1436-487B-98F0-1671FB5C37DC}.Debug|Any CPU.ActiveCfg = Debug|Any CPU
		{D3D60175-1436-487B-98F0-1671FB5C37DC}.Debug|Any CPU.Build.0 = Debug|Any CPU
		{D3D60175-1436-487B-98F0-1671FB5C37DC}.Debug|Mixed Platforms.ActiveCfg = Debug|Any CPU
		{D3D60175-1436-487B-98F0-1671FB5C37DC}.Debug|Mixed Platforms.Build.0 = Debug|Any CPU
		{D3D60175-1436-487B-98F0-1671FB5C37DC}.Debug|x86.ActiveCfg = Debug|Any CPU
		{D3D60175-1436-487B-98F0-1671FB5C37DC}.dev|Any CPU.ActiveCfg = Debug|Any CPU
		{D3D60175-1436-487B-98F0-1671FB5C37DC}.dev|Any CPU.Build.0 = Debug|Any CPU
		{D3D60175-1436-487B-98F0-1671FB5C37DC}.dev|Mixed Platforms.ActiveCfg = Debug|Any CPU
		{D3D60175-1436-487B-98F0-1671FB5C37DC}.dev|Mixed Platforms.Build.0 = Debug|Any CPU
		{D3D60175-1436-487B-98F0-1671FB5C37DC}.dev|x86.ActiveCfg = Debug|Any CPU
		{D3D60175-1436-487B-98F0-1671FB5C37DC}.DVD-5|Any CPU.ActiveCfg = Debug|Any CPU
		{D3D60175-1436-487B-98F0-1671FB5C37DC}.DVD-5|Any CPU.Build.0 = Debug|Any CPU
		{D3D60175-1436-487B-98F0-1671FB5C37DC}.DVD-5|Mixed Platforms.ActiveCfg = Debug|Any CPU
		{D3D60175-1436-487B-98F0-1671FB5C37DC}.DVD-5|Mixed Platforms.Build.0 = Debug|Any CPU
		{D3D60175-1436-487B-98F0-1671FB5C37DC}.DVD-5|x86.ActiveCfg = Debug|Any CPU
		{D3D60175-1436-487B-98F0-1671FB5C37DC}.Kemsa|Any CPU.ActiveCfg = Release|Any CPU
		{D3D60175-1436-487B-98F0-1671FB5C37DC}.Kemsa|Any CPU.Build.0 = Release|Any CPU
		{D3D60175-1436-487B-98F0-1671FB5C37DC}.Kemsa|Mixed Platforms.ActiveCfg = Release|Any CPU
		{D3D60175-1436-487B-98F0-1671FB5C37DC}.Kemsa|Mixed Platforms.Build.0 = Release|Any CPU
		{D3D60175-1436-487B-98F0-1671FB5C37DC}.Kemsa|x86.ActiveCfg = Release|Any CPU
		{D3D60175-1436-487B-98F0-1671FB5C37DC}.Release|Any CPU.ActiveCfg = Release|Any CPU
		{D3D60175-1436-487B-98F0-1671FB5C37DC}.Release|Any CPU.Build.0 = Release|Any CPU
		{D3D60175-1436-487B-98F0-1671FB5C37DC}.Release|Mixed Platforms.ActiveCfg = Release|Any CPU
		{D3D60175-1436-487B-98F0-1671FB5C37DC}.Release|Mixed Platforms.Build.0 = Release|Any CPU
		{D3D60175-1436-487B-98F0-1671FB5C37DC}.Release|x86.ActiveCfg = Release|Any CPU
		{D3D60175-1436-487B-98F0-1671FB5C37DC}.SingleImage|Any CPU.ActiveCfg = Release|Any CPU
		{D3D60175-1436-487B-98F0-1671FB5C37DC}.SingleImage|Any CPU.Build.0 = Release|Any CPU
		{D3D60175-1436-487B-98F0-1671FB5C37DC}.SingleImage|Mixed Platforms.ActiveCfg = Release|Any CPU
		{D3D60175-1436-487B-98F0-1671FB5C37DC}.SingleImage|Mixed Platforms.Build.0 = Release|Any CPU
		{D3D60175-1436-487B-98F0-1671FB5C37DC}.SingleImage|x86.ActiveCfg = Release|Any CPU
		{7271F6B1-35F0-4C0A-A4CB-3F10D426E37F}.CD_ROM|Any CPU.ActiveCfg = Kemsa|Any CPU
		{7271F6B1-35F0-4C0A-A4CB-3F10D426E37F}.CD_ROM|Any CPU.Build.0 = Kemsa|Any CPU
		{7271F6B1-35F0-4C0A-A4CB-3F10D426E37F}.CD_ROM|Mixed Platforms.ActiveCfg = Kemsa|Any CPU
		{7271F6B1-35F0-4C0A-A4CB-3F10D426E37F}.CD_ROM|Mixed Platforms.Build.0 = Kemsa|Any CPU
		{7271F6B1-35F0-4C0A-A4CB-3F10D426E37F}.CD_ROM|x86.ActiveCfg = Kemsa|Any CPU
		{7271F6B1-35F0-4C0A-A4CB-3F10D426E37F}.Debug|Any CPU.ActiveCfg = Debug|Any CPU
		{7271F6B1-35F0-4C0A-A4CB-3F10D426E37F}.Debug|Any CPU.Build.0 = Debug|Any CPU
		{7271F6B1-35F0-4C0A-A4CB-3F10D426E37F}.Debug|Mixed Platforms.ActiveCfg = Debug|Any CPU
		{7271F6B1-35F0-4C0A-A4CB-3F10D426E37F}.Debug|Mixed Platforms.Build.0 = Debug|Any CPU
		{7271F6B1-35F0-4C0A-A4CB-3F10D426E37F}.Debug|x86.ActiveCfg = Debug|Any CPU
		{7271F6B1-35F0-4C0A-A4CB-3F10D426E37F}.dev|Any CPU.ActiveCfg = dev|Any CPU
		{7271F6B1-35F0-4C0A-A4CB-3F10D426E37F}.dev|Any CPU.Build.0 = dev|Any CPU
		{7271F6B1-35F0-4C0A-A4CB-3F10D426E37F}.dev|Mixed Platforms.ActiveCfg = dev|Any CPU
		{7271F6B1-35F0-4C0A-A4CB-3F10D426E37F}.dev|Mixed Platforms.Build.0 = dev|Any CPU
		{7271F6B1-35F0-4C0A-A4CB-3F10D426E37F}.dev|x86.ActiveCfg = dev|Any CPU
		{7271F6B1-35F0-4C0A-A4CB-3F10D426E37F}.DVD-5|Any CPU.ActiveCfg = dev|Any CPU
		{7271F6B1-35F0-4C0A-A4CB-3F10D426E37F}.DVD-5|Any CPU.Build.0 = dev|Any CPU
		{7271F6B1-35F0-4C0A-A4CB-3F10D426E37F}.DVD-5|Mixed Platforms.ActiveCfg = dev|Any CPU
		{7271F6B1-35F0-4C0A-A4CB-3F10D426E37F}.DVD-5|Mixed Platforms.Build.0 = dev|Any CPU
		{7271F6B1-35F0-4C0A-A4CB-3F10D426E37F}.DVD-5|x86.ActiveCfg = dev|Any CPU
		{7271F6B1-35F0-4C0A-A4CB-3F10D426E37F}.Kemsa|Any CPU.ActiveCfg = Kemsa|Any CPU
		{7271F6B1-35F0-4C0A-A4CB-3F10D426E37F}.Kemsa|Any CPU.Build.0 = Kemsa|Any CPU
		{7271F6B1-35F0-4C0A-A4CB-3F10D426E37F}.Kemsa|Mixed Platforms.ActiveCfg = Kemsa|Any CPU
		{7271F6B1-35F0-4C0A-A4CB-3F10D426E37F}.Kemsa|Mixed Platforms.Build.0 = Kemsa|Any CPU
		{7271F6B1-35F0-4C0A-A4CB-3F10D426E37F}.Kemsa|x86.ActiveCfg = Kemsa|Any CPU
		{7271F6B1-35F0-4C0A-A4CB-3F10D426E37F}.Release|Any CPU.ActiveCfg = Release|Any CPU
		{7271F6B1-35F0-4C0A-A4CB-3F10D426E37F}.Release|Any CPU.Build.0 = Release|Any CPU
		{7271F6B1-35F0-4C0A-A4CB-3F10D426E37F}.Release|Mixed Platforms.ActiveCfg = Release|Any CPU
		{7271F6B1-35F0-4C0A-A4CB-3F10D426E37F}.Release|Mixed Platforms.Build.0 = Release|Any CPU
		{7271F6B1-35F0-4C0A-A4CB-3F10D426E37F}.Release|x86.ActiveCfg = Release|Any CPU
		{7271F6B1-35F0-4C0A-A4CB-3F10D426E37F}.SingleImage|Any CPU.ActiveCfg = Kemsa|Any CPU
		{7271F6B1-35F0-4C0A-A4CB-3F10D426E37F}.SingleImage|Any CPU.Build.0 = Kemsa|Any CPU
		{7271F6B1-35F0-4C0A-A4CB-3F10D426E37F}.SingleImage|Mixed Platforms.ActiveCfg = Kemsa|Any CPU
		{7271F6B1-35F0-4C0A-A4CB-3F10D426E37F}.SingleImage|Mixed Platforms.Build.0 = Kemsa|Any CPU
		{7271F6B1-35F0-4C0A-A4CB-3F10D426E37F}.SingleImage|x86.ActiveCfg = Kemsa|Any CPU
		{93BFFFFD-89AB-49CC-9233-B313C0733D2A}.CD_ROM|Any CPU.ActiveCfg = Kemsa|Any CPU
		{93BFFFFD-89AB-49CC-9233-B313C0733D2A}.CD_ROM|Any CPU.Build.0 = Kemsa|Any CPU
		{93BFFFFD-89AB-49CC-9233-B313C0733D2A}.CD_ROM|Mixed Platforms.ActiveCfg = Kemsa|Any CPU
		{93BFFFFD-89AB-49CC-9233-B313C0733D2A}.CD_ROM|Mixed Platforms.Build.0 = Kemsa|Any CPU
		{93BFFFFD-89AB-49CC-9233-B313C0733D2A}.CD_ROM|x86.ActiveCfg = Kemsa|Any CPU
		{93BFFFFD-89AB-49CC-9233-B313C0733D2A}.Debug|Any CPU.ActiveCfg = Debug|Any CPU
		{93BFFFFD-89AB-49CC-9233-B313C0733D2A}.Debug|Any CPU.Build.0 = Debug|Any CPU
		{93BFFFFD-89AB-49CC-9233-B313C0733D2A}.Debug|Mixed Platforms.ActiveCfg = Debug|Any CPU
		{93BFFFFD-89AB-49CC-9233-B313C0733D2A}.Debug|Mixed Platforms.Build.0 = Debug|Any CPU
		{93BFFFFD-89AB-49CC-9233-B313C0733D2A}.Debug|x86.ActiveCfg = Debug|Any CPU
		{93BFFFFD-89AB-49CC-9233-B313C0733D2A}.dev|Any CPU.ActiveCfg = Debug|Any CPU
		{93BFFFFD-89AB-49CC-9233-B313C0733D2A}.dev|Any CPU.Build.0 = Debug|Any CPU
		{93BFFFFD-89AB-49CC-9233-B313C0733D2A}.dev|Mixed Platforms.ActiveCfg = Debug|Any CPU
		{93BFFFFD-89AB-49CC-9233-B313C0733D2A}.dev|Mixed Platforms.Build.0 = Debug|Any CPU
		{93BFFFFD-89AB-49CC-9233-B313C0733D2A}.dev|x86.ActiveCfg = Debug|Any CPU
		{93BFFFFD-89AB-49CC-9233-B313C0733D2A}.DVD-5|Any CPU.ActiveCfg = Debug|Any CPU
		{93BFFFFD-89AB-49CC-9233-B313C0733D2A}.DVD-5|Any CPU.Build.0 = Debug|Any CPU
		{93BFFFFD-89AB-49CC-9233-B313C0733D2A}.DVD-5|Mixed Platforms.ActiveCfg = Debug|Any CPU
		{93BFFFFD-89AB-49CC-9233-B313C0733D2A}.DVD-5|Mixed Platforms.Build.0 = Debug|Any CPU
		{93BFFFFD-89AB-49CC-9233-B313C0733D2A}.DVD-5|x86.ActiveCfg = Debug|Any CPU
		{93BFFFFD-89AB-49CC-9233-B313C0733D2A}.Kemsa|Any CPU.ActiveCfg = Kemsa|Any CPU
		{93BFFFFD-89AB-49CC-9233-B313C0733D2A}.Kemsa|Any CPU.Build.0 = Kemsa|Any CPU
		{93BFFFFD-89AB-49CC-9233-B313C0733D2A}.Kemsa|Mixed Platforms.ActiveCfg = Kemsa|Any CPU
		{93BFFFFD-89AB-49CC-9233-B313C0733D2A}.Kemsa|Mixed Platforms.Build.0 = Kemsa|Any CPU
		{93BFFFFD-89AB-49CC-9233-B313C0733D2A}.Kemsa|x86.ActiveCfg = Kemsa|Any CPU
		{93BFFFFD-89AB-49CC-9233-B313C0733D2A}.Release|Any CPU.ActiveCfg = Release|Any CPU
		{93BFFFFD-89AB-49CC-9233-B313C0733D2A}.Release|Any CPU.Build.0 = Release|Any CPU
		{93BFFFFD-89AB-49CC-9233-B313C0733D2A}.Release|Mixed Platforms.ActiveCfg = Release|Any CPU
		{93BFFFFD-89AB-49CC-9233-B313C0733D2A}.Release|Mixed Platforms.Build.0 = Release|Any CPU
		{93BFFFFD-89AB-49CC-9233-B313C0733D2A}.Release|x86.ActiveCfg = Release|Any CPU
		{93BFFFFD-89AB-49CC-9233-B313C0733D2A}.SingleImage|Any CPU.ActiveCfg = Kemsa|Any CPU
		{93BFFFFD-89AB-49CC-9233-B313C0733D2A}.SingleImage|Any CPU.Build.0 = Kemsa|Any CPU
		{93BFFFFD-89AB-49CC-9233-B313C0733D2A}.SingleImage|Mixed Platforms.ActiveCfg = Kemsa|Any CPU
		{93BFFFFD-89AB-49CC-9233-B313C0733D2A}.SingleImage|Mixed Platforms.Build.0 = Kemsa|Any CPU
		{93BFFFFD-89AB-49CC-9233-B313C0733D2A}.SingleImage|x86.ActiveCfg = Kemsa|Any CPU
		{C6BECE74-FF43-40A8-B80A-F820E5AF7985}.CD_ROM|Any CPU.ActiveCfg = Release|Any CPU
		{C6BECE74-FF43-40A8-B80A-F820E5AF7985}.CD_ROM|Any CPU.Build.0 = Release|Any CPU
		{C6BECE74-FF43-40A8-B80A-F820E5AF7985}.CD_ROM|Mixed Platforms.ActiveCfg = Release|Any CPU
		{C6BECE74-FF43-40A8-B80A-F820E5AF7985}.CD_ROM|Mixed Platforms.Build.0 = Release|Any CPU
		{C6BECE74-FF43-40A8-B80A-F820E5AF7985}.CD_ROM|x86.ActiveCfg = Release|Any CPU
		{C6BECE74-FF43-40A8-B80A-F820E5AF7985}.Debug|Any CPU.ActiveCfg = Debug|Any CPU
		{C6BECE74-FF43-40A8-B80A-F820E5AF7985}.Debug|Any CPU.Build.0 = Debug|Any CPU
		{C6BECE74-FF43-40A8-B80A-F820E5AF7985}.Debug|Mixed Platforms.ActiveCfg = Debug|Any CPU
		{C6BECE74-FF43-40A8-B80A-F820E5AF7985}.Debug|Mixed Platforms.Build.0 = Debug|Any CPU
		{C6BECE74-FF43-40A8-B80A-F820E5AF7985}.Debug|x86.ActiveCfg = Debug|Any CPU
		{C6BECE74-FF43-40A8-B80A-F820E5AF7985}.dev|Any CPU.ActiveCfg = Debug|Any CPU
		{C6BECE74-FF43-40A8-B80A-F820E5AF7985}.dev|Any CPU.Build.0 = Debug|Any CPU
		{C6BECE74-FF43-40A8-B80A-F820E5AF7985}.dev|Mixed Platforms.ActiveCfg = Debug|Any CPU
		{C6BECE74-FF43-40A8-B80A-F820E5AF7985}.dev|Mixed Platforms.Build.0 = Debug|Any CPU
		{C6BECE74-FF43-40A8-B80A-F820E5AF7985}.dev|x86.ActiveCfg = Debug|Any CPU
		{C6BECE74-FF43-40A8-B80A-F820E5AF7985}.DVD-5|Any CPU.ActiveCfg = Debug|Any CPU
		{C6BECE74-FF43-40A8-B80A-F820E5AF7985}.DVD-5|Any CPU.Build.0 = Debug|Any CPU
		{C6BECE74-FF43-40A8-B80A-F820E5AF7985}.DVD-5|Mixed Platforms.ActiveCfg = Debug|Any CPU
		{C6BECE74-FF43-40A8-B80A-F820E5AF7985}.DVD-5|Mixed Platforms.Build.0 = Debug|Any CPU
		{C6BECE74-FF43-40A8-B80A-F820E5AF7985}.DVD-5|x86.ActiveCfg = Debug|Any CPU
		{C6BECE74-FF43-40A8-B80A-F820E5AF7985}.Kemsa|Any CPU.ActiveCfg = Release|Any CPU
		{C6BECE74-FF43-40A8-B80A-F820E5AF7985}.Kemsa|Any CPU.Build.0 = Release|Any CPU
		{C6BECE74-FF43-40A8-B80A-F820E5AF7985}.Kemsa|Mixed Platforms.ActiveCfg = Release|Any CPU
		{C6BECE74-FF43-40A8-B80A-F820E5AF7985}.Kemsa|Mixed Platforms.Build.0 = Release|Any CPU
		{C6BECE74-FF43-40A8-B80A-F820E5AF7985}.Kemsa|x86.ActiveCfg = Release|Any CPU
		{C6BECE74-FF43-40A8-B80A-F820E5AF7985}.Release|Any CPU.ActiveCfg = Release|Any CPU
		{C6BECE74-FF43-40A8-B80A-F820E5AF7985}.Release|Any CPU.Build.0 = Release|Any CPU
		{C6BECE74-FF43-40A8-B80A-F820E5AF7985}.Release|Mixed Platforms.ActiveCfg = Release|Any CPU
		{C6BECE74-FF43-40A8-B80A-F820E5AF7985}.Release|Mixed Platforms.Build.0 = Release|Any CPU
		{C6BECE74-FF43-40A8-B80A-F820E5AF7985}.Release|x86.ActiveCfg = Release|Any CPU
		{C6BECE74-FF43-40A8-B80A-F820E5AF7985}.SingleImage|Any CPU.ActiveCfg = Release|Any CPU
		{C6BECE74-FF43-40A8-B80A-F820E5AF7985}.SingleImage|Any CPU.Build.0 = Release|Any CPU
		{C6BECE74-FF43-40A8-B80A-F820E5AF7985}.SingleImage|Mixed Platforms.ActiveCfg = Release|Any CPU
		{C6BECE74-FF43-40A8-B80A-F820E5AF7985}.SingleImage|Mixed Platforms.Build.0 = Release|Any CPU
		{C6BECE74-FF43-40A8-B80A-F820E5AF7985}.SingleImage|x86.ActiveCfg = Release|Any CPU
		{1FCAF4C6-0F85-4DE6-8936-7F3C10C65D92}.CD_ROM|Any CPU.ActiveCfg = Release|Any CPU
		{1FCAF4C6-0F85-4DE6-8936-7F3C10C65D92}.CD_ROM|Any CPU.Build.0 = Release|Any CPU
		{1FCAF4C6-0F85-4DE6-8936-7F3C10C65D92}.CD_ROM|Mixed Platforms.ActiveCfg = Release|Any CPU
		{1FCAF4C6-0F85-4DE6-8936-7F3C10C65D92}.CD_ROM|Mixed Platforms.Build.0 = Release|Any CPU
		{1FCAF4C6-0F85-4DE6-8936-7F3C10C65D92}.CD_ROM|x86.ActiveCfg = Release|Any CPU
		{1FCAF4C6-0F85-4DE6-8936-7F3C10C65D92}.Debug|Any CPU.ActiveCfg = Debug|Any CPU
		{1FCAF4C6-0F85-4DE6-8936-7F3C10C65D92}.Debug|Any CPU.Build.0 = Debug|Any CPU
		{1FCAF4C6-0F85-4DE6-8936-7F3C10C65D92}.Debug|Mixed Platforms.ActiveCfg = Debug|Any CPU
		{1FCAF4C6-0F85-4DE6-8936-7F3C10C65D92}.Debug|Mixed Platforms.Build.0 = Debug|Any CPU
		{1FCAF4C6-0F85-4DE6-8936-7F3C10C65D92}.Debug|x86.ActiveCfg = Debug|Any CPU
		{1FCAF4C6-0F85-4DE6-8936-7F3C10C65D92}.dev|Any CPU.ActiveCfg = Debug|Any CPU
		{1FCAF4C6-0F85-4DE6-8936-7F3C10C65D92}.dev|Any CPU.Build.0 = Debug|Any CPU
		{1FCAF4C6-0F85-4DE6-8936-7F3C10C65D92}.dev|Mixed Platforms.ActiveCfg = Debug|Any CPU
		{1FCAF4C6-0F85-4DE6-8936-7F3C10C65D92}.dev|Mixed Platforms.Build.0 = Debug|Any CPU
		{1FCAF4C6-0F85-4DE6-8936-7F3C10C65D92}.dev|x86.ActiveCfg = Debug|Any CPU
		{1FCAF4C6-0F85-4DE6-8936-7F3C10C65D92}.DVD-5|Any CPU.ActiveCfg = Debug|Any CPU
		{1FCAF4C6-0F85-4DE6-8936-7F3C10C65D92}.DVD-5|Any CPU.Build.0 = Debug|Any CPU
		{1FCAF4C6-0F85-4DE6-8936-7F3C10C65D92}.DVD-5|Mixed Platforms.ActiveCfg = Debug|Any CPU
		{1FCAF4C6-0F85-4DE6-8936-7F3C10C65D92}.DVD-5|Mixed Platforms.Build.0 = Debug|Any CPU
		{1FCAF4C6-0F85-4DE6-8936-7F3C10C65D92}.DVD-5|x86.ActiveCfg = Debug|Any CPU
		{1FCAF4C6-0F85-4DE6-8936-7F3C10C65D92}.Kemsa|Any CPU.ActiveCfg = Release|Any CPU
		{1FCAF4C6-0F85-4DE6-8936-7F3C10C65D92}.Kemsa|Any CPU.Build.0 = Release|Any CPU
		{1FCAF4C6-0F85-4DE6-8936-7F3C10C65D92}.Kemsa|Mixed Platforms.ActiveCfg = Release|Any CPU
		{1FCAF4C6-0F85-4DE6-8936-7F3C10C65D92}.Kemsa|Mixed Platforms.Build.0 = Release|Any CPU
		{1FCAF4C6-0F85-4DE6-8936-7F3C10C65D92}.Kemsa|x86.ActiveCfg = Release|Any CPU
		{1FCAF4C6-0F85-4DE6-8936-7F3C10C65D92}.Release|Any CPU.ActiveCfg = Release|Any CPU
		{1FCAF4C6-0F85-4DE6-8936-7F3C10C65D92}.Release|Any CPU.Build.0 = Release|Any CPU
		{1FCAF4C6-0F85-4DE6-8936-7F3C10C65D92}.Release|Mixed Platforms.ActiveCfg = Release|Any CPU
		{1FCAF4C6-0F85-4DE6-8936-7F3C10C65D92}.Release|Mixed Platforms.Build.0 = Release|Any CPU
		{1FCAF4C6-0F85-4DE6-8936-7F3C10C65D92}.Release|x86.ActiveCfg = Release|Any CPU
		{1FCAF4C6-0F85-4DE6-8936-7F3C10C65D92}.SingleImage|Any CPU.ActiveCfg = Release|Any CPU
		{1FCAF4C6-0F85-4DE6-8936-7F3C10C65D92}.SingleImage|Any CPU.Build.0 = Release|Any CPU
		{1FCAF4C6-0F85-4DE6-8936-7F3C10C65D92}.SingleImage|Mixed Platforms.ActiveCfg = Release|Any CPU
		{1FCAF4C6-0F85-4DE6-8936-7F3C10C65D92}.SingleImage|Mixed Platforms.Build.0 = Release|Any CPU
		{1FCAF4C6-0F85-4DE6-8936-7F3C10C65D92}.SingleImage|x86.ActiveCfg = Release|Any CPU
	EndGlobalSection
	GlobalSection(SolutionProperties) = preSolution
		HideSolutionNode = FALSE
	EndGlobalSection
	GlobalSection(NestedProjects) = preSolution
		{900F434E-7D81-422B-B567-1564C79CEAB3} = {BF77221F-092B-4A87-89BE-215CE0962F9F}
		{B9EE272B-6D02-47A5-B6F6-D96CB102404E} = {FE106BD1-A972-440C-A264-8617DB818807}
		{75E8BC25-FFF8-4A1C-ABB3-B9F150931336} = {B2F69C7C-A0D9-4539-A05D-61F832FAD11E}
		{0C99EE4E-E049-4C24-8499-F318C99602BF} = {B2F69C7C-A0D9-4539-A05D-61F832FAD11E}
		{1FCAF4C6-0F85-4DE6-8936-7F3C10C65D92} = {B2F69C7C-A0D9-4539-A05D-61F832FAD11E}
	EndGlobalSection
	GlobalSection(SubversionScc) = preSolution
		Svn-Managed = True
		Manager = AnkhSVN - Subversion Support for Visual Studio
	EndGlobalSection
EndGlobal
