
Microsoft Visual Studio Solution File, Format Version 12.00
# Visual Studio 2013
VisualStudioVersion = 12.0.31101.0
MinimumVisualStudioVersion = 10.0.40219.1
Project("{FAE04EC0-301F-11D3-BF4B-00C04F79EFBC}") = "Distributr.WPF.Lib", "Distributr.WPF.Lib\Distributr.WPF.Lib.csproj", "{D3D60175-1436-487B-98F0-1671FB5C37DC}"
EndProject
Project("{FAE04EC0-301F-11D3-BF4B-00C04F79EFBC}") = "Distributr.Core", "Distributor.Core\Distributr.Core.csproj", "{900F434E-7D81-422B-B567-1564C79CEAB3}"
EndProject
Project("{FAE04EC0-301F-11D3-BF4B-00C04F79EFBC}") = "Distributr.Core.Data", "Distributor.Core.Data\Distributr.Core.Data.csproj", "{B9EE272B-6D02-47A5-B6F6-D96CB102404E}"
EndProject
Project("{FAE04EC0-301F-11D3-BF4B-00C04F79EFBC}") = "Distributr.WPF.Lib.Services", "Distributr.WPF.Lib.Services\Distributr.WPF.Lib.Services.csproj", "{C29F45A4-3A5B-41E4-9918-A0C1EBE926CC}"
EndProject
Project("{FAE04EC0-301F-11D3-BF4B-00C04F79EFBC}") = "Distributr.WPF.Lib.Data", "Distributr.WPF.Lib.Data\Distributr.WPF.Lib.Data.csproj", "{8707481D-6E93-4F11-B778-68B5F55CF541}"
EndProject
Project("{FAE04EC0-301F-11D3-BF4B-00C04F79EFBC}") = "Distributr.WPF.Lib.Impl", "Distributr.WPF.Lib.Impl\Distributr.WPF.Lib.Impl.csproj", "{7FAFA880-4E65-4D41-9229-493372AF7188}"
EndProject
Project("{FAE04EC0-301F-11D3-BF4B-00C04F79EFBC}") = "PaymentGateway.WSApi.Lib", "PGWSAPI\PaymentGateway.WSApi.Lib\PaymentGateway.WSApi.Lib.csproj", "{93BFFFFD-89AB-49CC-9233-B313C0733D2A}"
EndProject
Project("{FAE04EC0-301F-11D3-BF4B-00C04F79EFBC}") = "Distributr-Middleware.WPF.Lib", "Distributr-Middleware\Distributr-Middleware.WPF.Lib\Distributr-Middleware.WPF.Lib.csproj", "{4EBE2130-CD9E-44CA-96D0-7EE3470DB865}"
EndProject
Project("{FAE04EC0-301F-11D3-BF4B-00C04F79EFBC}") = "Distributr.WSAPI.Lib", "Distributr.WSAPI.Lib\Distributr.WSAPI.Lib.csproj", "{7271F6B1-35F0-4C0A-A4CB-3F10D426E37F}"
EndProject
Project("{FAE04EC0-301F-11D3-BF4B-00C04F79EFBC}") = "Distributr-Middleware.WPF.UI", "Distributr-Middleware\Distributr-Middleware.WPF.UI\Distributr-Middleware.WPF.UI.csproj", "{A2BA270C-1228-4415-8C7A-A02E6FA6C686}"
EndProject
Project("{FAE04EC0-301F-11D3-BF4B-00C04F79EFBC}") = "System.Windows.Data", "System.Windows.Data\System.Windows.Data.csproj", "{C6BECE74-FF43-40A8-B80A-F820E5AF7985}"
EndProject
Project("{2150E333-8FDC-42A3-9474-1A3956D46DE8}") = "Shell Sage Integration", "Shell Sage Integration", "{A9CBE4E9-A05A-40D0-9077-38B00BB6C244}"
EndProject
Project("{FAE04EC0-301F-11D3-BF4B-00C04F79EFBC}") = "Sage.Integrations.UI", "Distributr-Middleware\Sage.Integrations.UI\Sage.Integrations.UI.csproj", "{B80A58B1-C2BE-41AD-99AC-32A3FE3044B3}"
EndProject
Project("{2150E333-8FDC-42A3-9474-1A3956D46DE8}") = "SAP", "SAP", "{965669F1-B3F0-4363-A0FD-A1FB67AA5859}"
EndProject
Project("{FAE04EC0-301F-11D3-BF4B-00C04F79EFBC}") = "SAPClient", "Distributr-Middleware\SAPClient\SAPClient.csproj", "{E45005C7-C095-4CEE-9651-88DD3F9A1455}"
EndProject
Project("{FAE04EC0-301F-11D3-BF4B-00C04F79EFBC}") = "SAPUtilityLib", "Distributr-Middleware\SAPUtilityLib\SAPUtilityLib.csproj", "{9F7AF8F4-4A28-4DBD-970F-7CB51EF82824}"
EndProject
Project("{2150E333-8FDC-42A3-9474-1A3956D46DE8}") = "QuickBooks", "QuickBooks", "{7C355558-A9CC-4CB1-A9FE-21028BDED49E}"
EndProject
Project("{FAE04EC0-301F-11D3-BF4B-00C04F79EFBC}") = "Integration.QuickBooks.Lib", "Distributr-Middleware\QuickBooks\Integration.QuickBooks.Lib\Integration.QuickBooks.Lib.csproj", "{C80EBC1A-6040-4F1C-9070-89AFB633D5C7}"
EndProject
Project("{FAE04EC0-301F-11D3-BF4B-00C04F79EFBC}") = "Integration.QuickBooks.WPF.UI", "Distributr-Middleware\QuickBooks\Integration.QuickBooks.WPF.UI\Integration.QuickBooks.WPF.UI.csproj", "{600739BB-605B-427F-9923-5EB48AB9B7EB}"
EndProject
Project("{2150E333-8FDC-42A3-9474-1A3956D46DE8}") = "Generic-UI", "Generic-UI", "{3BE40714-C40A-4115-9967-EEE9DACC633E}"
EndProject
Project("{2150E333-8FDC-42A3-9474-1A3956D46DE8}") = "Shared_Libs", "Shared_Libs", "{46B264A8-B9CC-4514-B24D-4E2059761A51}"
EndProject
Project("{2150E333-8FDC-42A3-9474-1A3956D46DE8}") = "Agrimanagr", "Agrimanagr", "{CAEDD3B5-1B30-4238-BEBA-A41C4AE4AC18}"
EndProject
Project("{2150E333-8FDC-42A3-9474-1A3956D46DE8}") = "Generic", "Generic", "{B8813C4E-31BF-4FAB-9299-3878CB378583}"
EndProject
Project("{FAE04EC0-301F-11D3-BF4B-00C04F79EFBC}") = "Agrimanagr.DataImporter.Lib", "Distributr-Middleware\Agrimanagr-Generic\Agrimanagr.DataImporter.Lib\Agrimanagr.DataImporter.Lib.csproj", "{9792AC0B-3158-4E88-8846-52A6AA346F44}"
EndProject
Project("{FAE04EC0-301F-11D3-BF4B-00C04F79EFBC}") = "Agrimanagr.DataImporter.UI", "Distributr-Middleware\Agrimanagr-Generic\Agrimanagr.DataImporter.UI\Agrimanagr.DataImporter.UI.csproj", "{23273E6B-4AFB-4D13-8812-C0F6EA4D41C7}"
EndProject
Project("{2150E333-8FDC-42A3-9474-1A3956D46DE8}") = "PZ-Cussons", "PZ-Cussons", "{CF13F250-99C4-4AF3-8C76-E36982722786}"
EndProject
Project("{FAE04EC0-301F-11D3-BF4B-00C04F79EFBC}") = "PzIntegrations.Lib", "Distributr-Middleware\PzCussons\PzIntegrations.Lib\PzIntegrations.Lib.csproj", "{A29A6695-79EC-40B6-9393-99B9507117E3}"
EndProject
Project("{FAE04EC0-301F-11D3-BF4B-00C04F79EFBC}") = "CussonsIntegrationWindowsFormsUI", "Distributr-Middleware\PzCussons\CussonsIntegrationWindowsFormsUI\CussonsIntegrationWindowsFormsUI.csproj", "{72EDEBE6-766B-4255-BCF6-E042C316B993}"
EndProject
Global
	GlobalSection(SharedMSBuildProjectFiles) = preSolution
		Distributr.Core.Shared\Distributr.Core.Shared.projitems*{900f434e-7d81-422b-b567-1564c79ceab3}*SharedItemsImports = 4
	EndGlobalSection
	GlobalSection(SolutionConfigurationPlatforms) = preSolution
		Debug|Any CPU = Debug|Any CPU
		Debug|x86 = Debug|x86
		dev|Any CPU = dev|Any CPU
		dev|x86 = dev|x86
		Kemsa|Any CPU = Kemsa|Any CPU
		Kemsa|x86 = Kemsa|x86
		Release|Any CPU = Release|Any CPU
		Release|x86 = Release|x86
	EndGlobalSection
	GlobalSection(ProjectConfigurationPlatforms) = postSolution
		{D3D60175-1436-487B-98F0-1671FB5C37DC}.Debug|Any CPU.ActiveCfg = Debug|Any CPU
		{D3D60175-1436-487B-98F0-1671FB5C37DC}.Debug|Any CPU.Build.0 = Debug|Any CPU
		{D3D60175-1436-487B-98F0-1671FB5C37DC}.Debug|x86.ActiveCfg = Debug|x86
		{D3D60175-1436-487B-98F0-1671FB5C37DC}.Debug|x86.Build.0 = Debug|x86
		{D3D60175-1436-487B-98F0-1671FB5C37DC}.dev|Any CPU.ActiveCfg = Debug|Any CPU
		{D3D60175-1436-487B-98F0-1671FB5C37DC}.dev|Any CPU.Build.0 = Debug|Any CPU
		{D3D60175-1436-487B-98F0-1671FB5C37DC}.dev|x86.ActiveCfg = Debug|x86
		{D3D60175-1436-487B-98F0-1671FB5C37DC}.dev|x86.Build.0 = Debug|x86
		{D3D60175-1436-487B-98F0-1671FB5C37DC}.Kemsa|Any CPU.ActiveCfg = Release|Any CPU
		{D3D60175-1436-487B-98F0-1671FB5C37DC}.Kemsa|Any CPU.Build.0 = Release|Any CPU
		{D3D60175-1436-487B-98F0-1671FB5C37DC}.Kemsa|x86.ActiveCfg = Release|x86
		{D3D60175-1436-487B-98F0-1671FB5C37DC}.Kemsa|x86.Build.0 = Release|x86
		{D3D60175-1436-487B-98F0-1671FB5C37DC}.Release|Any CPU.ActiveCfg = Release|Any CPU
		{D3D60175-1436-487B-98F0-1671FB5C37DC}.Release|Any CPU.Build.0 = Release|Any CPU
		{D3D60175-1436-487B-98F0-1671FB5C37DC}.Release|x86.ActiveCfg = Release|x86
		{D3D60175-1436-487B-98F0-1671FB5C37DC}.Release|x86.Build.0 = Release|x86
		{900F434E-7D81-422B-B567-1564C79CEAB3}.Debug|Any CPU.ActiveCfg = Debug|Any CPU
		{900F434E-7D81-422B-B567-1564C79CEAB3}.Debug|Any CPU.Build.0 = Debug|Any CPU
		{900F434E-7D81-422B-B567-1564C79CEAB3}.Debug|x86.ActiveCfg = Debug|x86
		{900F434E-7D81-422B-B567-1564C79CEAB3}.Debug|x86.Build.0 = Debug|x86
		{900F434E-7D81-422B-B567-1564C79CEAB3}.dev|Any CPU.ActiveCfg = dev|Any CPU
		{900F434E-7D81-422B-B567-1564C79CEAB3}.dev|Any CPU.Build.0 = dev|Any CPU
		{900F434E-7D81-422B-B567-1564C79CEAB3}.dev|x86.ActiveCfg = dev|x86
		{900F434E-7D81-422B-B567-1564C79CEAB3}.dev|x86.Build.0 = dev|x86
		{900F434E-7D81-422B-B567-1564C79CEAB3}.Kemsa|Any CPU.ActiveCfg = Kemsa|Any CPU
		{900F434E-7D81-422B-B567-1564C79CEAB3}.Kemsa|Any CPU.Build.0 = Kemsa|Any CPU
		{900F434E-7D81-422B-B567-1564C79CEAB3}.Kemsa|x86.ActiveCfg = Kemsa|x86
		{900F434E-7D81-422B-B567-1564C79CEAB3}.Kemsa|x86.Build.0 = Kemsa|x86
		{900F434E-7D81-422B-B567-1564C79CEAB3}.Release|Any CPU.ActiveCfg = Release|Any CPU
		{900F434E-7D81-422B-B567-1564C79CEAB3}.Release|Any CPU.Build.0 = Release|Any CPU
		{900F434E-7D81-422B-B567-1564C79CEAB3}.Release|x86.ActiveCfg = Release|x86
		{900F434E-7D81-422B-B567-1564C79CEAB3}.Release|x86.Build.0 = Release|x86
		{B9EE272B-6D02-47A5-B6F6-D96CB102404E}.Debug|Any CPU.ActiveCfg = Debug|Any CPU
		{B9EE272B-6D02-47A5-B6F6-D96CB102404E}.Debug|Any CPU.Build.0 = Debug|Any CPU
		{B9EE272B-6D02-47A5-B6F6-D96CB102404E}.Debug|x86.ActiveCfg = Debug|x86
		{B9EE272B-6D02-47A5-B6F6-D96CB102404E}.Debug|x86.Build.0 = Debug|x86
		{B9EE272B-6D02-47A5-B6F6-D96CB102404E}.dev|Any CPU.ActiveCfg = dev|Any CPU
		{B9EE272B-6D02-47A5-B6F6-D96CB102404E}.dev|Any CPU.Build.0 = dev|Any CPU
		{B9EE272B-6D02-47A5-B6F6-D96CB102404E}.dev|x86.ActiveCfg = dev|x86
		{B9EE272B-6D02-47A5-B6F6-D96CB102404E}.dev|x86.Build.0 = dev|x86
		{B9EE272B-6D02-47A5-B6F6-D96CB102404E}.Kemsa|Any CPU.ActiveCfg = Kemsa|Any CPU
		{B9EE272B-6D02-47A5-B6F6-D96CB102404E}.Kemsa|Any CPU.Build.0 = Kemsa|Any CPU
		{B9EE272B-6D02-47A5-B6F6-D96CB102404E}.Kemsa|x86.ActiveCfg = Kemsa|x86
		{B9EE272B-6D02-47A5-B6F6-D96CB102404E}.Kemsa|x86.Build.0 = Kemsa|x86
		{B9EE272B-6D02-47A5-B6F6-D96CB102404E}.Release|Any CPU.ActiveCfg = Release|Any CPU
		{B9EE272B-6D02-47A5-B6F6-D96CB102404E}.Release|Any CPU.Build.0 = Release|Any CPU
		{B9EE272B-6D02-47A5-B6F6-D96CB102404E}.Release|x86.ActiveCfg = Release|x86
		{B9EE272B-6D02-47A5-B6F6-D96CB102404E}.Release|x86.Build.0 = Release|x86
		{C29F45A4-3A5B-41E4-9918-A0C1EBE926CC}.Debug|Any CPU.ActiveCfg = Debug|Any CPU
		{C29F45A4-3A5B-41E4-9918-A0C1EBE926CC}.Debug|Any CPU.Build.0 = Debug|Any CPU
		{C29F45A4-3A5B-41E4-9918-A0C1EBE926CC}.Debug|x86.ActiveCfg = Debug|x86
		{C29F45A4-3A5B-41E4-9918-A0C1EBE926CC}.Debug|x86.Build.0 = Debug|x86
		{C29F45A4-3A5B-41E4-9918-A0C1EBE926CC}.dev|Any CPU.ActiveCfg = Debug|Any CPU
		{C29F45A4-3A5B-41E4-9918-A0C1EBE926CC}.dev|Any CPU.Build.0 = Debug|Any CPU
		{C29F45A4-3A5B-41E4-9918-A0C1EBE926CC}.dev|x86.ActiveCfg = Debug|x86
		{C29F45A4-3A5B-41E4-9918-A0C1EBE926CC}.dev|x86.Build.0 = Debug|x86
		{C29F45A4-3A5B-41E4-9918-A0C1EBE926CC}.Kemsa|Any CPU.ActiveCfg = Release|Any CPU
		{C29F45A4-3A5B-41E4-9918-A0C1EBE926CC}.Kemsa|Any CPU.Build.0 = Release|Any CPU
		{C29F45A4-3A5B-41E4-9918-A0C1EBE926CC}.Kemsa|x86.ActiveCfg = Release|x86
		{C29F45A4-3A5B-41E4-9918-A0C1EBE926CC}.Kemsa|x86.Build.0 = Release|x86
		{C29F45A4-3A5B-41E4-9918-A0C1EBE926CC}.Release|Any CPU.ActiveCfg = Release|Any CPU
		{C29F45A4-3A5B-41E4-9918-A0C1EBE926CC}.Release|Any CPU.Build.0 = Release|Any CPU
		{C29F45A4-3A5B-41E4-9918-A0C1EBE926CC}.Release|x86.ActiveCfg = Release|x86
		{C29F45A4-3A5B-41E4-9918-A0C1EBE926CC}.Release|x86.Build.0 = Release|x86
		{8707481D-6E93-4F11-B778-68B5F55CF541}.Debug|Any CPU.ActiveCfg = Debug|Any CPU
		{8707481D-6E93-4F11-B778-68B5F55CF541}.Debug|Any CPU.Build.0 = Debug|Any CPU
		{8707481D-6E93-4F11-B778-68B5F55CF541}.Debug|x86.ActiveCfg = Debug|x86
		{8707481D-6E93-4F11-B778-68B5F55CF541}.Debug|x86.Build.0 = Debug|x86
		{8707481D-6E93-4F11-B778-68B5F55CF541}.dev|Any CPU.ActiveCfg = Debug|Any CPU
		{8707481D-6E93-4F11-B778-68B5F55CF541}.dev|Any CPU.Build.0 = Debug|Any CPU
		{8707481D-6E93-4F11-B778-68B5F55CF541}.dev|x86.ActiveCfg = Debug|x86
		{8707481D-6E93-4F11-B778-68B5F55CF541}.dev|x86.Build.0 = Debug|x86
		{8707481D-6E93-4F11-B778-68B5F55CF541}.Kemsa|Any CPU.ActiveCfg = Release|Any CPU
		{8707481D-6E93-4F11-B778-68B5F55CF541}.Kemsa|Any CPU.Build.0 = Release|Any CPU
		{8707481D-6E93-4F11-B778-68B5F55CF541}.Kemsa|x86.ActiveCfg = Release|x86
		{8707481D-6E93-4F11-B778-68B5F55CF541}.Kemsa|x86.Build.0 = Release|x86
		{8707481D-6E93-4F11-B778-68B5F55CF541}.Release|Any CPU.ActiveCfg = Release|Any CPU
		{8707481D-6E93-4F11-B778-68B5F55CF541}.Release|Any CPU.Build.0 = Release|Any CPU
		{8707481D-6E93-4F11-B778-68B5F55CF541}.Release|x86.ActiveCfg = Release|x86
		{8707481D-6E93-4F11-B778-68B5F55CF541}.Release|x86.Build.0 = Release|x86
		{7FAFA880-4E65-4D41-9229-493372AF7188}.Debug|Any CPU.ActiveCfg = Debug|Any CPU
		{7FAFA880-4E65-4D41-9229-493372AF7188}.Debug|Any CPU.Build.0 = Debug|Any CPU
		{7FAFA880-4E65-4D41-9229-493372AF7188}.Debug|x86.ActiveCfg = Debug|x86
		{7FAFA880-4E65-4D41-9229-493372AF7188}.Debug|x86.Build.0 = Debug|x86
		{7FAFA880-4E65-4D41-9229-493372AF7188}.dev|Any CPU.ActiveCfg = Debug|Any CPU
		{7FAFA880-4E65-4D41-9229-493372AF7188}.dev|Any CPU.Build.0 = Debug|Any CPU
		{7FAFA880-4E65-4D41-9229-493372AF7188}.dev|x86.ActiveCfg = Debug|x86
		{7FAFA880-4E65-4D41-9229-493372AF7188}.dev|x86.Build.0 = Debug|x86
		{7FAFA880-4E65-4D41-9229-493372AF7188}.Kemsa|Any CPU.ActiveCfg = Release|Any CPU
		{7FAFA880-4E65-4D41-9229-493372AF7188}.Kemsa|Any CPU.Build.0 = Release|Any CPU
		{7FAFA880-4E65-4D41-9229-493372AF7188}.Kemsa|x86.ActiveCfg = Release|x86
		{7FAFA880-4E65-4D41-9229-493372AF7188}.Kemsa|x86.Build.0 = Release|x86
		{7FAFA880-4E65-4D41-9229-493372AF7188}.Release|Any CPU.ActiveCfg = Release|Any CPU
		{7FAFA880-4E65-4D41-9229-493372AF7188}.Release|Any CPU.Build.0 = Release|Any CPU
		{7FAFA880-4E65-4D41-9229-493372AF7188}.Release|x86.ActiveCfg = Release|x86
		{7FAFA880-4E65-4D41-9229-493372AF7188}.Release|x86.Build.0 = Release|x86
		{93BFFFFD-89AB-49CC-9233-B313C0733D2A}.Debug|Any CPU.ActiveCfg = Debug|Any CPU
		{93BFFFFD-89AB-49CC-9233-B313C0733D2A}.Debug|Any CPU.Build.0 = Debug|Any CPU
		{93BFFFFD-89AB-49CC-9233-B313C0733D2A}.Debug|x86.ActiveCfg = Debug|Any CPU
		{93BFFFFD-89AB-49CC-9233-B313C0733D2A}.dev|Any CPU.ActiveCfg = Debug|Any CPU
		{93BFFFFD-89AB-49CC-9233-B313C0733D2A}.dev|Any CPU.Build.0 = Debug|Any CPU
		{93BFFFFD-89AB-49CC-9233-B313C0733D2A}.dev|x86.ActiveCfg = Debug|Any CPU
		{93BFFFFD-89AB-49CC-9233-B313C0733D2A}.Kemsa|Any CPU.ActiveCfg = Kemsa|Any CPU
		{93BFFFFD-89AB-49CC-9233-B313C0733D2A}.Kemsa|Any CPU.Build.0 = Kemsa|Any CPU
		{93BFFFFD-89AB-49CC-9233-B313C0733D2A}.Kemsa|x86.ActiveCfg = Kemsa|Any CPU
		{93BFFFFD-89AB-49CC-9233-B313C0733D2A}.Release|Any CPU.ActiveCfg = Release|Any CPU
		{93BFFFFD-89AB-49CC-9233-B313C0733D2A}.Release|Any CPU.Build.0 = Release|Any CPU
		{93BFFFFD-89AB-49CC-9233-B313C0733D2A}.Release|x86.ActiveCfg = Release|Any CPU
		{4EBE2130-CD9E-44CA-96D0-7EE3470DB865}.Debug|Any CPU.ActiveCfg = Debug|Any CPU
		{4EBE2130-CD9E-44CA-96D0-7EE3470DB865}.Debug|Any CPU.Build.0 = Debug|Any CPU
		{4EBE2130-CD9E-44CA-96D0-7EE3470DB865}.Debug|x86.ActiveCfg = Debug|Any CPU
		{4EBE2130-CD9E-44CA-96D0-7EE3470DB865}.dev|Any CPU.ActiveCfg = Debug|Any CPU
		{4EBE2130-CD9E-44CA-96D0-7EE3470DB865}.dev|Any CPU.Build.0 = Debug|Any CPU
		{4EBE2130-CD9E-44CA-96D0-7EE3470DB865}.dev|x86.ActiveCfg = Debug|Any CPU
		{4EBE2130-CD9E-44CA-96D0-7EE3470DB865}.Kemsa|Any CPU.ActiveCfg = Release|Any CPU
		{4EBE2130-CD9E-44CA-96D0-7EE3470DB865}.Kemsa|Any CPU.Build.0 = Release|Any CPU
		{4EBE2130-CD9E-44CA-96D0-7EE3470DB865}.Kemsa|x86.ActiveCfg = Release|Any CPU
		{4EBE2130-CD9E-44CA-96D0-7EE3470DB865}.Release|Any CPU.ActiveCfg = Release|Any CPU
		{4EBE2130-CD9E-44CA-96D0-7EE3470DB865}.Release|Any CPU.Build.0 = Release|Any CPU
		{4EBE2130-CD9E-44CA-96D0-7EE3470DB865}.Release|x86.ActiveCfg = Release|Any CPU
		{7271F6B1-35F0-4C0A-A4CB-3F10D426E37F}.Debug|Any CPU.ActiveCfg = Debug|Any CPU
		{7271F6B1-35F0-4C0A-A4CB-3F10D426E37F}.Debug|Any CPU.Build.0 = Debug|Any CPU
		{7271F6B1-35F0-4C0A-A4CB-3F10D426E37F}.Debug|x86.ActiveCfg = Debug|Any CPU
		{7271F6B1-35F0-4C0A-A4CB-3F10D426E37F}.dev|Any CPU.ActiveCfg = dev|Any CPU
		{7271F6B1-35F0-4C0A-A4CB-3F10D426E37F}.dev|Any CPU.Build.0 = dev|Any CPU
		{7271F6B1-35F0-4C0A-A4CB-3F10D426E37F}.dev|x86.ActiveCfg = dev|Any CPU
		{7271F6B1-35F0-4C0A-A4CB-3F10D426E37F}.Kemsa|Any CPU.ActiveCfg = Kemsa|Any CPU
		{7271F6B1-35F0-4C0A-A4CB-3F10D426E37F}.Kemsa|Any CPU.Build.0 = Kemsa|Any CPU
		{7271F6B1-35F0-4C0A-A4CB-3F10D426E37F}.Kemsa|x86.ActiveCfg = Kemsa|Any CPU
		{7271F6B1-35F0-4C0A-A4CB-3F10D426E37F}.Release|Any CPU.ActiveCfg = Release|Any CPU
		{7271F6B1-35F0-4C0A-A4CB-3F10D426E37F}.Release|Any CPU.Build.0 = Release|Any CPU
		{7271F6B1-35F0-4C0A-A4CB-3F10D426E37F}.Release|x86.ActiveCfg = Release|Any CPU
		{A2BA270C-1228-4415-8C7A-A02E6FA6C686}.Debug|Any CPU.ActiveCfg = Debug|Any CPU
		{A2BA270C-1228-4415-8C7A-A02E6FA6C686}.Debug|Any CPU.Build.0 = Debug|Any CPU
		{A2BA270C-1228-4415-8C7A-A02E6FA6C686}.Debug|x86.ActiveCfg = Debug|Any CPU
		{A2BA270C-1228-4415-8C7A-A02E6FA6C686}.dev|Any CPU.ActiveCfg = Debug|Any CPU
		{A2BA270C-1228-4415-8C7A-A02E6FA6C686}.dev|Any CPU.Build.0 = Debug|Any CPU
		{A2BA270C-1228-4415-8C7A-A02E6FA6C686}.dev|x86.ActiveCfg = Debug|Any CPU
		{A2BA270C-1228-4415-8C7A-A02E6FA6C686}.Kemsa|Any CPU.ActiveCfg = Release|Any CPU
		{A2BA270C-1228-4415-8C7A-A02E6FA6C686}.Kemsa|Any CPU.Build.0 = Release|Any CPU
		{A2BA270C-1228-4415-8C7A-A02E6FA6C686}.Kemsa|x86.ActiveCfg = Release|Any CPU
		{A2BA270C-1228-4415-8C7A-A02E6FA6C686}.Release|Any CPU.ActiveCfg = Release|Any CPU
		{A2BA270C-1228-4415-8C7A-A02E6FA6C686}.Release|Any CPU.Build.0 = Release|Any CPU
		{A2BA270C-1228-4415-8C7A-A02E6FA6C686}.Release|x86.ActiveCfg = Release|Any CPU
		{C6BECE74-FF43-40A8-B80A-F820E5AF7985}.Debug|Any CPU.ActiveCfg = Debug|Any CPU
		{C6BECE74-FF43-40A8-B80A-F820E5AF7985}.Debug|Any CPU.Build.0 = Debug|Any CPU
		{C6BECE74-FF43-40A8-B80A-F820E5AF7985}.Debug|x86.ActiveCfg = Debug|Any CPU
		{C6BECE74-FF43-40A8-B80A-F820E5AF7985}.dev|Any CPU.ActiveCfg = Debug|Any CPU
		{C6BECE74-FF43-40A8-B80A-F820E5AF7985}.dev|Any CPU.Build.0 = Debug|Any CPU
		{C6BECE74-FF43-40A8-B80A-F820E5AF7985}.dev|x86.ActiveCfg = Debug|Any CPU
		{C6BECE74-FF43-40A8-B80A-F820E5AF7985}.Kemsa|Any CPU.ActiveCfg = Release|Any CPU
		{C6BECE74-FF43-40A8-B80A-F820E5AF7985}.Kemsa|Any CPU.Build.0 = Release|Any CPU
		{C6BECE74-FF43-40A8-B80A-F820E5AF7985}.Kemsa|x86.ActiveCfg = Release|Any CPU
		{C6BECE74-FF43-40A8-B80A-F820E5AF7985}.Release|Any CPU.ActiveCfg = Release|Any CPU
		{C6BECE74-FF43-40A8-B80A-F820E5AF7985}.Release|Any CPU.Build.0 = Release|Any CPU
		{C6BECE74-FF43-40A8-B80A-F820E5AF7985}.Release|x86.ActiveCfg = Release|Any CPU
		{B80A58B1-C2BE-41AD-99AC-32A3FE3044B3}.Debug|Any CPU.ActiveCfg = Debug|Any CPU
		{B80A58B1-C2BE-41AD-99AC-32A3FE3044B3}.Debug|Any CPU.Build.0 = Debug|Any CPU
		{B80A58B1-C2BE-41AD-99AC-32A3FE3044B3}.Debug|x86.ActiveCfg = Debug|Any CPU
		{B80A58B1-C2BE-41AD-99AC-32A3FE3044B3}.dev|Any CPU.ActiveCfg = Debug|Any CPU
		{B80A58B1-C2BE-41AD-99AC-32A3FE3044B3}.dev|Any CPU.Build.0 = Debug|Any CPU
		{B80A58B1-C2BE-41AD-99AC-32A3FE3044B3}.dev|x86.ActiveCfg = Debug|Any CPU
		{B80A58B1-C2BE-41AD-99AC-32A3FE3044B3}.Kemsa|Any CPU.ActiveCfg = Release|Any CPU
		{B80A58B1-C2BE-41AD-99AC-32A3FE3044B3}.Kemsa|Any CPU.Build.0 = Release|Any CPU
		{B80A58B1-C2BE-41AD-99AC-32A3FE3044B3}.Kemsa|x86.ActiveCfg = Release|Any CPU
		{B80A58B1-C2BE-41AD-99AC-32A3FE3044B3}.Release|Any CPU.ActiveCfg = Release|Any CPU
		{B80A58B1-C2BE-41AD-99AC-32A3FE3044B3}.Release|Any CPU.Build.0 = Release|Any CPU
		{B80A58B1-C2BE-41AD-99AC-32A3FE3044B3}.Release|x86.ActiveCfg = Release|Any CPU
		{E45005C7-C095-4CEE-9651-88DD3F9A1455}.Debug|Any CPU.ActiveCfg = Debug|Any CPU
		{E45005C7-C095-4CEE-9651-88DD3F9A1455}.Debug|Any CPU.Build.0 = Debug|Any CPU
		{E45005C7-C095-4CEE-9651-88DD3F9A1455}.Debug|x86.ActiveCfg = Debug|Any CPU
		{E45005C7-C095-4CEE-9651-88DD3F9A1455}.dev|Any CPU.ActiveCfg = Debug|Any CPU
		{E45005C7-C095-4CEE-9651-88DD3F9A1455}.dev|Any CPU.Build.0 = Debug|Any CPU
		{E45005C7-C095-4CEE-9651-88DD3F9A1455}.dev|x86.ActiveCfg = Debug|Any CPU
		{E45005C7-C095-4CEE-9651-88DD3F9A1455}.Kemsa|Any CPU.ActiveCfg = Release|Any CPU
		{E45005C7-C095-4CEE-9651-88DD3F9A1455}.Kemsa|Any CPU.Build.0 = Release|Any CPU
		{E45005C7-C095-4CEE-9651-88DD3F9A1455}.Kemsa|x86.ActiveCfg = Release|Any CPU
		{E45005C7-C095-4CEE-9651-88DD3F9A1455}.Release|Any CPU.ActiveCfg = Release|Any CPU
		{E45005C7-C095-4CEE-9651-88DD3F9A1455}.Release|Any CPU.Build.0 = Release|Any CPU
		{E45005C7-C095-4CEE-9651-88DD3F9A1455}.Release|x86.ActiveCfg = Release|Any CPU
		{9F7AF8F4-4A28-4DBD-970F-7CB51EF82824}.Debug|Any CPU.ActiveCfg = Debug|Any CPU
		{9F7AF8F4-4A28-4DBD-970F-7CB51EF82824}.Debug|Any CPU.Build.0 = Debug|Any CPU
		{9F7AF8F4-4A28-4DBD-970F-7CB51EF82824}.Debug|x86.ActiveCfg = Debug|Any CPU
		{9F7AF8F4-4A28-4DBD-970F-7CB51EF82824}.dev|Any CPU.ActiveCfg = Debug|Any CPU
		{9F7AF8F4-4A28-4DBD-970F-7CB51EF82824}.dev|Any CPU.Build.0 = Debug|Any CPU
		{9F7AF8F4-4A28-4DBD-970F-7CB51EF82824}.dev|x86.ActiveCfg = Debug|Any CPU
		{9F7AF8F4-4A28-4DBD-970F-7CB51EF82824}.Kemsa|Any CPU.ActiveCfg = Release|Any CPU
		{9F7AF8F4-4A28-4DBD-970F-7CB51EF82824}.Kemsa|Any CPU.Build.0 = Release|Any CPU
		{9F7AF8F4-4A28-4DBD-970F-7CB51EF82824}.Kemsa|x86.ActiveCfg = Release|Any CPU
		{9F7AF8F4-4A28-4DBD-970F-7CB51EF82824}.Release|Any CPU.ActiveCfg = Release|Any CPU
		{9F7AF8F4-4A28-4DBD-970F-7CB51EF82824}.Release|Any CPU.Build.0 = Release|Any CPU
		{9F7AF8F4-4A28-4DBD-970F-7CB51EF82824}.Release|x86.ActiveCfg = Release|Any CPU
		{C80EBC1A-6040-4F1C-9070-89AFB633D5C7}.Debug|Any CPU.ActiveCfg = Debug|Any CPU
		{C80EBC1A-6040-4F1C-9070-89AFB633D5C7}.Debug|Any CPU.Build.0 = Debug|Any CPU
		{C80EBC1A-6040-4F1C-9070-89AFB633D5C7}.Debug|x86.ActiveCfg = Debug|x86
		{C80EBC1A-6040-4F1C-9070-89AFB633D5C7}.Debug|x86.Build.0 = Debug|x86
		{C80EBC1A-6040-4F1C-9070-89AFB633D5C7}.dev|Any CPU.ActiveCfg = Debug|Any CPU
		{C80EBC1A-6040-4F1C-9070-89AFB633D5C7}.dev|Any CPU.Build.0 = Debug|Any CPU
		{C80EBC1A-6040-4F1C-9070-89AFB633D5C7}.dev|x86.ActiveCfg = Debug|x86
		{C80EBC1A-6040-4F1C-9070-89AFB633D5C7}.dev|x86.Build.0 = Debug|x86
		{C80EBC1A-6040-4F1C-9070-89AFB633D5C7}.Kemsa|Any CPU.ActiveCfg = Release|Any CPU
		{C80EBC1A-6040-4F1C-9070-89AFB633D5C7}.Kemsa|Any CPU.Build.0 = Release|Any CPU
		{C80EBC1A-6040-4F1C-9070-89AFB633D5C7}.Kemsa|x86.ActiveCfg = Release|x86
		{C80EBC1A-6040-4F1C-9070-89AFB633D5C7}.Kemsa|x86.Build.0 = Release|x86
		{C80EBC1A-6040-4F1C-9070-89AFB633D5C7}.Release|Any CPU.ActiveCfg = Release|Any CPU
		{C80EBC1A-6040-4F1C-9070-89AFB633D5C7}.Release|Any CPU.Build.0 = Release|Any CPU
		{C80EBC1A-6040-4F1C-9070-89AFB633D5C7}.Release|x86.ActiveCfg = Release|x86
		{C80EBC1A-6040-4F1C-9070-89AFB633D5C7}.Release|x86.Build.0 = Release|x86
		{600739BB-605B-427F-9923-5EB48AB9B7EB}.Debug|Any CPU.ActiveCfg = Debug|Any CPU
		{600739BB-605B-427F-9923-5EB48AB9B7EB}.Debug|Any CPU.Build.0 = Debug|Any CPU
		{600739BB-605B-427F-9923-5EB48AB9B7EB}.Debug|x86.ActiveCfg = Debug|x86
		{600739BB-605B-427F-9923-5EB48AB9B7EB}.Debug|x86.Build.0 = Debug|x86
		{600739BB-605B-427F-9923-5EB48AB9B7EB}.dev|Any CPU.ActiveCfg = Debug|Any CPU
		{600739BB-605B-427F-9923-5EB48AB9B7EB}.dev|Any CPU.Build.0 = Debug|Any CPU
		{600739BB-605B-427F-9923-5EB48AB9B7EB}.dev|x86.ActiveCfg = Debug|x86
		{600739BB-605B-427F-9923-5EB48AB9B7EB}.dev|x86.Build.0 = Debug|x86
		{600739BB-605B-427F-9923-5EB48AB9B7EB}.Kemsa|Any CPU.ActiveCfg = Release|Any CPU
		{600739BB-605B-427F-9923-5EB48AB9B7EB}.Kemsa|Any CPU.Build.0 = Release|Any CPU
		{600739BB-605B-427F-9923-5EB48AB9B7EB}.Kemsa|x86.ActiveCfg = Release|x86
		{600739BB-605B-427F-9923-5EB48AB9B7EB}.Kemsa|x86.Build.0 = Release|x86
		{600739BB-605B-427F-9923-5EB48AB9B7EB}.Release|Any CPU.ActiveCfg = Release|Any CPU
		{600739BB-605B-427F-9923-5EB48AB9B7EB}.Release|Any CPU.Build.0 = Release|Any CPU
		{600739BB-605B-427F-9923-5EB48AB9B7EB}.Release|x86.ActiveCfg = Release|x86
		{600739BB-605B-427F-9923-5EB48AB9B7EB}.Release|x86.Build.0 = Release|x86
		{9792AC0B-3158-4E88-8846-52A6AA346F44}.Debug|Any CPU.ActiveCfg = Debug|Any CPU
		{9792AC0B-3158-4E88-8846-52A6AA346F44}.Debug|Any CPU.Build.0 = Debug|Any CPU
		{9792AC0B-3158-4E88-8846-52A6AA346F44}.Debug|x86.ActiveCfg = Debug|Any CPU
		{9792AC0B-3158-4E88-8846-52A6AA346F44}.dev|Any CPU.ActiveCfg = Debug|Any CPU
		{9792AC0B-3158-4E88-8846-52A6AA346F44}.dev|Any CPU.Build.0 = Debug|Any CPU
		{9792AC0B-3158-4E88-8846-52A6AA346F44}.dev|x86.ActiveCfg = Debug|Any CPU
		{9792AC0B-3158-4E88-8846-52A6AA346F44}.Kemsa|Any CPU.ActiveCfg = Release|Any CPU
		{9792AC0B-3158-4E88-8846-52A6AA346F44}.Kemsa|Any CPU.Build.0 = Release|Any CPU
		{9792AC0B-3158-4E88-8846-52A6AA346F44}.Kemsa|x86.ActiveCfg = Release|Any CPU
		{9792AC0B-3158-4E88-8846-52A6AA346F44}.Release|Any CPU.ActiveCfg = Release|Any CPU
		{9792AC0B-3158-4E88-8846-52A6AA346F44}.Release|Any CPU.Build.0 = Release|Any CPU
		{9792AC0B-3158-4E88-8846-52A6AA346F44}.Release|x86.ActiveCfg = Release|Any CPU
		{23273E6B-4AFB-4D13-8812-C0F6EA4D41C7}.Debug|Any CPU.ActiveCfg = Debug|Any CPU
		{23273E6B-4AFB-4D13-8812-C0F6EA4D41C7}.Debug|Any CPU.Build.0 = Debug|Any CPU
		{23273E6B-4AFB-4D13-8812-C0F6EA4D41C7}.Debug|x86.ActiveCfg = Debug|Any CPU
		{23273E6B-4AFB-4D13-8812-C0F6EA4D41C7}.dev|Any CPU.ActiveCfg = Debug|Any CPU
		{23273E6B-4AFB-4D13-8812-C0F6EA4D41C7}.dev|Any CPU.Build.0 = Debug|Any CPU
		{23273E6B-4AFB-4D13-8812-C0F6EA4D41C7}.dev|x86.ActiveCfg = Debug|Any CPU
		{23273E6B-4AFB-4D13-8812-C0F6EA4D41C7}.Kemsa|Any CPU.ActiveCfg = Release|Any CPU
		{23273E6B-4AFB-4D13-8812-C0F6EA4D41C7}.Kemsa|Any CPU.Build.0 = Release|Any CPU
		{23273E6B-4AFB-4D13-8812-C0F6EA4D41C7}.Kemsa|x86.ActiveCfg = Release|Any CPU
		{23273E6B-4AFB-4D13-8812-C0F6EA4D41C7}.Release|Any CPU.ActiveCfg = Release|Any CPU
		{23273E6B-4AFB-4D13-8812-C0F6EA4D41C7}.Release|Any CPU.Build.0 = Release|Any CPU
		{23273E6B-4AFB-4D13-8812-C0F6EA4D41C7}.Release|x86.ActiveCfg = Release|Any CPU
		{A29A6695-79EC-40B6-9393-99B9507117E3}.Debug|Any CPU.ActiveCfg = Debug|Any CPU
		{A29A6695-79EC-40B6-9393-99B9507117E3}.Debug|Any CPU.Build.0 = Debug|Any CPU
		{A29A6695-79EC-40B6-9393-99B9507117E3}.Debug|x86.ActiveCfg = Debug|Any CPU
		{A29A6695-79EC-40B6-9393-99B9507117E3}.dev|Any CPU.ActiveCfg = Debug|Any CPU
		{A29A6695-79EC-40B6-9393-99B9507117E3}.dev|Any CPU.Build.0 = Debug|Any CPU
		{A29A6695-79EC-40B6-9393-99B9507117E3}.dev|x86.ActiveCfg = Debug|Any CPU
		{A29A6695-79EC-40B6-9393-99B9507117E3}.Kemsa|Any CPU.ActiveCfg = Release|Any CPU
		{A29A6695-79EC-40B6-9393-99B9507117E3}.Kemsa|Any CPU.Build.0 = Release|Any CPU
		{A29A6695-79EC-40B6-9393-99B9507117E3}.Kemsa|x86.ActiveCfg = Release|Any CPU
		{A29A6695-79EC-40B6-9393-99B9507117E3}.Release|Any CPU.ActiveCfg = Release|Any CPU
		{A29A6695-79EC-40B6-9393-99B9507117E3}.Release|Any CPU.Build.0 = Release|Any CPU
		{A29A6695-79EC-40B6-9393-99B9507117E3}.Release|x86.ActiveCfg = Release|Any CPU
		{72EDEBE6-766B-4255-BCF6-E042C316B993}.Debug|Any CPU.ActiveCfg = Debug|Any CPU
		{72EDEBE6-766B-4255-BCF6-E042C316B993}.Debug|Any CPU.Build.0 = Debug|Any CPU
		{72EDEBE6-766B-4255-BCF6-E042C316B993}.Debug|x86.ActiveCfg = Debug|Any CPU
		{72EDEBE6-766B-4255-BCF6-E042C316B993}.dev|Any CPU.ActiveCfg = Debug|Any CPU
		{72EDEBE6-766B-4255-BCF6-E042C316B993}.dev|Any CPU.Build.0 = Debug|Any CPU
		{72EDEBE6-766B-4255-BCF6-E042C316B993}.dev|x86.ActiveCfg = Debug|Any CPU
		{72EDEBE6-766B-4255-BCF6-E042C316B993}.Kemsa|Any CPU.ActiveCfg = Release|Any CPU
		{72EDEBE6-766B-4255-BCF6-E042C316B993}.Kemsa|Any CPU.Build.0 = Release|Any CPU
		{72EDEBE6-766B-4255-BCF6-E042C316B993}.Kemsa|x86.ActiveCfg = Release|Any CPU
		{72EDEBE6-766B-4255-BCF6-E042C316B993}.Release|Any CPU.ActiveCfg = Release|Any CPU
		{72EDEBE6-766B-4255-BCF6-E042C316B993}.Release|Any CPU.Build.0 = Release|Any CPU
		{72EDEBE6-766B-4255-BCF6-E042C316B993}.Release|x86.ActiveCfg = Release|Any CPU
	EndGlobalSection
	GlobalSection(SolutionProperties) = preSolution
		HideSolutionNode = FALSE
	EndGlobalSection
	GlobalSection(NestedProjects) = preSolution
		{D3D60175-1436-487B-98F0-1671FB5C37DC} = {46B264A8-B9CC-4514-B24D-4E2059761A51}
		{900F434E-7D81-422B-B567-1564C79CEAB3} = {46B264A8-B9CC-4514-B24D-4E2059761A51}
		{B9EE272B-6D02-47A5-B6F6-D96CB102404E} = {46B264A8-B9CC-4514-B24D-4E2059761A51}
		{C29F45A4-3A5B-41E4-9918-A0C1EBE926CC} = {46B264A8-B9CC-4514-B24D-4E2059761A51}
		{8707481D-6E93-4F11-B778-68B5F55CF541} = {46B264A8-B9CC-4514-B24D-4E2059761A51}
		{7FAFA880-4E65-4D41-9229-493372AF7188} = {46B264A8-B9CC-4514-B24D-4E2059761A51}
		{93BFFFFD-89AB-49CC-9233-B313C0733D2A} = {46B264A8-B9CC-4514-B24D-4E2059761A51}
		{4EBE2130-CD9E-44CA-96D0-7EE3470DB865} = {46B264A8-B9CC-4514-B24D-4E2059761A51}
		{7271F6B1-35F0-4C0A-A4CB-3F10D426E37F} = {46B264A8-B9CC-4514-B24D-4E2059761A51}
		{A2BA270C-1228-4415-8C7A-A02E6FA6C686} = {3BE40714-C40A-4115-9967-EEE9DACC633E}
		{C6BECE74-FF43-40A8-B80A-F820E5AF7985} = {46B264A8-B9CC-4514-B24D-4E2059761A51}
		{B80A58B1-C2BE-41AD-99AC-32A3FE3044B3} = {A9CBE4E9-A05A-40D0-9077-38B00BB6C244}
		{E45005C7-C095-4CEE-9651-88DD3F9A1455} = {965669F1-B3F0-4363-A0FD-A1FB67AA5859}
		{9F7AF8F4-4A28-4DBD-970F-7CB51EF82824} = {965669F1-B3F0-4363-A0FD-A1FB67AA5859}
		{C80EBC1A-6040-4F1C-9070-89AFB633D5C7} = {7C355558-A9CC-4CB1-A9FE-21028BDED49E}
		{600739BB-605B-427F-9923-5EB48AB9B7EB} = {7C355558-A9CC-4CB1-A9FE-21028BDED49E}
		{B8813C4E-31BF-4FAB-9299-3878CB378583} = {CAEDD3B5-1B30-4238-BEBA-A41C4AE4AC18}
		{9792AC0B-3158-4E88-8846-52A6AA346F44} = {B8813C4E-31BF-4FAB-9299-3878CB378583}
		{23273E6B-4AFB-4D13-8812-C0F6EA4D41C7} = {B8813C4E-31BF-4FAB-9299-3878CB378583}
		{A29A6695-79EC-40B6-9393-99B9507117E3} = {CF13F250-99C4-4AF3-8C76-E36982722786}
		{72EDEBE6-766B-4255-BCF6-E042C316B993} = {CF13F250-99C4-4AF3-8C76-E36982722786}
	EndGlobalSection
EndGlobal
